
Microsoft Visual Studio Solution File, Format Version 12.00
# Visual Studio 15
VisualStudioVersion = 15.0.26124.0
MinimumVisualStudioVersion = 15.0.26124.0
Project("{FAE04EC0-301F-11D3-BF4B-00C04F79EFBC}") = "Penguin.Cms.Modules.Images.Local", "Penguin.Cms.Modules.Images.Local.csproj", "{F6FA73BF-0892-428A-8734-5A60507E7737}"
EndProject
Project("{FAE04EC0-301F-11D3-BF4B-00C04F79EFBC}") = "Penguin.Cms.Files.Local", "..\Penguin.Cms.Files\Penguin.Cms.Files.Local.csproj", "{90D6A305-0733-4145-BBE5-1785D56B30CC}"
EndProject
Project("{FAE04EC0-301F-11D3-BF4B-00C04F79EFBC}") = "Penguin.Files.Abstractions.Local", "..\Penguin.Files.Abstractions\Penguin.Files.Abstractions.Local.csproj", "{34D4E6DF-DB4E-46BD-A953-12ADA1F97FA3}"
EndProject
Project("{FAE04EC0-301F-11D3-BF4B-00C04F79EFBC}") = "Penguin.Cms.Entities.Local", "..\Penguin.Cms.Entities\Penguin.Cms.Entities.Local.csproj", "{8B9FDC2B-3B8E-40BF-AEFA-0C21FDED7E6A}"
EndProject
Project("{FAE04EC0-301F-11D3-BF4B-00C04F79EFBC}") = "Penguin.Persistence.Abstractions.Local", "..\Penguin.Persistence.Abstractions\Penguin.Persistence.Abstractions.Local.csproj", "{2FC32BD3-93E4-49B4-B56F-F9F93A9E8F6D}"
EndProject
Project("{FAE04EC0-301F-11D3-BF4B-00C04F79EFBC}") = "Penguin.Entities.Abstractions.Local", "..\Penguin.Entities.Abstractions\Penguin.Entities.Abstractions.Local.csproj", "{D5E1AEA3-B2E1-41E5-BBEB-375C033918C1}"
EndProject
Project("{FAE04EC0-301F-11D3-BF4B-00C04F79EFBC}") = "Penguin.Reflection.Extensions.Local", "..\Penguin.Reflection.Extensions\Penguin.Reflection.Extensions.Local.csproj", "{E9BD9559-0307-4D87-9575-704435766CB6}"
EndProject
Project("{FAE04EC0-301F-11D3-BF4B-00C04F79EFBC}") = "Penguin.Reflection.Abstractions.Local", "..\Penguin.Reflection.Abstractions\Penguin.Reflection.Abstractions.Local.csproj", "{D4B67E47-6BC2-4299-B010-C358854AFBD9}"
EndProject
Project("{FAE04EC0-301F-11D3-BF4B-00C04F79EFBC}") = "Penguin.Extensions.String.Local", "..\Penguin.Extensions.String\Penguin.Extensions.String.Local.csproj", "{BFFD8B8B-FAAD-4B84-A2E2-5F63B8CD35E3}"
EndProject
Project("{FAE04EC0-301F-11D3-BF4B-00C04F79EFBC}") = "Penguin.Cms.Images.Repositories.Local", "..\Penguin.Cms.Images.Repositories\Penguin.Cms.Images.Repositories.Local.csproj", "{DB0011EE-72FD-476C-9331-3D5A6B08F39F}"
EndProject
Project("{FAE04EC0-301F-11D3-BF4B-00C04F79EFBC}") = "Penguin.Security.Abstractions.Local", "..\Penguin.Security.Abstractions\Penguin.Security.Abstractions.Local.csproj", "{355DCDFD-7CE8-4042-80F5-6F1BB11B3A56}"
EndProject
Project("{FAE04EC0-301F-11D3-BF4B-00C04F79EFBC}") = "Penguin.Cms.Repositories.Local", "..\Penguin.Cms.Repositories\Penguin.Cms.Repositories.Local.csproj", "{39746A6C-FCA8-4E50-A2AC-601568AA4A96}"
EndProject
Project("{FAE04EC0-301F-11D3-BF4B-00C04F79EFBC}") = "Penguin.Persistence.Repositories.Local", "..\Penguin.Persistence.Repositories\Penguin.Persistence.Repositories.Local.csproj", "{0C726E6A-A766-4D95-9504-FE06AFC7D88C}"
EndProject
Project("{FAE04EC0-301F-11D3-BF4B-00C04F79EFBC}") = "Penguin.Messaging.Core.Local", "..\Penguin.Messaging.Core\Penguin.Messaging.Core.Local.csproj", "{3D8374A2-BFE6-49DD-AD8B-0E2FFDCCC532}"
EndProject
Project("{FAE04EC0-301F-11D3-BF4B-00C04F79EFBC}") = "Penguin.Debugging.Local", "..\Penguin.Debugging\Penguin.Debugging.Local.csproj", "{1FB79016-F00C-4A77-9B9F-D33B782E3BF6}"
EndProject
Project("{FAE04EC0-301F-11D3-BF4B-00C04F79EFBC}") = "Penguin.Extensions.Exceptions.Local", "..\Penguin.Extensions.Exceptions\Penguin.Extensions.Exceptions.Local.csproj", "{40E811D6-16DE-4366-A201-24B8BB14D583}"
EndProject
Project("{FAE04EC0-301F-11D3-BF4B-00C04F79EFBC}") = "Penguin.Messaging.Abstractions.Local", "..\Penguin.Messaging.Abstractions\Penguin.Messaging.Abstractions.Local.csproj", "{4E22F341-E014-485B-9D0C-F12CEFD2195C}"
EndProject
Project("{FAE04EC0-301F-11D3-BF4B-00C04F79EFBC}") = "Penguin.Reflection.Local", "..\Penguin.Reflection\Penguin.Reflection.Local.csproj", "{AD9DA5DA-04AA-474C-9489-7007F42A6338}"
EndProject
Project("{FAE04EC0-301F-11D3-BF4B-00C04F79EFBC}") = "Penguin.DependencyInjection.Abstractions.Local", "..\Penguin.DependencyInjection.Abstractions\Penguin.DependencyInjection.Abstractions.Local.csproj", "{AFB8D449-C4C3-43E2-B9B3-394AA1A52F30}"
EndProject
Project("{FAE04EC0-301F-11D3-BF4B-00C04F79EFBC}") = "Penguin.Messaging.Persistence.Local", "..\Penguin.Messaging.Persistence\Penguin.Messaging.Persistence.Local.csproj", "{0F6FFB9F-0EDB-40FA-9251-5A1C9E4E4CAF}"
EndProject
Project("{FAE04EC0-301F-11D3-BF4B-00C04F79EFBC}") = "Penguin.Cms.Images.Local", "..\Penguin.Cms.Images\Penguin.Cms.Images.Local.csproj", "{76F466E6-09A7-4B9D-80CE-2E7E0F861DAF}"
EndProject
Project("{FAE04EC0-301F-11D3-BF4B-00C04F79EFBC}") = "Penguin.Images.Local", "..\Penguin.Images\Penguin.Images.Local.csproj", "{C054979B-8606-4ED7-92EF-F65E981D07E5}"
EndProject
Project("{FAE04EC0-301F-11D3-BF4B-00C04F79EFBC}") = "Penguin.Web.Data.Local", "..\Penguin.Web.Data\Penguin.Web.Data.Local.csproj", "{69E362E7-77EC-4DDF-9519-1BE276E0E4E4}"
EndProject
Project("{FAE04EC0-301F-11D3-BF4B-00C04F79EFBC}") = "Penguin.Cms.Modules.Dynamic.Local", "..\Penguin.Cms.Modules.Dynamic\Penguin.Cms.Modules.Dynamic.Local.csproj", "{4E2DF6FB-D97B-4CA0-9921-A191BA996303}"
EndProject
Project("{FAE04EC0-301F-11D3-BF4B-00C04F79EFBC}") = "Penguin.Json.Local", "..\Penguin.Json\Penguin.Json.Local.csproj", "{FD2C75AE-110D-411C-8E2B-9D80F4E0B51D}"
EndProject
Project("{FAE04EC0-301F-11D3-BF4B-00C04F79EFBC}") = "Penguin.Json.Abstractions.Local", "..\Penguin.Json.Abstractions\Penguin.Json.Abstractions.Local.csproj", "{5D968178-350C-472D-8660-8948BCB33E5D}"
EndProject
Project("{FAE04EC0-301F-11D3-BF4B-00C04F79EFBC}") = "Penguin.SystemExtensions.Abstractions.Local", "..\Penguin.SystemExtensions.Abstractions\Penguin.SystemExtensions.Abstractions.Local.csproj", "{322CBF69-8BC6-4713-8AF6-95991CF61EA1}"
EndProject
Project("{FAE04EC0-301F-11D3-BF4B-00C04F79EFBC}") = "Penguin.Shared.Objects.Local", "..\Penguin.Shared.Objects\Penguin.Shared.Objects.Local.csproj", "{56230B3B-7E76-489C-8ABC-4E40BC046B0F}"
EndProject
Project("{FAE04EC0-301F-11D3-BF4B-00C04F79EFBC}") = "Penguin.Cms.Errors.Local", "..\Penguin.Cms.Errors\Penguin.Cms.Errors.Local.csproj", "{F3687D10-2C1A-41E2-8BB7-BD7EE0FC7A2F}"
EndProject
Project("{FAE04EC0-301F-11D3-BF4B-00C04F79EFBC}") = "Penguin.Auditing.Abstractions.Local", "..\Penguin.Auditing.Abstractions\Penguin.Auditing.Abstractions.Local.csproj", "{85B14E58-1368-46A8-8409-7328B648975F}"
EndProject
Project("{FAE04EC0-301F-11D3-BF4B-00C04F79EFBC}") = "Penguin.Web.Dynamic.Local", "..\Penguin.Web.Dynamic\Penguin.Web.Dynamic.Local.csproj", "{B81C560E-14D1-4CC3-BC91-8E403BD8263C}"
EndProject
Project("{FAE04EC0-301F-11D3-BF4B-00C04F79EFBC}") = "Penguin.Extensions.Collections.Local", "..\Penguin.Extensions.Collections\Penguin.Extensions.Collections.Local.csproj", "{D69648BB-197C-4CC0-8692-7F06429D811F}"
EndProject
Project("{FAE04EC0-301F-11D3-BF4B-00C04F79EFBC}") = "Penguin.Reflection.Serialization.Local", "..\Penguin.Reflection.Serialization\Penguin.Reflection.Serialization.Local.csproj", "{CF120EC1-B89F-4080-ABBC-5CF62566438C}"
EndProject
Project("{FAE04EC0-301F-11D3-BF4B-00C04F79EFBC}") = "Penguin.Reflection.Serialization.Abstractions.Local", "..\Penguin.Reflection.Serialization.Abstractions\Penguin.Reflection.Serialization.Abstractions.Local.csproj", "{0A3DC301-AFEC-4F65-A40B-00C7EC92BF65}"
EndProject
Project("{FAE04EC0-301F-11D3-BF4B-00C04F79EFBC}") = "Penguin.Cms.Modules.Admin.Local", "..\Penguin.Cms.Modules.Admin\Penguin.Cms.Modules.Admin.Local.csproj", "{1AB594DA-EF06-47E4-86A3-2861D28D11A2}"
EndProject
Project("{FAE04EC0-301F-11D3-BF4B-00C04F79EFBC}") = "Penguin.Web.Security.Local", "..\Penguin.Web.Security\Penguin.Web.Security.Local.csproj", "{685655F9-E163-482F-B958-230EBF02BA1C}"
EndProject
Project("{FAE04EC0-301F-11D3-BF4B-00C04F79EFBC}") = "Penguin.Cms.Modules.Core.Local", "..\Penguin.Cms.Modules.Core\Penguin.Cms.Modules.Core.Local.csproj", "{DD1B1C3E-164D-434C-94CB-0E1E1C3BEBD4}"
EndProject
Project("{FAE04EC0-301F-11D3-BF4B-00C04F79EFBC}") = "Penguin.Navigation.Abstractions.Local", "..\Penguin.Navigation.Abstractions\Penguin.Navigation.Abstractions.Local.csproj", "{4A555537-BE0D-4CEF-8DC2-C06D1A11BBA2}"
EndProject
Project("{FAE04EC0-301F-11D3-BF4B-00C04F79EFBC}") = "Penguin.Cms.Core.Local", "..\Penguin.Cms.Core\Penguin.Cms.Core.Local.csproj", "{41DFCF63-54EA-4F18-85BE-E041DC173D36}"
EndProject
Project("{FAE04EC0-301F-11D3-BF4B-00C04F79EFBC}") = "Penguin.Cms.Abstractions.Local", "..\Penguin.Cms.Abstractions\Penguin.Cms.Abstractions.Local.csproj", "{A0EA97DB-6E01-4995-B3EE-8238D2BA0D80}"
EndProject
Project("{FAE04EC0-301F-11D3-BF4B-00C04F79EFBC}") = "Penguin.Cms.Web.Local", "..\Penguin.Cms.Web\Penguin.Cms.Web.Local.csproj", "{B28F33BB-ED2F-44A3-BB1A-45D68E6DBB1E}"
EndProject
Project("{FAE04EC0-301F-11D3-BF4B-00C04F79EFBC}") = "Penguin.Messaging.Application.Local", "..\Penguin.Messaging.Application\Penguin.Messaging.Application.Local.csproj", "{26051169-7B70-4A91-B909-A2FB0041D134}"
EndProject
Project("{FAE04EC0-301F-11D3-BF4B-00C04F79EFBC}") = "Penguin.Web.Mvc.Local", "..\Penguin.Web.Mvc\Penguin.Web.Mvc.Local.csproj", "{708886B7-3EAB-49AB-BCBE-E5A56C9CBEB5}"
EndProject
Project("{FAE04EC0-301F-11D3-BF4B-00C04F79EFBC}") = "Penguin.Web.Mvc.Abstractions.Local", "..\Penguin.Web.Mvc.Abstractions\Penguin.Web.Mvc.Abstractions.Local.csproj", "{9978AD5B-5533-4675-9B8B-80B44CB8E8B1}"
EndProject
Project("{FAE04EC0-301F-11D3-BF4B-00C04F79EFBC}") = "Penguin.Templating.Abstractions.Local", "..\Penguin.Templating.Abstractions\Penguin.Templating.Abstractions.Local.csproj", "{0D6FFEBC-B4E1-41B3-B62C-B776C1A0F319}"
EndProject
Project("{FAE04EC0-301F-11D3-BF4B-00C04F79EFBC}") = "Penguin.Testing.Local", "..\Penguin.Testing\Penguin.Testing.Local.csproj", "{649B6329-EAFA-48F0-801F-F29DB99217A7}"
EndProject
Project("{FAE04EC0-301F-11D3-BF4B-00C04F79EFBC}") = "Penguin.Web.Errors.Local", "..\Penguin.Web.Errors\Penguin.Web.Errors.Local.csproj", "{A1070E64-E523-49C7-9DE6-66E0DA81581C}"
EndProject
Project("{FAE04EC0-301F-11D3-BF4B-00C04F79EFBC}") = "Penguin.Web.Abstractions.Local", "..\Penguin.Web.Abstractions\Penguin.Web.Abstractions.Local.csproj", "{D0910460-83FE-46AE-A379-636271B54137}"
EndProject
Project("{FAE04EC0-301F-11D3-BF4B-00C04F79EFBC}") = "Penguin.Web.DependencyInjection.Local", "..\Penguin.Web.DependencyInjection\Penguin.Web.DependencyInjection.Local.csproj", "{0CB6830B-6CE5-4FE8-842A-A146D267EDF5}"
EndProject
Project("{FAE04EC0-301F-11D3-BF4B-00C04F79EFBC}") = "Penguin.Web.Testing.Local", "..\Penguin.Web.Testing\Penguin.Web.Testing.Local.csproj", "{00AE561A-144F-46C2-9695-2E0A467AD86D}"
EndProject
Project("{FAE04EC0-301F-11D3-BF4B-00C04F79EFBC}") = "Penguin.DependencyInjection.Local", "..\Penguin.DependencyInjection\Penguin.DependencyInjection.Local.csproj", "{56A0E286-FC54-4164-877B-8CDB438A89C5}"
EndProject
Project("{FAE04EC0-301F-11D3-BF4B-00C04F79EFBC}") = "Penguin.Configuration.Local", "..\Penguin.Configuration\Penguin.Configuration.Local.csproj", "{C0ED9BCA-DDE0-4569-809C-90778685DF06}"
EndProject
Project("{FAE04EC0-301F-11D3-BF4B-00C04F79EFBC}") = "Penguin.Configuration.Abstractions.Local", "..\Penguin.Configuration.Abstractions\Penguin.Configuration.Abstractions.Local.csproj", "{48AC4440-9AF9-4C5C-8A35-C856FB2080F7}"
EndProject
Project("{FAE04EC0-301F-11D3-BF4B-00C04F79EFBC}") = "Penguin.Persistence.Database.Local", "..\Penguin.Persistence.Database\Penguin.Persistence.Database.Local.csproj", "{6ED32F74-F547-4658-B38A-31C0E81CC76C}"
EndProject
Project("{FAE04EC0-301F-11D3-BF4B-00C04F79EFBC}") = "Penguin.Threading.BackgroundWorker.Local", "..\Penguin.Threading.BackgroundWorker\Penguin.Threading.BackgroundWorker.Local.csproj", "{656EBBC4-5EE7-4B65-96C3-C34F2161CF78}"
EndProject
Project("{FAE04EC0-301F-11D3-BF4B-00C04F79EFBC}") = "Penguin.Files.Local", "..\Penguin.Files\Penguin.Files.Local.csproj", "{5C34AA20-7D22-4DA0-9E1F-964FF59D3A69}"
EndProject
Project("{FAE04EC0-301F-11D3-BF4B-00C04F79EFBC}") = "Penguin.Reflection.Serialization.Extensions.Local", "..\Penguin.Reflection.Serialization.Extensions\Penguin.Reflection.Serialization.Extensions.Local.csproj", "{46822A3C-E64F-4866-B713-E33C238A8CD7}"
EndProject
Global
	GlobalSection(SolutionConfigurationPlatforms) = preSolution
		Debug|Any CPU = Debug|Any CPU
		Debug|x64 = Debug|x64
		Debug|x86 = Debug|x86
		Release|Any CPU = Release|Any CPU
		Release|x64 = Release|x64
		Release|x86 = Release|x86
	EndGlobalSection
	GlobalSection(SolutionProperties) = preSolution
		HideSolutionNode = FALSE
	EndGlobalSection
	GlobalSection(ProjectConfigurationPlatforms) = postSolution
		{F6FA73BF-0892-428A-8734-5A60507E7737}.Debug|Any CPU.ActiveCfg = Debug|Any CPU
		{F6FA73BF-0892-428A-8734-5A60507E7737}.Debug|Any CPU.Build.0 = Debug|Any CPU
		{F6FA73BF-0892-428A-8734-5A60507E7737}.Debug|x64.ActiveCfg = Debug|Any CPU
		{F6FA73BF-0892-428A-8734-5A60507E7737}.Debug|x64.Build.0 = Debug|Any CPU
		{F6FA73BF-0892-428A-8734-5A60507E7737}.Debug|x86.ActiveCfg = Debug|Any CPU
		{F6FA73BF-0892-428A-8734-5A60507E7737}.Debug|x86.Build.0 = Debug|Any CPU
		{F6FA73BF-0892-428A-8734-5A60507E7737}.Release|Any CPU.ActiveCfg = Release|Any CPU
		{F6FA73BF-0892-428A-8734-5A60507E7737}.Release|Any CPU.Build.0 = Release|Any CPU
		{F6FA73BF-0892-428A-8734-5A60507E7737}.Release|x64.ActiveCfg = Release|Any CPU
		{F6FA73BF-0892-428A-8734-5A60507E7737}.Release|x64.Build.0 = Release|Any CPU
		{F6FA73BF-0892-428A-8734-5A60507E7737}.Release|x86.ActiveCfg = Release|Any CPU
		{F6FA73BF-0892-428A-8734-5A60507E7737}.Release|x86.Build.0 = Release|Any CPU
		{90D6A305-0733-4145-BBE5-1785D56B30CC}.Debug|Any CPU.ActiveCfg = Debug|Any CPU
		{90D6A305-0733-4145-BBE5-1785D56B30CC}.Debug|Any CPU.Build.0 = Debug|Any CPU
		{90D6A305-0733-4145-BBE5-1785D56B30CC}.Debug|x64.ActiveCfg = Debug|Any CPU
		{90D6A305-0733-4145-BBE5-1785D56B30CC}.Debug|x64.Build.0 = Debug|Any CPU
		{90D6A305-0733-4145-BBE5-1785D56B30CC}.Debug|x86.ActiveCfg = Debug|Any CPU
		{90D6A305-0733-4145-BBE5-1785D56B30CC}.Debug|x86.Build.0 = Debug|Any CPU
		{90D6A305-0733-4145-BBE5-1785D56B30CC}.Release|Any CPU.ActiveCfg = Release|Any CPU
		{90D6A305-0733-4145-BBE5-1785D56B30CC}.Release|Any CPU.Build.0 = Release|Any CPU
		{90D6A305-0733-4145-BBE5-1785D56B30CC}.Release|x64.ActiveCfg = Release|Any CPU
		{90D6A305-0733-4145-BBE5-1785D56B30CC}.Release|x64.Build.0 = Release|Any CPU
		{90D6A305-0733-4145-BBE5-1785D56B30CC}.Release|x86.ActiveCfg = Release|Any CPU
		{90D6A305-0733-4145-BBE5-1785D56B30CC}.Release|x86.Build.0 = Release|Any CPU
		{34D4E6DF-DB4E-46BD-A953-12ADA1F97FA3}.Debug|Any CPU.ActiveCfg = Debug|Any CPU
		{34D4E6DF-DB4E-46BD-A953-12ADA1F97FA3}.Debug|Any CPU.Build.0 = Debug|Any CPU
		{34D4E6DF-DB4E-46BD-A953-12ADA1F97FA3}.Debug|x64.ActiveCfg = Debug|Any CPU
		{34D4E6DF-DB4E-46BD-A953-12ADA1F97FA3}.Debug|x64.Build.0 = Debug|Any CPU
		{34D4E6DF-DB4E-46BD-A953-12ADA1F97FA3}.Debug|x86.ActiveCfg = Debug|Any CPU
		{34D4E6DF-DB4E-46BD-A953-12ADA1F97FA3}.Debug|x86.Build.0 = Debug|Any CPU
		{34D4E6DF-DB4E-46BD-A953-12ADA1F97FA3}.Release|Any CPU.ActiveCfg = Release|Any CPU
		{34D4E6DF-DB4E-46BD-A953-12ADA1F97FA3}.Release|Any CPU.Build.0 = Release|Any CPU
		{34D4E6DF-DB4E-46BD-A953-12ADA1F97FA3}.Release|x64.ActiveCfg = Release|Any CPU
		{34D4E6DF-DB4E-46BD-A953-12ADA1F97FA3}.Release|x64.Build.0 = Release|Any CPU
		{34D4E6DF-DB4E-46BD-A953-12ADA1F97FA3}.Release|x86.ActiveCfg = Release|Any CPU
		{34D4E6DF-DB4E-46BD-A953-12ADA1F97FA3}.Release|x86.Build.0 = Release|Any CPU
		{8B9FDC2B-3B8E-40BF-AEFA-0C21FDED7E6A}.Debug|Any CPU.ActiveCfg = Debug|Any CPU
		{8B9FDC2B-3B8E-40BF-AEFA-0C21FDED7E6A}.Debug|Any CPU.Build.0 = Debug|Any CPU
		{8B9FDC2B-3B8E-40BF-AEFA-0C21FDED7E6A}.Debug|x64.ActiveCfg = Debug|Any CPU
		{8B9FDC2B-3B8E-40BF-AEFA-0C21FDED7E6A}.Debug|x64.Build.0 = Debug|Any CPU
		{8B9FDC2B-3B8E-40BF-AEFA-0C21FDED7E6A}.Debug|x86.ActiveCfg = Debug|Any CPU
		{8B9FDC2B-3B8E-40BF-AEFA-0C21FDED7E6A}.Debug|x86.Build.0 = Debug|Any CPU
		{8B9FDC2B-3B8E-40BF-AEFA-0C21FDED7E6A}.Release|Any CPU.ActiveCfg = Release|Any CPU
		{8B9FDC2B-3B8E-40BF-AEFA-0C21FDED7E6A}.Release|Any CPU.Build.0 = Release|Any CPU
		{8B9FDC2B-3B8E-40BF-AEFA-0C21FDED7E6A}.Release|x64.ActiveCfg = Release|Any CPU
		{8B9FDC2B-3B8E-40BF-AEFA-0C21FDED7E6A}.Release|x64.Build.0 = Release|Any CPU
		{8B9FDC2B-3B8E-40BF-AEFA-0C21FDED7E6A}.Release|x86.ActiveCfg = Release|Any CPU
		{8B9FDC2B-3B8E-40BF-AEFA-0C21FDED7E6A}.Release|x86.Build.0 = Release|Any CPU
		{2FC32BD3-93E4-49B4-B56F-F9F93A9E8F6D}.Debug|Any CPU.ActiveCfg = Debug|Any CPU
		{2FC32BD3-93E4-49B4-B56F-F9F93A9E8F6D}.Debug|Any CPU.Build.0 = Debug|Any CPU
		{2FC32BD3-93E4-49B4-B56F-F9F93A9E8F6D}.Debug|x64.ActiveCfg = Debug|Any CPU
		{2FC32BD3-93E4-49B4-B56F-F9F93A9E8F6D}.Debug|x64.Build.0 = Debug|Any CPU
		{2FC32BD3-93E4-49B4-B56F-F9F93A9E8F6D}.Debug|x86.ActiveCfg = Debug|Any CPU
		{2FC32BD3-93E4-49B4-B56F-F9F93A9E8F6D}.Debug|x86.Build.0 = Debug|Any CPU
		{2FC32BD3-93E4-49B4-B56F-F9F93A9E8F6D}.Release|Any CPU.ActiveCfg = Release|Any CPU
		{2FC32BD3-93E4-49B4-B56F-F9F93A9E8F6D}.Release|Any CPU.Build.0 = Release|Any CPU
		{2FC32BD3-93E4-49B4-B56F-F9F93A9E8F6D}.Release|x64.ActiveCfg = Release|Any CPU
		{2FC32BD3-93E4-49B4-B56F-F9F93A9E8F6D}.Release|x64.Build.0 = Release|Any CPU
		{2FC32BD3-93E4-49B4-B56F-F9F93A9E8F6D}.Release|x86.ActiveCfg = Release|Any CPU
		{2FC32BD3-93E4-49B4-B56F-F9F93A9E8F6D}.Release|x86.Build.0 = Release|Any CPU
		{D5E1AEA3-B2E1-41E5-BBEB-375C033918C1}.Debug|Any CPU.ActiveCfg = Debug|Any CPU
		{D5E1AEA3-B2E1-41E5-BBEB-375C033918C1}.Debug|Any CPU.Build.0 = Debug|Any CPU
		{D5E1AEA3-B2E1-41E5-BBEB-375C033918C1}.Debug|x64.ActiveCfg = Debug|Any CPU
		{D5E1AEA3-B2E1-41E5-BBEB-375C033918C1}.Debug|x64.Build.0 = Debug|Any CPU
		{D5E1AEA3-B2E1-41E5-BBEB-375C033918C1}.Debug|x86.ActiveCfg = Debug|Any CPU
		{D5E1AEA3-B2E1-41E5-BBEB-375C033918C1}.Debug|x86.Build.0 = Debug|Any CPU
		{D5E1AEA3-B2E1-41E5-BBEB-375C033918C1}.Release|Any CPU.ActiveCfg = Release|Any CPU
		{D5E1AEA3-B2E1-41E5-BBEB-375C033918C1}.Release|Any CPU.Build.0 = Release|Any CPU
		{D5E1AEA3-B2E1-41E5-BBEB-375C033918C1}.Release|x64.ActiveCfg = Release|Any CPU
		{D5E1AEA3-B2E1-41E5-BBEB-375C033918C1}.Release|x64.Build.0 = Release|Any CPU
		{D5E1AEA3-B2E1-41E5-BBEB-375C033918C1}.Release|x86.ActiveCfg = Release|Any CPU
		{D5E1AEA3-B2E1-41E5-BBEB-375C033918C1}.Release|x86.Build.0 = Release|Any CPU
		{E9BD9559-0307-4D87-9575-704435766CB6}.Debug|Any CPU.ActiveCfg = Debug|Any CPU
		{E9BD9559-0307-4D87-9575-704435766CB6}.Debug|Any CPU.Build.0 = Debug|Any CPU
		{E9BD9559-0307-4D87-9575-704435766CB6}.Debug|x64.ActiveCfg = Debug|Any CPU
		{E9BD9559-0307-4D87-9575-704435766CB6}.Debug|x64.Build.0 = Debug|Any CPU
		{E9BD9559-0307-4D87-9575-704435766CB6}.Debug|x86.ActiveCfg = Debug|Any CPU
		{E9BD9559-0307-4D87-9575-704435766CB6}.Debug|x86.Build.0 = Debug|Any CPU
		{E9BD9559-0307-4D87-9575-704435766CB6}.Release|Any CPU.ActiveCfg = Release|Any CPU
		{E9BD9559-0307-4D87-9575-704435766CB6}.Release|Any CPU.Build.0 = Release|Any CPU
		{E9BD9559-0307-4D87-9575-704435766CB6}.Release|x64.ActiveCfg = Release|Any CPU
		{E9BD9559-0307-4D87-9575-704435766CB6}.Release|x64.Build.0 = Release|Any CPU
		{E9BD9559-0307-4D87-9575-704435766CB6}.Release|x86.ActiveCfg = Release|Any CPU
		{E9BD9559-0307-4D87-9575-704435766CB6}.Release|x86.Build.0 = Release|Any CPU
		{D4B67E47-6BC2-4299-B010-C358854AFBD9}.Debug|Any CPU.ActiveCfg = Debug|Any CPU
		{D4B67E47-6BC2-4299-B010-C358854AFBD9}.Debug|Any CPU.Build.0 = Debug|Any CPU
		{D4B67E47-6BC2-4299-B010-C358854AFBD9}.Debug|x64.ActiveCfg = Debug|Any CPU
		{D4B67E47-6BC2-4299-B010-C358854AFBD9}.Debug|x64.Build.0 = Debug|Any CPU
		{D4B67E47-6BC2-4299-B010-C358854AFBD9}.Debug|x86.ActiveCfg = Debug|Any CPU
		{D4B67E47-6BC2-4299-B010-C358854AFBD9}.Debug|x86.Build.0 = Debug|Any CPU
		{D4B67E47-6BC2-4299-B010-C358854AFBD9}.Release|Any CPU.ActiveCfg = Release|Any CPU
		{D4B67E47-6BC2-4299-B010-C358854AFBD9}.Release|Any CPU.Build.0 = Release|Any CPU
		{D4B67E47-6BC2-4299-B010-C358854AFBD9}.Release|x64.ActiveCfg = Release|Any CPU
		{D4B67E47-6BC2-4299-B010-C358854AFBD9}.Release|x64.Build.0 = Release|Any CPU
		{D4B67E47-6BC2-4299-B010-C358854AFBD9}.Release|x86.ActiveCfg = Release|Any CPU
		{D4B67E47-6BC2-4299-B010-C358854AFBD9}.Release|x86.Build.0 = Release|Any CPU
		{BFFD8B8B-FAAD-4B84-A2E2-5F63B8CD35E3}.Debug|Any CPU.ActiveCfg = Debug|Any CPU
		{BFFD8B8B-FAAD-4B84-A2E2-5F63B8CD35E3}.Debug|Any CPU.Build.0 = Debug|Any CPU
		{BFFD8B8B-FAAD-4B84-A2E2-5F63B8CD35E3}.Debug|x64.ActiveCfg = Debug|Any CPU
		{BFFD8B8B-FAAD-4B84-A2E2-5F63B8CD35E3}.Debug|x64.Build.0 = Debug|Any CPU
		{BFFD8B8B-FAAD-4B84-A2E2-5F63B8CD35E3}.Debug|x86.ActiveCfg = Debug|Any CPU
		{BFFD8B8B-FAAD-4B84-A2E2-5F63B8CD35E3}.Debug|x86.Build.0 = Debug|Any CPU
		{BFFD8B8B-FAAD-4B84-A2E2-5F63B8CD35E3}.Release|Any CPU.ActiveCfg = Release|Any CPU
		{BFFD8B8B-FAAD-4B84-A2E2-5F63B8CD35E3}.Release|Any CPU.Build.0 = Release|Any CPU
		{BFFD8B8B-FAAD-4B84-A2E2-5F63B8CD35E3}.Release|x64.ActiveCfg = Release|Any CPU
		{BFFD8B8B-FAAD-4B84-A2E2-5F63B8CD35E3}.Release|x64.Build.0 = Release|Any CPU
		{BFFD8B8B-FAAD-4B84-A2E2-5F63B8CD35E3}.Release|x86.ActiveCfg = Release|Any CPU
		{BFFD8B8B-FAAD-4B84-A2E2-5F63B8CD35E3}.Release|x86.Build.0 = Release|Any CPU
		{DB0011EE-72FD-476C-9331-3D5A6B08F39F}.Debug|Any CPU.ActiveCfg = Debug|Any CPU
		{DB0011EE-72FD-476C-9331-3D5A6B08F39F}.Debug|Any CPU.Build.0 = Debug|Any CPU
		{DB0011EE-72FD-476C-9331-3D5A6B08F39F}.Debug|x64.ActiveCfg = Debug|Any CPU
		{DB0011EE-72FD-476C-9331-3D5A6B08F39F}.Debug|x64.Build.0 = Debug|Any CPU
		{DB0011EE-72FD-476C-9331-3D5A6B08F39F}.Debug|x86.ActiveCfg = Debug|Any CPU
		{DB0011EE-72FD-476C-9331-3D5A6B08F39F}.Debug|x86.Build.0 = Debug|Any CPU
		{DB0011EE-72FD-476C-9331-3D5A6B08F39F}.Release|Any CPU.ActiveCfg = Release|Any CPU
		{DB0011EE-72FD-476C-9331-3D5A6B08F39F}.Release|Any CPU.Build.0 = Release|Any CPU
		{DB0011EE-72FD-476C-9331-3D5A6B08F39F}.Release|x64.ActiveCfg = Release|Any CPU
		{DB0011EE-72FD-476C-9331-3D5A6B08F39F}.Release|x64.Build.0 = Release|Any CPU
		{DB0011EE-72FD-476C-9331-3D5A6B08F39F}.Release|x86.ActiveCfg = Release|Any CPU
		{DB0011EE-72FD-476C-9331-3D5A6B08F39F}.Release|x86.Build.0 = Release|Any CPU
		{355DCDFD-7CE8-4042-80F5-6F1BB11B3A56}.Debug|Any CPU.ActiveCfg = Debug|Any CPU
		{355DCDFD-7CE8-4042-80F5-6F1BB11B3A56}.Debug|Any CPU.Build.0 = Debug|Any CPU
		{355DCDFD-7CE8-4042-80F5-6F1BB11B3A56}.Debug|x64.ActiveCfg = Debug|Any CPU
		{355DCDFD-7CE8-4042-80F5-6F1BB11B3A56}.Debug|x64.Build.0 = Debug|Any CPU
		{355DCDFD-7CE8-4042-80F5-6F1BB11B3A56}.Debug|x86.ActiveCfg = Debug|Any CPU
		{355DCDFD-7CE8-4042-80F5-6F1BB11B3A56}.Debug|x86.Build.0 = Debug|Any CPU
		{355DCDFD-7CE8-4042-80F5-6F1BB11B3A56}.Release|Any CPU.ActiveCfg = Release|Any CPU
		{355DCDFD-7CE8-4042-80F5-6F1BB11B3A56}.Release|Any CPU.Build.0 = Release|Any CPU
		{355DCDFD-7CE8-4042-80F5-6F1BB11B3A56}.Release|x64.ActiveCfg = Release|Any CPU
		{355DCDFD-7CE8-4042-80F5-6F1BB11B3A56}.Release|x64.Build.0 = Release|Any CPU
		{355DCDFD-7CE8-4042-80F5-6F1BB11B3A56}.Release|x86.ActiveCfg = Release|Any CPU
		{355DCDFD-7CE8-4042-80F5-6F1BB11B3A56}.Release|x86.Build.0 = Release|Any CPU
		{39746A6C-FCA8-4E50-A2AC-601568AA4A96}.Debug|Any CPU.ActiveCfg = Debug|Any CPU
		{39746A6C-FCA8-4E50-A2AC-601568AA4A96}.Debug|Any CPU.Build.0 = Debug|Any CPU
		{39746A6C-FCA8-4E50-A2AC-601568AA4A96}.Debug|x64.ActiveCfg = Debug|Any CPU
		{39746A6C-FCA8-4E50-A2AC-601568AA4A96}.Debug|x64.Build.0 = Debug|Any CPU
		{39746A6C-FCA8-4E50-A2AC-601568AA4A96}.Debug|x86.ActiveCfg = Debug|Any CPU
		{39746A6C-FCA8-4E50-A2AC-601568AA4A96}.Debug|x86.Build.0 = Debug|Any CPU
		{39746A6C-FCA8-4E50-A2AC-601568AA4A96}.Release|Any CPU.ActiveCfg = Release|Any CPU
		{39746A6C-FCA8-4E50-A2AC-601568AA4A96}.Release|Any CPU.Build.0 = Release|Any CPU
		{39746A6C-FCA8-4E50-A2AC-601568AA4A96}.Release|x64.ActiveCfg = Release|Any CPU
		{39746A6C-FCA8-4E50-A2AC-601568AA4A96}.Release|x64.Build.0 = Release|Any CPU
		{39746A6C-FCA8-4E50-A2AC-601568AA4A96}.Release|x86.ActiveCfg = Release|Any CPU
		{39746A6C-FCA8-4E50-A2AC-601568AA4A96}.Release|x86.Build.0 = Release|Any CPU
		{0C726E6A-A766-4D95-9504-FE06AFC7D88C}.Debug|Any CPU.ActiveCfg = Debug|Any CPU
		{0C726E6A-A766-4D95-9504-FE06AFC7D88C}.Debug|Any CPU.Build.0 = Debug|Any CPU
		{0C726E6A-A766-4D95-9504-FE06AFC7D88C}.Debug|x64.ActiveCfg = Debug|Any CPU
		{0C726E6A-A766-4D95-9504-FE06AFC7D88C}.Debug|x64.Build.0 = Debug|Any CPU
		{0C726E6A-A766-4D95-9504-FE06AFC7D88C}.Debug|x86.ActiveCfg = Debug|Any CPU
		{0C726E6A-A766-4D95-9504-FE06AFC7D88C}.Debug|x86.Build.0 = Debug|Any CPU
		{0C726E6A-A766-4D95-9504-FE06AFC7D88C}.Release|Any CPU.ActiveCfg = Release|Any CPU
		{0C726E6A-A766-4D95-9504-FE06AFC7D88C}.Release|Any CPU.Build.0 = Release|Any CPU
		{0C726E6A-A766-4D95-9504-FE06AFC7D88C}.Release|x64.ActiveCfg = Release|Any CPU
		{0C726E6A-A766-4D95-9504-FE06AFC7D88C}.Release|x64.Build.0 = Release|Any CPU
		{0C726E6A-A766-4D95-9504-FE06AFC7D88C}.Release|x86.ActiveCfg = Release|Any CPU
		{0C726E6A-A766-4D95-9504-FE06AFC7D88C}.Release|x86.Build.0 = Release|Any CPU
		{3D8374A2-BFE6-49DD-AD8B-0E2FFDCCC532}.Debug|Any CPU.ActiveCfg = Debug|Any CPU
		{3D8374A2-BFE6-49DD-AD8B-0E2FFDCCC532}.Debug|Any CPU.Build.0 = Debug|Any CPU
		{3D8374A2-BFE6-49DD-AD8B-0E2FFDCCC532}.Debug|x64.ActiveCfg = Debug|Any CPU
		{3D8374A2-BFE6-49DD-AD8B-0E2FFDCCC532}.Debug|x64.Build.0 = Debug|Any CPU
		{3D8374A2-BFE6-49DD-AD8B-0E2FFDCCC532}.Debug|x86.ActiveCfg = Debug|Any CPU
		{3D8374A2-BFE6-49DD-AD8B-0E2FFDCCC532}.Debug|x86.Build.0 = Debug|Any CPU
		{3D8374A2-BFE6-49DD-AD8B-0E2FFDCCC532}.Release|Any CPU.ActiveCfg = Release|Any CPU
		{3D8374A2-BFE6-49DD-AD8B-0E2FFDCCC532}.Release|Any CPU.Build.0 = Release|Any CPU
		{3D8374A2-BFE6-49DD-AD8B-0E2FFDCCC532}.Release|x64.ActiveCfg = Release|Any CPU
		{3D8374A2-BFE6-49DD-AD8B-0E2FFDCCC532}.Release|x64.Build.0 = Release|Any CPU
		{3D8374A2-BFE6-49DD-AD8B-0E2FFDCCC532}.Release|x86.ActiveCfg = Release|Any CPU
		{3D8374A2-BFE6-49DD-AD8B-0E2FFDCCC532}.Release|x86.Build.0 = Release|Any CPU
		{1FB79016-F00C-4A77-9B9F-D33B782E3BF6}.Debug|Any CPU.ActiveCfg = Debug|Any CPU
		{1FB79016-F00C-4A77-9B9F-D33B782E3BF6}.Debug|Any CPU.Build.0 = Debug|Any CPU
		{1FB79016-F00C-4A77-9B9F-D33B782E3BF6}.Debug|x64.ActiveCfg = Debug|Any CPU
		{1FB79016-F00C-4A77-9B9F-D33B782E3BF6}.Debug|x64.Build.0 = Debug|Any CPU
		{1FB79016-F00C-4A77-9B9F-D33B782E3BF6}.Debug|x86.ActiveCfg = Debug|Any CPU
		{1FB79016-F00C-4A77-9B9F-D33B782E3BF6}.Debug|x86.Build.0 = Debug|Any CPU
		{1FB79016-F00C-4A77-9B9F-D33B782E3BF6}.Release|Any CPU.ActiveCfg = Release|Any CPU
		{1FB79016-F00C-4A77-9B9F-D33B782E3BF6}.Release|Any CPU.Build.0 = Release|Any CPU
		{1FB79016-F00C-4A77-9B9F-D33B782E3BF6}.Release|x64.ActiveCfg = Release|Any CPU
		{1FB79016-F00C-4A77-9B9F-D33B782E3BF6}.Release|x64.Build.0 = Release|Any CPU
		{1FB79016-F00C-4A77-9B9F-D33B782E3BF6}.Release|x86.ActiveCfg = Release|Any CPU
		{1FB79016-F00C-4A77-9B9F-D33B782E3BF6}.Release|x86.Build.0 = Release|Any CPU
		{40E811D6-16DE-4366-A201-24B8BB14D583}.Debug|Any CPU.ActiveCfg = Debug|Any CPU
		{40E811D6-16DE-4366-A201-24B8BB14D583}.Debug|Any CPU.Build.0 = Debug|Any CPU
		{40E811D6-16DE-4366-A201-24B8BB14D583}.Debug|x64.ActiveCfg = Debug|Any CPU
		{40E811D6-16DE-4366-A201-24B8BB14D583}.Debug|x64.Build.0 = Debug|Any CPU
		{40E811D6-16DE-4366-A201-24B8BB14D583}.Debug|x86.ActiveCfg = Debug|Any CPU
		{40E811D6-16DE-4366-A201-24B8BB14D583}.Debug|x86.Build.0 = Debug|Any CPU
		{40E811D6-16DE-4366-A201-24B8BB14D583}.Release|Any CPU.ActiveCfg = Release|Any CPU
		{40E811D6-16DE-4366-A201-24B8BB14D583}.Release|Any CPU.Build.0 = Release|Any CPU
		{40E811D6-16DE-4366-A201-24B8BB14D583}.Release|x64.ActiveCfg = Release|Any CPU
		{40E811D6-16DE-4366-A201-24B8BB14D583}.Release|x64.Build.0 = Release|Any CPU
		{40E811D6-16DE-4366-A201-24B8BB14D583}.Release|x86.ActiveCfg = Release|Any CPU
		{40E811D6-16DE-4366-A201-24B8BB14D583}.Release|x86.Build.0 = Release|Any CPU
		{4E22F341-E014-485B-9D0C-F12CEFD2195C}.Debug|Any CPU.ActiveCfg = Debug|Any CPU
		{4E22F341-E014-485B-9D0C-F12CEFD2195C}.Debug|Any CPU.Build.0 = Debug|Any CPU
		{4E22F341-E014-485B-9D0C-F12CEFD2195C}.Debug|x64.ActiveCfg = Debug|Any CPU
		{4E22F341-E014-485B-9D0C-F12CEFD2195C}.Debug|x64.Build.0 = Debug|Any CPU
		{4E22F341-E014-485B-9D0C-F12CEFD2195C}.Debug|x86.ActiveCfg = Debug|Any CPU
		{4E22F341-E014-485B-9D0C-F12CEFD2195C}.Debug|x86.Build.0 = Debug|Any CPU
		{4E22F341-E014-485B-9D0C-F12CEFD2195C}.Release|Any CPU.ActiveCfg = Release|Any CPU
		{4E22F341-E014-485B-9D0C-F12CEFD2195C}.Release|Any CPU.Build.0 = Release|Any CPU
		{4E22F341-E014-485B-9D0C-F12CEFD2195C}.Release|x64.ActiveCfg = Release|Any CPU
		{4E22F341-E014-485B-9D0C-F12CEFD2195C}.Release|x64.Build.0 = Release|Any CPU
		{4E22F341-E014-485B-9D0C-F12CEFD2195C}.Release|x86.ActiveCfg = Release|Any CPU
		{4E22F341-E014-485B-9D0C-F12CEFD2195C}.Release|x86.Build.0 = Release|Any CPU
		{AD9DA5DA-04AA-474C-9489-7007F42A6338}.Debug|Any CPU.ActiveCfg = Debug|Any CPU
		{AD9DA5DA-04AA-474C-9489-7007F42A6338}.Debug|Any CPU.Build.0 = Debug|Any CPU
		{AD9DA5DA-04AA-474C-9489-7007F42A6338}.Debug|x64.ActiveCfg = Debug|Any CPU
		{AD9DA5DA-04AA-474C-9489-7007F42A6338}.Debug|x64.Build.0 = Debug|Any CPU
		{AD9DA5DA-04AA-474C-9489-7007F42A6338}.Debug|x86.ActiveCfg = Debug|Any CPU
		{AD9DA5DA-04AA-474C-9489-7007F42A6338}.Debug|x86.Build.0 = Debug|Any CPU
		{AD9DA5DA-04AA-474C-9489-7007F42A6338}.Release|Any CPU.ActiveCfg = Release|Any CPU
		{AD9DA5DA-04AA-474C-9489-7007F42A6338}.Release|Any CPU.Build.0 = Release|Any CPU
		{AD9DA5DA-04AA-474C-9489-7007F42A6338}.Release|x64.ActiveCfg = Release|Any CPU
		{AD9DA5DA-04AA-474C-9489-7007F42A6338}.Release|x64.Build.0 = Release|Any CPU
		{AD9DA5DA-04AA-474C-9489-7007F42A6338}.Release|x86.ActiveCfg = Release|Any CPU
		{AD9DA5DA-04AA-474C-9489-7007F42A6338}.Release|x86.Build.0 = Release|Any CPU
		{AFB8D449-C4C3-43E2-B9B3-394AA1A52F30}.Debug|Any CPU.ActiveCfg = Debug|Any CPU
		{AFB8D449-C4C3-43E2-B9B3-394AA1A52F30}.Debug|Any CPU.Build.0 = Debug|Any CPU
		{AFB8D449-C4C3-43E2-B9B3-394AA1A52F30}.Debug|x64.ActiveCfg = Debug|Any CPU
		{AFB8D449-C4C3-43E2-B9B3-394AA1A52F30}.Debug|x64.Build.0 = Debug|Any CPU
		{AFB8D449-C4C3-43E2-B9B3-394AA1A52F30}.Debug|x86.ActiveCfg = Debug|Any CPU
		{AFB8D449-C4C3-43E2-B9B3-394AA1A52F30}.Debug|x86.Build.0 = Debug|Any CPU
		{AFB8D449-C4C3-43E2-B9B3-394AA1A52F30}.Release|Any CPU.ActiveCfg = Release|Any CPU
		{AFB8D449-C4C3-43E2-B9B3-394AA1A52F30}.Release|Any CPU.Build.0 = Release|Any CPU
		{AFB8D449-C4C3-43E2-B9B3-394AA1A52F30}.Release|x64.ActiveCfg = Release|Any CPU
		{AFB8D449-C4C3-43E2-B9B3-394AA1A52F30}.Release|x64.Build.0 = Release|Any CPU
		{AFB8D449-C4C3-43E2-B9B3-394AA1A52F30}.Release|x86.ActiveCfg = Release|Any CPU
		{AFB8D449-C4C3-43E2-B9B3-394AA1A52F30}.Release|x86.Build.0 = Release|Any CPU
		{0F6FFB9F-0EDB-40FA-9251-5A1C9E4E4CAF}.Debug|Any CPU.ActiveCfg = Debug|Any CPU
		{0F6FFB9F-0EDB-40FA-9251-5A1C9E4E4CAF}.Debug|Any CPU.Build.0 = Debug|Any CPU
		{0F6FFB9F-0EDB-40FA-9251-5A1C9E4E4CAF}.Debug|x64.ActiveCfg = Debug|Any CPU
		{0F6FFB9F-0EDB-40FA-9251-5A1C9E4E4CAF}.Debug|x64.Build.0 = Debug|Any CPU
		{0F6FFB9F-0EDB-40FA-9251-5A1C9E4E4CAF}.Debug|x86.ActiveCfg = Debug|Any CPU
		{0F6FFB9F-0EDB-40FA-9251-5A1C9E4E4CAF}.Debug|x86.Build.0 = Debug|Any CPU
		{0F6FFB9F-0EDB-40FA-9251-5A1C9E4E4CAF}.Release|Any CPU.ActiveCfg = Release|Any CPU
		{0F6FFB9F-0EDB-40FA-9251-5A1C9E4E4CAF}.Release|Any CPU.Build.0 = Release|Any CPU
		{0F6FFB9F-0EDB-40FA-9251-5A1C9E4E4CAF}.Release|x64.ActiveCfg = Release|Any CPU
		{0F6FFB9F-0EDB-40FA-9251-5A1C9E4E4CAF}.Release|x64.Build.0 = Release|Any CPU
		{0F6FFB9F-0EDB-40FA-9251-5A1C9E4E4CAF}.Release|x86.ActiveCfg = Release|Any CPU
		{0F6FFB9F-0EDB-40FA-9251-5A1C9E4E4CAF}.Release|x86.Build.0 = Release|Any CPU
		{76F466E6-09A7-4B9D-80CE-2E7E0F861DAF}.Debug|Any CPU.ActiveCfg = Debug|Any CPU
		{76F466E6-09A7-4B9D-80CE-2E7E0F861DAF}.Debug|Any CPU.Build.0 = Debug|Any CPU
		{76F466E6-09A7-4B9D-80CE-2E7E0F861DAF}.Debug|x64.ActiveCfg = Debug|Any CPU
		{76F466E6-09A7-4B9D-80CE-2E7E0F861DAF}.Debug|x64.Build.0 = Debug|Any CPU
		{76F466E6-09A7-4B9D-80CE-2E7E0F861DAF}.Debug|x86.ActiveCfg = Debug|Any CPU
		{76F466E6-09A7-4B9D-80CE-2E7E0F861DAF}.Debug|x86.Build.0 = Debug|Any CPU
		{76F466E6-09A7-4B9D-80CE-2E7E0F861DAF}.Release|Any CPU.ActiveCfg = Release|Any CPU
		{76F466E6-09A7-4B9D-80CE-2E7E0F861DAF}.Release|Any CPU.Build.0 = Release|Any CPU
		{76F466E6-09A7-4B9D-80CE-2E7E0F861DAF}.Release|x64.ActiveCfg = Release|Any CPU
		{76F466E6-09A7-4B9D-80CE-2E7E0F861DAF}.Release|x64.Build.0 = Release|Any CPU
		{76F466E6-09A7-4B9D-80CE-2E7E0F861DAF}.Release|x86.ActiveCfg = Release|Any CPU
		{76F466E6-09A7-4B9D-80CE-2E7E0F861DAF}.Release|x86.Build.0 = Release|Any CPU
		{C054979B-8606-4ED7-92EF-F65E981D07E5}.Debug|Any CPU.ActiveCfg = Debug|Any CPU
		{C054979B-8606-4ED7-92EF-F65E981D07E5}.Debug|Any CPU.Build.0 = Debug|Any CPU
		{C054979B-8606-4ED7-92EF-F65E981D07E5}.Debug|x64.ActiveCfg = Debug|Any CPU
		{C054979B-8606-4ED7-92EF-F65E981D07E5}.Debug|x64.Build.0 = Debug|Any CPU
		{C054979B-8606-4ED7-92EF-F65E981D07E5}.Debug|x86.ActiveCfg = Debug|Any CPU
		{C054979B-8606-4ED7-92EF-F65E981D07E5}.Debug|x86.Build.0 = Debug|Any CPU
		{C054979B-8606-4ED7-92EF-F65E981D07E5}.Release|Any CPU.ActiveCfg = Release|Any CPU
		{C054979B-8606-4ED7-92EF-F65E981D07E5}.Release|Any CPU.Build.0 = Release|Any CPU
		{C054979B-8606-4ED7-92EF-F65E981D07E5}.Release|x64.ActiveCfg = Release|Any CPU
		{C054979B-8606-4ED7-92EF-F65E981D07E5}.Release|x64.Build.0 = Release|Any CPU
		{C054979B-8606-4ED7-92EF-F65E981D07E5}.Release|x86.ActiveCfg = Release|Any CPU
		{C054979B-8606-4ED7-92EF-F65E981D07E5}.Release|x86.Build.0 = Release|Any CPU
		{69E362E7-77EC-4DDF-9519-1BE276E0E4E4}.Debug|Any CPU.ActiveCfg = Debug|Any CPU
		{69E362E7-77EC-4DDF-9519-1BE276E0E4E4}.Debug|Any CPU.Build.0 = Debug|Any CPU
		{69E362E7-77EC-4DDF-9519-1BE276E0E4E4}.Debug|x64.ActiveCfg = Debug|Any CPU
		{69E362E7-77EC-4DDF-9519-1BE276E0E4E4}.Debug|x64.Build.0 = Debug|Any CPU
		{69E362E7-77EC-4DDF-9519-1BE276E0E4E4}.Debug|x86.ActiveCfg = Debug|Any CPU
		{69E362E7-77EC-4DDF-9519-1BE276E0E4E4}.Debug|x86.Build.0 = Debug|Any CPU
		{69E362E7-77EC-4DDF-9519-1BE276E0E4E4}.Release|Any CPU.ActiveCfg = Release|Any CPU
		{69E362E7-77EC-4DDF-9519-1BE276E0E4E4}.Release|Any CPU.Build.0 = Release|Any CPU
		{69E362E7-77EC-4DDF-9519-1BE276E0E4E4}.Release|x64.ActiveCfg = Release|Any CPU
		{69E362E7-77EC-4DDF-9519-1BE276E0E4E4}.Release|x64.Build.0 = Release|Any CPU
		{69E362E7-77EC-4DDF-9519-1BE276E0E4E4}.Release|x86.ActiveCfg = Release|Any CPU
		{69E362E7-77EC-4DDF-9519-1BE276E0E4E4}.Release|x86.Build.0 = Release|Any CPU
		{4E2DF6FB-D97B-4CA0-9921-A191BA996303}.Debug|Any CPU.ActiveCfg = Debug|Any CPU
		{4E2DF6FB-D97B-4CA0-9921-A191BA996303}.Debug|Any CPU.Build.0 = Debug|Any CPU
		{4E2DF6FB-D97B-4CA0-9921-A191BA996303}.Debug|x64.ActiveCfg = Debug|Any CPU
		{4E2DF6FB-D97B-4CA0-9921-A191BA996303}.Debug|x64.Build.0 = Debug|Any CPU
		{4E2DF6FB-D97B-4CA0-9921-A191BA996303}.Debug|x86.ActiveCfg = Debug|Any CPU
		{4E2DF6FB-D97B-4CA0-9921-A191BA996303}.Debug|x86.Build.0 = Debug|Any CPU
		{4E2DF6FB-D97B-4CA0-9921-A191BA996303}.Release|Any CPU.ActiveCfg = Release|Any CPU
		{4E2DF6FB-D97B-4CA0-9921-A191BA996303}.Release|Any CPU.Build.0 = Release|Any CPU
		{4E2DF6FB-D97B-4CA0-9921-A191BA996303}.Release|x64.ActiveCfg = Release|Any CPU
		{4E2DF6FB-D97B-4CA0-9921-A191BA996303}.Release|x64.Build.0 = Release|Any CPU
		{4E2DF6FB-D97B-4CA0-9921-A191BA996303}.Release|x86.ActiveCfg = Release|Any CPU
		{4E2DF6FB-D97B-4CA0-9921-A191BA996303}.Release|x86.Build.0 = Release|Any CPU
		{FD2C75AE-110D-411C-8E2B-9D80F4E0B51D}.Debug|Any CPU.ActiveCfg = Debug|Any CPU
		{FD2C75AE-110D-411C-8E2B-9D80F4E0B51D}.Debug|Any CPU.Build.0 = Debug|Any CPU
		{FD2C75AE-110D-411C-8E2B-9D80F4E0B51D}.Debug|x64.ActiveCfg = Debug|Any CPU
		{FD2C75AE-110D-411C-8E2B-9D80F4E0B51D}.Debug|x64.Build.0 = Debug|Any CPU
		{FD2C75AE-110D-411C-8E2B-9D80F4E0B51D}.Debug|x86.ActiveCfg = Debug|Any CPU
		{FD2C75AE-110D-411C-8E2B-9D80F4E0B51D}.Debug|x86.Build.0 = Debug|Any CPU
		{FD2C75AE-110D-411C-8E2B-9D80F4E0B51D}.Release|Any CPU.ActiveCfg = Release|Any CPU
		{FD2C75AE-110D-411C-8E2B-9D80F4E0B51D}.Release|Any CPU.Build.0 = Release|Any CPU
		{FD2C75AE-110D-411C-8E2B-9D80F4E0B51D}.Release|x64.ActiveCfg = Release|Any CPU
		{FD2C75AE-110D-411C-8E2B-9D80F4E0B51D}.Release|x64.Build.0 = Release|Any CPU
		{FD2C75AE-110D-411C-8E2B-9D80F4E0B51D}.Release|x86.ActiveCfg = Release|Any CPU
		{FD2C75AE-110D-411C-8E2B-9D80F4E0B51D}.Release|x86.Build.0 = Release|Any CPU
		{5D968178-350C-472D-8660-8948BCB33E5D}.Debug|Any CPU.ActiveCfg = Debug|Any CPU
		{5D968178-350C-472D-8660-8948BCB33E5D}.Debug|Any CPU.Build.0 = Debug|Any CPU
		{5D968178-350C-472D-8660-8948BCB33E5D}.Debug|x64.ActiveCfg = Debug|Any CPU
		{5D968178-350C-472D-8660-8948BCB33E5D}.Debug|x64.Build.0 = Debug|Any CPU
		{5D968178-350C-472D-8660-8948BCB33E5D}.Debug|x86.ActiveCfg = Debug|Any CPU
		{5D968178-350C-472D-8660-8948BCB33E5D}.Debug|x86.Build.0 = Debug|Any CPU
		{5D968178-350C-472D-8660-8948BCB33E5D}.Release|Any CPU.ActiveCfg = Release|Any CPU
		{5D968178-350C-472D-8660-8948BCB33E5D}.Release|Any CPU.Build.0 = Release|Any CPU
		{5D968178-350C-472D-8660-8948BCB33E5D}.Release|x64.ActiveCfg = Release|Any CPU
		{5D968178-350C-472D-8660-8948BCB33E5D}.Release|x64.Build.0 = Release|Any CPU
		{5D968178-350C-472D-8660-8948BCB33E5D}.Release|x86.ActiveCfg = Release|Any CPU
		{5D968178-350C-472D-8660-8948BCB33E5D}.Release|x86.Build.0 = Release|Any CPU
		{322CBF69-8BC6-4713-8AF6-95991CF61EA1}.Debug|Any CPU.ActiveCfg = Debug|Any CPU
		{322CBF69-8BC6-4713-8AF6-95991CF61EA1}.Debug|Any CPU.Build.0 = Debug|Any CPU
		{322CBF69-8BC6-4713-8AF6-95991CF61EA1}.Debug|x64.ActiveCfg = Debug|Any CPU
		{322CBF69-8BC6-4713-8AF6-95991CF61EA1}.Debug|x64.Build.0 = Debug|Any CPU
		{322CBF69-8BC6-4713-8AF6-95991CF61EA1}.Debug|x86.ActiveCfg = Debug|Any CPU
		{322CBF69-8BC6-4713-8AF6-95991CF61EA1}.Debug|x86.Build.0 = Debug|Any CPU
		{322CBF69-8BC6-4713-8AF6-95991CF61EA1}.Release|Any CPU.ActiveCfg = Release|Any CPU
		{322CBF69-8BC6-4713-8AF6-95991CF61EA1}.Release|Any CPU.Build.0 = Release|Any CPU
		{322CBF69-8BC6-4713-8AF6-95991CF61EA1}.Release|x64.ActiveCfg = Release|Any CPU
		{322CBF69-8BC6-4713-8AF6-95991CF61EA1}.Release|x64.Build.0 = Release|Any CPU
		{322CBF69-8BC6-4713-8AF6-95991CF61EA1}.Release|x86.ActiveCfg = Release|Any CPU
		{322CBF69-8BC6-4713-8AF6-95991CF61EA1}.Release|x86.Build.0 = Release|Any CPU
		{56230B3B-7E76-489C-8ABC-4E40BC046B0F}.Debug|Any CPU.ActiveCfg = Debug|Any CPU
		{56230B3B-7E76-489C-8ABC-4E40BC046B0F}.Debug|Any CPU.Build.0 = Debug|Any CPU
		{56230B3B-7E76-489C-8ABC-4E40BC046B0F}.Debug|x64.ActiveCfg = Debug|Any CPU
		{56230B3B-7E76-489C-8ABC-4E40BC046B0F}.Debug|x64.Build.0 = Debug|Any CPU
		{56230B3B-7E76-489C-8ABC-4E40BC046B0F}.Debug|x86.ActiveCfg = Debug|Any CPU
		{56230B3B-7E76-489C-8ABC-4E40BC046B0F}.Debug|x86.Build.0 = Debug|Any CPU
		{56230B3B-7E76-489C-8ABC-4E40BC046B0F}.Release|Any CPU.ActiveCfg = Release|Any CPU
		{56230B3B-7E76-489C-8ABC-4E40BC046B0F}.Release|Any CPU.Build.0 = Release|Any CPU
		{56230B3B-7E76-489C-8ABC-4E40BC046B0F}.Release|x64.ActiveCfg = Release|Any CPU
		{56230B3B-7E76-489C-8ABC-4E40BC046B0F}.Release|x64.Build.0 = Release|Any CPU
		{56230B3B-7E76-489C-8ABC-4E40BC046B0F}.Release|x86.ActiveCfg = Release|Any CPU
		{56230B3B-7E76-489C-8ABC-4E40BC046B0F}.Release|x86.Build.0 = Release|Any CPU
		{F3687D10-2C1A-41E2-8BB7-BD7EE0FC7A2F}.Debug|Any CPU.ActiveCfg = Debug|Any CPU
		{F3687D10-2C1A-41E2-8BB7-BD7EE0FC7A2F}.Debug|Any CPU.Build.0 = Debug|Any CPU
		{F3687D10-2C1A-41E2-8BB7-BD7EE0FC7A2F}.Debug|x64.ActiveCfg = Debug|Any CPU
		{F3687D10-2C1A-41E2-8BB7-BD7EE0FC7A2F}.Debug|x64.Build.0 = Debug|Any CPU
		{F3687D10-2C1A-41E2-8BB7-BD7EE0FC7A2F}.Debug|x86.ActiveCfg = Debug|Any CPU
		{F3687D10-2C1A-41E2-8BB7-BD7EE0FC7A2F}.Debug|x86.Build.0 = Debug|Any CPU
		{F3687D10-2C1A-41E2-8BB7-BD7EE0FC7A2F}.Release|Any CPU.ActiveCfg = Release|Any CPU
		{F3687D10-2C1A-41E2-8BB7-BD7EE0FC7A2F}.Release|Any CPU.Build.0 = Release|Any CPU
		{F3687D10-2C1A-41E2-8BB7-BD7EE0FC7A2F}.Release|x64.ActiveCfg = Release|Any CPU
		{F3687D10-2C1A-41E2-8BB7-BD7EE0FC7A2F}.Release|x64.Build.0 = Release|Any CPU
		{F3687D10-2C1A-41E2-8BB7-BD7EE0FC7A2F}.Release|x86.ActiveCfg = Release|Any CPU
		{F3687D10-2C1A-41E2-8BB7-BD7EE0FC7A2F}.Release|x86.Build.0 = Release|Any CPU
		{85B14E58-1368-46A8-8409-7328B648975F}.Debug|Any CPU.ActiveCfg = Debug|Any CPU
		{85B14E58-1368-46A8-8409-7328B648975F}.Debug|Any CPU.Build.0 = Debug|Any CPU
		{85B14E58-1368-46A8-8409-7328B648975F}.Debug|x64.ActiveCfg = Debug|Any CPU
		{85B14E58-1368-46A8-8409-7328B648975F}.Debug|x64.Build.0 = Debug|Any CPU
		{85B14E58-1368-46A8-8409-7328B648975F}.Debug|x86.ActiveCfg = Debug|Any CPU
		{85B14E58-1368-46A8-8409-7328B648975F}.Debug|x86.Build.0 = Debug|Any CPU
		{85B14E58-1368-46A8-8409-7328B648975F}.Release|Any CPU.ActiveCfg = Release|Any CPU
		{85B14E58-1368-46A8-8409-7328B648975F}.Release|Any CPU.Build.0 = Release|Any CPU
		{85B14E58-1368-46A8-8409-7328B648975F}.Release|x64.ActiveCfg = Release|Any CPU
		{85B14E58-1368-46A8-8409-7328B648975F}.Release|x64.Build.0 = Release|Any CPU
		{85B14E58-1368-46A8-8409-7328B648975F}.Release|x86.ActiveCfg = Release|Any CPU
		{85B14E58-1368-46A8-8409-7328B648975F}.Release|x86.Build.0 = Release|Any CPU
		{B81C560E-14D1-4CC3-BC91-8E403BD8263C}.Debug|Any CPU.ActiveCfg = Debug|Any CPU
		{B81C560E-14D1-4CC3-BC91-8E403BD8263C}.Debug|Any CPU.Build.0 = Debug|Any CPU
		{B81C560E-14D1-4CC3-BC91-8E403BD8263C}.Debug|x64.ActiveCfg = Debug|Any CPU
		{B81C560E-14D1-4CC3-BC91-8E403BD8263C}.Debug|x64.Build.0 = Debug|Any CPU
		{B81C560E-14D1-4CC3-BC91-8E403BD8263C}.Debug|x86.ActiveCfg = Debug|Any CPU
		{B81C560E-14D1-4CC3-BC91-8E403BD8263C}.Debug|x86.Build.0 = Debug|Any CPU
		{B81C560E-14D1-4CC3-BC91-8E403BD8263C}.Release|Any CPU.ActiveCfg = Release|Any CPU
		{B81C560E-14D1-4CC3-BC91-8E403BD8263C}.Release|Any CPU.Build.0 = Release|Any CPU
		{B81C560E-14D1-4CC3-BC91-8E403BD8263C}.Release|x64.ActiveCfg = Release|Any CPU
		{B81C560E-14D1-4CC3-BC91-8E403BD8263C}.Release|x64.Build.0 = Release|Any CPU
		{B81C560E-14D1-4CC3-BC91-8E403BD8263C}.Release|x86.ActiveCfg = Release|Any CPU
		{B81C560E-14D1-4CC3-BC91-8E403BD8263C}.Release|x86.Build.0 = Release|Any CPU
		{D69648BB-197C-4CC0-8692-7F06429D811F}.Debug|Any CPU.ActiveCfg = Debug|Any CPU
		{D69648BB-197C-4CC0-8692-7F06429D811F}.Debug|Any CPU.Build.0 = Debug|Any CPU
		{D69648BB-197C-4CC0-8692-7F06429D811F}.Debug|x64.ActiveCfg = Debug|Any CPU
		{D69648BB-197C-4CC0-8692-7F06429D811F}.Debug|x64.Build.0 = Debug|Any CPU
		{D69648BB-197C-4CC0-8692-7F06429D811F}.Debug|x86.ActiveCfg = Debug|Any CPU
		{D69648BB-197C-4CC0-8692-7F06429D811F}.Debug|x86.Build.0 = Debug|Any CPU
		{D69648BB-197C-4CC0-8692-7F06429D811F}.Release|Any CPU.ActiveCfg = Release|Any CPU
		{D69648BB-197C-4CC0-8692-7F06429D811F}.Release|Any CPU.Build.0 = Release|Any CPU
		{D69648BB-197C-4CC0-8692-7F06429D811F}.Release|x64.ActiveCfg = Release|Any CPU
		{D69648BB-197C-4CC0-8692-7F06429D811F}.Release|x64.Build.0 = Release|Any CPU
		{D69648BB-197C-4CC0-8692-7F06429D811F}.Release|x86.ActiveCfg = Release|Any CPU
		{D69648BB-197C-4CC0-8692-7F06429D811F}.Release|x86.Build.0 = Release|Any CPU
		{CF120EC1-B89F-4080-ABBC-5CF62566438C}.Debug|Any CPU.ActiveCfg = Debug|Any CPU
		{CF120EC1-B89F-4080-ABBC-5CF62566438C}.Debug|Any CPU.Build.0 = Debug|Any CPU
		{CF120EC1-B89F-4080-ABBC-5CF62566438C}.Debug|x64.ActiveCfg = Debug|Any CPU
		{CF120EC1-B89F-4080-ABBC-5CF62566438C}.Debug|x64.Build.0 = Debug|Any CPU
		{CF120EC1-B89F-4080-ABBC-5CF62566438C}.Debug|x86.ActiveCfg = Debug|Any CPU
		{CF120EC1-B89F-4080-ABBC-5CF62566438C}.Debug|x86.Build.0 = Debug|Any CPU
		{CF120EC1-B89F-4080-ABBC-5CF62566438C}.Release|Any CPU.ActiveCfg = Release|Any CPU
		{CF120EC1-B89F-4080-ABBC-5CF62566438C}.Release|Any CPU.Build.0 = Release|Any CPU
		{CF120EC1-B89F-4080-ABBC-5CF62566438C}.Release|x64.ActiveCfg = Release|Any CPU
		{CF120EC1-B89F-4080-ABBC-5CF62566438C}.Release|x64.Build.0 = Release|Any CPU
		{CF120EC1-B89F-4080-ABBC-5CF62566438C}.Release|x86.ActiveCfg = Release|Any CPU
		{CF120EC1-B89F-4080-ABBC-5CF62566438C}.Release|x86.Build.0 = Release|Any CPU
		{0A3DC301-AFEC-4F65-A40B-00C7EC92BF65}.Debug|Any CPU.ActiveCfg = Debug|Any CPU
		{0A3DC301-AFEC-4F65-A40B-00C7EC92BF65}.Debug|Any CPU.Build.0 = Debug|Any CPU
		{0A3DC301-AFEC-4F65-A40B-00C7EC92BF65}.Debug|x64.ActiveCfg = Debug|Any CPU
		{0A3DC301-AFEC-4F65-A40B-00C7EC92BF65}.Debug|x64.Build.0 = Debug|Any CPU
		{0A3DC301-AFEC-4F65-A40B-00C7EC92BF65}.Debug|x86.ActiveCfg = Debug|Any CPU
		{0A3DC301-AFEC-4F65-A40B-00C7EC92BF65}.Debug|x86.Build.0 = Debug|Any CPU
		{0A3DC301-AFEC-4F65-A40B-00C7EC92BF65}.Release|Any CPU.ActiveCfg = Release|Any CPU
		{0A3DC301-AFEC-4F65-A40B-00C7EC92BF65}.Release|Any CPU.Build.0 = Release|Any CPU
		{0A3DC301-AFEC-4F65-A40B-00C7EC92BF65}.Release|x64.ActiveCfg = Release|Any CPU
		{0A3DC301-AFEC-4F65-A40B-00C7EC92BF65}.Release|x64.Build.0 = Release|Any CPU
		{0A3DC301-AFEC-4F65-A40B-00C7EC92BF65}.Release|x86.ActiveCfg = Release|Any CPU
		{0A3DC301-AFEC-4F65-A40B-00C7EC92BF65}.Release|x86.Build.0 = Release|Any CPU
		{1AB594DA-EF06-47E4-86A3-2861D28D11A2}.Debug|Any CPU.ActiveCfg = Debug|Any CPU
		{1AB594DA-EF06-47E4-86A3-2861D28D11A2}.Debug|Any CPU.Build.0 = Debug|Any CPU
		{1AB594DA-EF06-47E4-86A3-2861D28D11A2}.Debug|x64.ActiveCfg = Debug|Any CPU
		{1AB594DA-EF06-47E4-86A3-2861D28D11A2}.Debug|x64.Build.0 = Debug|Any CPU
		{1AB594DA-EF06-47E4-86A3-2861D28D11A2}.Debug|x86.ActiveCfg = Debug|Any CPU
		{1AB594DA-EF06-47E4-86A3-2861D28D11A2}.Debug|x86.Build.0 = Debug|Any CPU
		{1AB594DA-EF06-47E4-86A3-2861D28D11A2}.Release|Any CPU.ActiveCfg = Release|Any CPU
		{1AB594DA-EF06-47E4-86A3-2861D28D11A2}.Release|Any CPU.Build.0 = Release|Any CPU
		{1AB594DA-EF06-47E4-86A3-2861D28D11A2}.Release|x64.ActiveCfg = Release|Any CPU
		{1AB594DA-EF06-47E4-86A3-2861D28D11A2}.Release|x64.Build.0 = Release|Any CPU
		{1AB594DA-EF06-47E4-86A3-2861D28D11A2}.Release|x86.ActiveCfg = Release|Any CPU
		{1AB594DA-EF06-47E4-86A3-2861D28D11A2}.Release|x86.Build.0 = Release|Any CPU
		{685655F9-E163-482F-B958-230EBF02BA1C}.Debug|Any CPU.ActiveCfg = Debug|Any CPU
		{685655F9-E163-482F-B958-230EBF02BA1C}.Debug|Any CPU.Build.0 = Debug|Any CPU
		{685655F9-E163-482F-B958-230EBF02BA1C}.Debug|x64.ActiveCfg = Debug|Any CPU
		{685655F9-E163-482F-B958-230EBF02BA1C}.Debug|x64.Build.0 = Debug|Any CPU
		{685655F9-E163-482F-B958-230EBF02BA1C}.Debug|x86.ActiveCfg = Debug|Any CPU
		{685655F9-E163-482F-B958-230EBF02BA1C}.Debug|x86.Build.0 = Debug|Any CPU
		{685655F9-E163-482F-B958-230EBF02BA1C}.Release|Any CPU.ActiveCfg = Release|Any CPU
		{685655F9-E163-482F-B958-230EBF02BA1C}.Release|Any CPU.Build.0 = Release|Any CPU
		{685655F9-E163-482F-B958-230EBF02BA1C}.Release|x64.ActiveCfg = Release|Any CPU
		{685655F9-E163-482F-B958-230EBF02BA1C}.Release|x64.Build.0 = Release|Any CPU
		{685655F9-E163-482F-B958-230EBF02BA1C}.Release|x86.ActiveCfg = Release|Any CPU
		{685655F9-E163-482F-B958-230EBF02BA1C}.Release|x86.Build.0 = Release|Any CPU
		{DD1B1C3E-164D-434C-94CB-0E1E1C3BEBD4}.Debug|Any CPU.ActiveCfg = Debug|Any CPU
		{DD1B1C3E-164D-434C-94CB-0E1E1C3BEBD4}.Debug|Any CPU.Build.0 = Debug|Any CPU
		{DD1B1C3E-164D-434C-94CB-0E1E1C3BEBD4}.Debug|x64.ActiveCfg = Debug|Any CPU
		{DD1B1C3E-164D-434C-94CB-0E1E1C3BEBD4}.Debug|x64.Build.0 = Debug|Any CPU
		{DD1B1C3E-164D-434C-94CB-0E1E1C3BEBD4}.Debug|x86.ActiveCfg = Debug|Any CPU
		{DD1B1C3E-164D-434C-94CB-0E1E1C3BEBD4}.Debug|x86.Build.0 = Debug|Any CPU
		{DD1B1C3E-164D-434C-94CB-0E1E1C3BEBD4}.Release|Any CPU.ActiveCfg = Release|Any CPU
		{DD1B1C3E-164D-434C-94CB-0E1E1C3BEBD4}.Release|Any CPU.Build.0 = Release|Any CPU
		{DD1B1C3E-164D-434C-94CB-0E1E1C3BEBD4}.Release|x64.ActiveCfg = Release|Any CPU
		{DD1B1C3E-164D-434C-94CB-0E1E1C3BEBD4}.Release|x64.Build.0 = Release|Any CPU
		{DD1B1C3E-164D-434C-94CB-0E1E1C3BEBD4}.Release|x86.ActiveCfg = Release|Any CPU
		{DD1B1C3E-164D-434C-94CB-0E1E1C3BEBD4}.Release|x86.Build.0 = Release|Any CPU
		{4A555537-BE0D-4CEF-8DC2-C06D1A11BBA2}.Debug|Any CPU.ActiveCfg = Debug|Any CPU
		{4A555537-BE0D-4CEF-8DC2-C06D1A11BBA2}.Debug|Any CPU.Build.0 = Debug|Any CPU
		{4A555537-BE0D-4CEF-8DC2-C06D1A11BBA2}.Debug|x64.ActiveCfg = Debug|Any CPU
		{4A555537-BE0D-4CEF-8DC2-C06D1A11BBA2}.Debug|x64.Build.0 = Debug|Any CPU
		{4A555537-BE0D-4CEF-8DC2-C06D1A11BBA2}.Debug|x86.ActiveCfg = Debug|Any CPU
		{4A555537-BE0D-4CEF-8DC2-C06D1A11BBA2}.Debug|x86.Build.0 = Debug|Any CPU
		{4A555537-BE0D-4CEF-8DC2-C06D1A11BBA2}.Release|Any CPU.ActiveCfg = Release|Any CPU
		{4A555537-BE0D-4CEF-8DC2-C06D1A11BBA2}.Release|Any CPU.Build.0 = Release|Any CPU
		{4A555537-BE0D-4CEF-8DC2-C06D1A11BBA2}.Release|x64.ActiveCfg = Release|Any CPU
		{4A555537-BE0D-4CEF-8DC2-C06D1A11BBA2}.Release|x64.Build.0 = Release|Any CPU
		{4A555537-BE0D-4CEF-8DC2-C06D1A11BBA2}.Release|x86.ActiveCfg = Release|Any CPU
		{4A555537-BE0D-4CEF-8DC2-C06D1A11BBA2}.Release|x86.Build.0 = Release|Any CPU
		{41DFCF63-54EA-4F18-85BE-E041DC173D36}.Debug|Any CPU.ActiveCfg = Debug|Any CPU
		{41DFCF63-54EA-4F18-85BE-E041DC173D36}.Debug|Any CPU.Build.0 = Debug|Any CPU
		{41DFCF63-54EA-4F18-85BE-E041DC173D36}.Debug|x64.ActiveCfg = Debug|Any CPU
		{41DFCF63-54EA-4F18-85BE-E041DC173D36}.Debug|x64.Build.0 = Debug|Any CPU
		{41DFCF63-54EA-4F18-85BE-E041DC173D36}.Debug|x86.ActiveCfg = Debug|Any CPU
		{41DFCF63-54EA-4F18-85BE-E041DC173D36}.Debug|x86.Build.0 = Debug|Any CPU
		{41DFCF63-54EA-4F18-85BE-E041DC173D36}.Release|Any CPU.ActiveCfg = Release|Any CPU
		{41DFCF63-54EA-4F18-85BE-E041DC173D36}.Release|Any CPU.Build.0 = Release|Any CPU
		{41DFCF63-54EA-4F18-85BE-E041DC173D36}.Release|x64.ActiveCfg = Release|Any CPU
		{41DFCF63-54EA-4F18-85BE-E041DC173D36}.Release|x64.Build.0 = Release|Any CPU
		{41DFCF63-54EA-4F18-85BE-E041DC173D36}.Release|x86.ActiveCfg = Release|Any CPU
		{41DFCF63-54EA-4F18-85BE-E041DC173D36}.Release|x86.Build.0 = Release|Any CPU
		{A0EA97DB-6E01-4995-B3EE-8238D2BA0D80}.Debug|Any CPU.ActiveCfg = Debug|Any CPU
		{A0EA97DB-6E01-4995-B3EE-8238D2BA0D80}.Debug|Any CPU.Build.0 = Debug|Any CPU
		{A0EA97DB-6E01-4995-B3EE-8238D2BA0D80}.Debug|x64.ActiveCfg = Debug|Any CPU
		{A0EA97DB-6E01-4995-B3EE-8238D2BA0D80}.Debug|x64.Build.0 = Debug|Any CPU
		{A0EA97DB-6E01-4995-B3EE-8238D2BA0D80}.Debug|x86.ActiveCfg = Debug|Any CPU
		{A0EA97DB-6E01-4995-B3EE-8238D2BA0D80}.Debug|x86.Build.0 = Debug|Any CPU
		{A0EA97DB-6E01-4995-B3EE-8238D2BA0D80}.Release|Any CPU.ActiveCfg = Release|Any CPU
		{A0EA97DB-6E01-4995-B3EE-8238D2BA0D80}.Release|Any CPU.Build.0 = Release|Any CPU
		{A0EA97DB-6E01-4995-B3EE-8238D2BA0D80}.Release|x64.ActiveCfg = Release|Any CPU
		{A0EA97DB-6E01-4995-B3EE-8238D2BA0D80}.Release|x64.Build.0 = Release|Any CPU
		{A0EA97DB-6E01-4995-B3EE-8238D2BA0D80}.Release|x86.ActiveCfg = Release|Any CPU
		{A0EA97DB-6E01-4995-B3EE-8238D2BA0D80}.Release|x86.Build.0 = Release|Any CPU
		{B28F33BB-ED2F-44A3-BB1A-45D68E6DBB1E}.Debug|Any CPU.ActiveCfg = Debug|Any CPU
		{B28F33BB-ED2F-44A3-BB1A-45D68E6DBB1E}.Debug|Any CPU.Build.0 = Debug|Any CPU
		{B28F33BB-ED2F-44A3-BB1A-45D68E6DBB1E}.Debug|x64.ActiveCfg = Debug|Any CPU
		{B28F33BB-ED2F-44A3-BB1A-45D68E6DBB1E}.Debug|x64.Build.0 = Debug|Any CPU
		{B28F33BB-ED2F-44A3-BB1A-45D68E6DBB1E}.Debug|x86.ActiveCfg = Debug|Any CPU
		{B28F33BB-ED2F-44A3-BB1A-45D68E6DBB1E}.Debug|x86.Build.0 = Debug|Any CPU
		{B28F33BB-ED2F-44A3-BB1A-45D68E6DBB1E}.Release|Any CPU.ActiveCfg = Release|Any CPU
		{B28F33BB-ED2F-44A3-BB1A-45D68E6DBB1E}.Release|Any CPU.Build.0 = Release|Any CPU
		{B28F33BB-ED2F-44A3-BB1A-45D68E6DBB1E}.Release|x64.ActiveCfg = Release|Any CPU
		{B28F33BB-ED2F-44A3-BB1A-45D68E6DBB1E}.Release|x64.Build.0 = Release|Any CPU
		{B28F33BB-ED2F-44A3-BB1A-45D68E6DBB1E}.Release|x86.ActiveCfg = Release|Any CPU
		{B28F33BB-ED2F-44A3-BB1A-45D68E6DBB1E}.Release|x86.Build.0 = Release|Any CPU
		{26051169-7B70-4A91-B909-A2FB0041D134}.Debug|Any CPU.ActiveCfg = Debug|Any CPU
		{26051169-7B70-4A91-B909-A2FB0041D134}.Debug|Any CPU.Build.0 = Debug|Any CPU
		{26051169-7B70-4A91-B909-A2FB0041D134}.Debug|x64.ActiveCfg = Debug|Any CPU
		{26051169-7B70-4A91-B909-A2FB0041D134}.Debug|x64.Build.0 = Debug|Any CPU
		{26051169-7B70-4A91-B909-A2FB0041D134}.Debug|x86.ActiveCfg = Debug|Any CPU
		{26051169-7B70-4A91-B909-A2FB0041D134}.Debug|x86.Build.0 = Debug|Any CPU
		{26051169-7B70-4A91-B909-A2FB0041D134}.Release|Any CPU.ActiveCfg = Release|Any CPU
		{26051169-7B70-4A91-B909-A2FB0041D134}.Release|Any CPU.Build.0 = Release|Any CPU
		{26051169-7B70-4A91-B909-A2FB0041D134}.Release|x64.ActiveCfg = Release|Any CPU
		{26051169-7B70-4A91-B909-A2FB0041D134}.Release|x64.Build.0 = Release|Any CPU
		{26051169-7B70-4A91-B909-A2FB0041D134}.Release|x86.ActiveCfg = Release|Any CPU
		{26051169-7B70-4A91-B909-A2FB0041D134}.Release|x86.Build.0 = Release|Any CPU
		{708886B7-3EAB-49AB-BCBE-E5A56C9CBEB5}.Debug|Any CPU.ActiveCfg = Debug|Any CPU
		{708886B7-3EAB-49AB-BCBE-E5A56C9CBEB5}.Debug|Any CPU.Build.0 = Debug|Any CPU
		{708886B7-3EAB-49AB-BCBE-E5A56C9CBEB5}.Debug|x64.ActiveCfg = Debug|Any CPU
		{708886B7-3EAB-49AB-BCBE-E5A56C9CBEB5}.Debug|x64.Build.0 = Debug|Any CPU
		{708886B7-3EAB-49AB-BCBE-E5A56C9CBEB5}.Debug|x86.ActiveCfg = Debug|Any CPU
		{708886B7-3EAB-49AB-BCBE-E5A56C9CBEB5}.Debug|x86.Build.0 = Debug|Any CPU
		{708886B7-3EAB-49AB-BCBE-E5A56C9CBEB5}.Release|Any CPU.ActiveCfg = Release|Any CPU
		{708886B7-3EAB-49AB-BCBE-E5A56C9CBEB5}.Release|Any CPU.Build.0 = Release|Any CPU
		{708886B7-3EAB-49AB-BCBE-E5A56C9CBEB5}.Release|x64.ActiveCfg = Release|Any CPU
		{708886B7-3EAB-49AB-BCBE-E5A56C9CBEB5}.Release|x64.Build.0 = Release|Any CPU
		{708886B7-3EAB-49AB-BCBE-E5A56C9CBEB5}.Release|x86.ActiveCfg = Release|Any CPU
		{708886B7-3EAB-49AB-BCBE-E5A56C9CBEB5}.Release|x86.Build.0 = Release|Any CPU
		{9978AD5B-5533-4675-9B8B-80B44CB8E8B1}.Debug|Any CPU.ActiveCfg = Debug|Any CPU
		{9978AD5B-5533-4675-9B8B-80B44CB8E8B1}.Debug|Any CPU.Build.0 = Debug|Any CPU
		{9978AD5B-5533-4675-9B8B-80B44CB8E8B1}.Debug|x64.ActiveCfg = Debug|Any CPU
		{9978AD5B-5533-4675-9B8B-80B44CB8E8B1}.Debug|x64.Build.0 = Debug|Any CPU
		{9978AD5B-5533-4675-9B8B-80B44CB8E8B1}.Debug|x86.ActiveCfg = Debug|Any CPU
		{9978AD5B-5533-4675-9B8B-80B44CB8E8B1}.Debug|x86.Build.0 = Debug|Any CPU
		{9978AD5B-5533-4675-9B8B-80B44CB8E8B1}.Release|Any CPU.ActiveCfg = Release|Any CPU
		{9978AD5B-5533-4675-9B8B-80B44CB8E8B1}.Release|Any CPU.Build.0 = Release|Any CPU
		{9978AD5B-5533-4675-9B8B-80B44CB8E8B1}.Release|x64.ActiveCfg = Release|Any CPU
		{9978AD5B-5533-4675-9B8B-80B44CB8E8B1}.Release|x64.Build.0 = Release|Any CPU
		{9978AD5B-5533-4675-9B8B-80B44CB8E8B1}.Release|x86.ActiveCfg = Release|Any CPU
		{9978AD5B-5533-4675-9B8B-80B44CB8E8B1}.Release|x86.Build.0 = Release|Any CPU
		{0D6FFEBC-B4E1-41B3-B62C-B776C1A0F319}.Debug|Any CPU.ActiveCfg = Debug|Any CPU
		{0D6FFEBC-B4E1-41B3-B62C-B776C1A0F319}.Debug|Any CPU.Build.0 = Debug|Any CPU
		{0D6FFEBC-B4E1-41B3-B62C-B776C1A0F319}.Debug|x64.ActiveCfg = Debug|Any CPU
		{0D6FFEBC-B4E1-41B3-B62C-B776C1A0F319}.Debug|x64.Build.0 = Debug|Any CPU
		{0D6FFEBC-B4E1-41B3-B62C-B776C1A0F319}.Debug|x86.ActiveCfg = Debug|Any CPU
		{0D6FFEBC-B4E1-41B3-B62C-B776C1A0F319}.Debug|x86.Build.0 = Debug|Any CPU
		{0D6FFEBC-B4E1-41B3-B62C-B776C1A0F319}.Release|Any CPU.ActiveCfg = Release|Any CPU
		{0D6FFEBC-B4E1-41B3-B62C-B776C1A0F319}.Release|Any CPU.Build.0 = Release|Any CPU
		{0D6FFEBC-B4E1-41B3-B62C-B776C1A0F319}.Release|x64.ActiveCfg = Release|Any CPU
		{0D6FFEBC-B4E1-41B3-B62C-B776C1A0F319}.Release|x64.Build.0 = Release|Any CPU
		{0D6FFEBC-B4E1-41B3-B62C-B776C1A0F319}.Release|x86.ActiveCfg = Release|Any CPU
		{0D6FFEBC-B4E1-41B3-B62C-B776C1A0F319}.Release|x86.Build.0 = Release|Any CPU
		{649B6329-EAFA-48F0-801F-F29DB99217A7}.Debug|Any CPU.ActiveCfg = Debug|Any CPU
		{649B6329-EAFA-48F0-801F-F29DB99217A7}.Debug|Any CPU.Build.0 = Debug|Any CPU
		{649B6329-EAFA-48F0-801F-F29DB99217A7}.Debug|x64.ActiveCfg = Debug|Any CPU
		{649B6329-EAFA-48F0-801F-F29DB99217A7}.Debug|x64.Build.0 = Debug|Any CPU
		{649B6329-EAFA-48F0-801F-F29DB99217A7}.Debug|x86.ActiveCfg = Debug|Any CPU
		{649B6329-EAFA-48F0-801F-F29DB99217A7}.Debug|x86.Build.0 = Debug|Any CPU
		{649B6329-EAFA-48F0-801F-F29DB99217A7}.Release|Any CPU.ActiveCfg = Release|Any CPU
		{649B6329-EAFA-48F0-801F-F29DB99217A7}.Release|Any CPU.Build.0 = Release|Any CPU
		{649B6329-EAFA-48F0-801F-F29DB99217A7}.Release|x64.ActiveCfg = Release|Any CPU
		{649B6329-EAFA-48F0-801F-F29DB99217A7}.Release|x64.Build.0 = Release|Any CPU
		{649B6329-EAFA-48F0-801F-F29DB99217A7}.Release|x86.ActiveCfg = Release|Any CPU
		{649B6329-EAFA-48F0-801F-F29DB99217A7}.Release|x86.Build.0 = Release|Any CPU
		{A1070E64-E523-49C7-9DE6-66E0DA81581C}.Debug|Any CPU.ActiveCfg = Debug|Any CPU
		{A1070E64-E523-49C7-9DE6-66E0DA81581C}.Debug|Any CPU.Build.0 = Debug|Any CPU
		{A1070E64-E523-49C7-9DE6-66E0DA81581C}.Debug|x64.ActiveCfg = Debug|Any CPU
		{A1070E64-E523-49C7-9DE6-66E0DA81581C}.Debug|x64.Build.0 = Debug|Any CPU
		{A1070E64-E523-49C7-9DE6-66E0DA81581C}.Debug|x86.ActiveCfg = Debug|Any CPU
		{A1070E64-E523-49C7-9DE6-66E0DA81581C}.Debug|x86.Build.0 = Debug|Any CPU
		{A1070E64-E523-49C7-9DE6-66E0DA81581C}.Release|Any CPU.ActiveCfg = Release|Any CPU
		{A1070E64-E523-49C7-9DE6-66E0DA81581C}.Release|Any CPU.Build.0 = Release|Any CPU
		{A1070E64-E523-49C7-9DE6-66E0DA81581C}.Release|x64.ActiveCfg = Release|Any CPU
		{A1070E64-E523-49C7-9DE6-66E0DA81581C}.Release|x64.Build.0 = Release|Any CPU
		{A1070E64-E523-49C7-9DE6-66E0DA81581C}.Release|x86.ActiveCfg = Release|Any CPU
		{A1070E64-E523-49C7-9DE6-66E0DA81581C}.Release|x86.Build.0 = Release|Any CPU
		{D0910460-83FE-46AE-A379-636271B54137}.Debug|Any CPU.ActiveCfg = Debug|Any CPU
		{D0910460-83FE-46AE-A379-636271B54137}.Debug|Any CPU.Build.0 = Debug|Any CPU
		{D0910460-83FE-46AE-A379-636271B54137}.Debug|x64.ActiveCfg = Debug|Any CPU
		{D0910460-83FE-46AE-A379-636271B54137}.Debug|x64.Build.0 = Debug|Any CPU
		{D0910460-83FE-46AE-A379-636271B54137}.Debug|x86.ActiveCfg = Debug|Any CPU
		{D0910460-83FE-46AE-A379-636271B54137}.Debug|x86.Build.0 = Debug|Any CPU
		{D0910460-83FE-46AE-A379-636271B54137}.Release|Any CPU.ActiveCfg = Release|Any CPU
		{D0910460-83FE-46AE-A379-636271B54137}.Release|Any CPU.Build.0 = Release|Any CPU
		{D0910460-83FE-46AE-A379-636271B54137}.Release|x64.ActiveCfg = Release|Any CPU
		{D0910460-83FE-46AE-A379-636271B54137}.Release|x64.Build.0 = Release|Any CPU
		{D0910460-83FE-46AE-A379-636271B54137}.Release|x86.ActiveCfg = Release|Any CPU
		{D0910460-83FE-46AE-A379-636271B54137}.Release|x86.Build.0 = Release|Any CPU
		{0CB6830B-6CE5-4FE8-842A-A146D267EDF5}.Debug|Any CPU.ActiveCfg = Debug|Any CPU
		{0CB6830B-6CE5-4FE8-842A-A146D267EDF5}.Debug|Any CPU.Build.0 = Debug|Any CPU
		{0CB6830B-6CE5-4FE8-842A-A146D267EDF5}.Debug|x64.ActiveCfg = Debug|Any CPU
		{0CB6830B-6CE5-4FE8-842A-A146D267EDF5}.Debug|x64.Build.0 = Debug|Any CPU
		{0CB6830B-6CE5-4FE8-842A-A146D267EDF5}.Debug|x86.ActiveCfg = Debug|Any CPU
		{0CB6830B-6CE5-4FE8-842A-A146D267EDF5}.Debug|x86.Build.0 = Debug|Any CPU
		{0CB6830B-6CE5-4FE8-842A-A146D267EDF5}.Release|Any CPU.ActiveCfg = Release|Any CPU
		{0CB6830B-6CE5-4FE8-842A-A146D267EDF5}.Release|Any CPU.Build.0 = Release|Any CPU
		{0CB6830B-6CE5-4FE8-842A-A146D267EDF5}.Release|x64.ActiveCfg = Release|Any CPU
		{0CB6830B-6CE5-4FE8-842A-A146D267EDF5}.Release|x64.Build.0 = Release|Any CPU
		{0CB6830B-6CE5-4FE8-842A-A146D267EDF5}.Release|x86.ActiveCfg = Release|Any CPU
		{0CB6830B-6CE5-4FE8-842A-A146D267EDF5}.Release|x86.Build.0 = Release|Any CPU
		{00AE561A-144F-46C2-9695-2E0A467AD86D}.Debug|Any CPU.ActiveCfg = Debug|Any CPU
		{00AE561A-144F-46C2-9695-2E0A467AD86D}.Debug|Any CPU.Build.0 = Debug|Any CPU
		{00AE561A-144F-46C2-9695-2E0A467AD86D}.Debug|x64.ActiveCfg = Debug|Any CPU
		{00AE561A-144F-46C2-9695-2E0A467AD86D}.Debug|x64.Build.0 = Debug|Any CPU
		{00AE561A-144F-46C2-9695-2E0A467AD86D}.Debug|x86.ActiveCfg = Debug|Any CPU
		{00AE561A-144F-46C2-9695-2E0A467AD86D}.Debug|x86.Build.0 = Debug|Any CPU
		{00AE561A-144F-46C2-9695-2E0A467AD86D}.Release|Any CPU.ActiveCfg = Release|Any CPU
		{00AE561A-144F-46C2-9695-2E0A467AD86D}.Release|Any CPU.Build.0 = Release|Any CPU
		{00AE561A-144F-46C2-9695-2E0A467AD86D}.Release|x64.ActiveCfg = Release|Any CPU
		{00AE561A-144F-46C2-9695-2E0A467AD86D}.Release|x64.Build.0 = Release|Any CPU
		{00AE561A-144F-46C2-9695-2E0A467AD86D}.Release|x86.ActiveCfg = Release|Any CPU
		{00AE561A-144F-46C2-9695-2E0A467AD86D}.Release|x86.Build.0 = Release|Any CPU
		{56A0E286-FC54-4164-877B-8CDB438A89C5}.Debug|Any CPU.ActiveCfg = Debug|Any CPU
		{56A0E286-FC54-4164-877B-8CDB438A89C5}.Debug|Any CPU.Build.0 = Debug|Any CPU
		{56A0E286-FC54-4164-877B-8CDB438A89C5}.Debug|x64.ActiveCfg = Debug|Any CPU
		{56A0E286-FC54-4164-877B-8CDB438A89C5}.Debug|x64.Build.0 = Debug|Any CPU
		{56A0E286-FC54-4164-877B-8CDB438A89C5}.Debug|x86.ActiveCfg = Debug|Any CPU
		{56A0E286-FC54-4164-877B-8CDB438A89C5}.Debug|x86.Build.0 = Debug|Any CPU
		{56A0E286-FC54-4164-877B-8CDB438A89C5}.Release|Any CPU.ActiveCfg = Release|Any CPU
		{56A0E286-FC54-4164-877B-8CDB438A89C5}.Release|Any CPU.Build.0 = Release|Any CPU
		{56A0E286-FC54-4164-877B-8CDB438A89C5}.Release|x64.ActiveCfg = Release|Any CPU
		{56A0E286-FC54-4164-877B-8CDB438A89C5}.Release|x64.Build.0 = Release|Any CPU
		{56A0E286-FC54-4164-877B-8CDB438A89C5}.Release|x86.ActiveCfg = Release|Any CPU
		{56A0E286-FC54-4164-877B-8CDB438A89C5}.Release|x86.Build.0 = Release|Any CPU
		{C0ED9BCA-DDE0-4569-809C-90778685DF06}.Debug|Any CPU.ActiveCfg = Debug|Any CPU
		{C0ED9BCA-DDE0-4569-809C-90778685DF06}.Debug|Any CPU.Build.0 = Debug|Any CPU
		{C0ED9BCA-DDE0-4569-809C-90778685DF06}.Debug|x64.ActiveCfg = Debug|Any CPU
		{C0ED9BCA-DDE0-4569-809C-90778685DF06}.Debug|x64.Build.0 = Debug|Any CPU
		{C0ED9BCA-DDE0-4569-809C-90778685DF06}.Debug|x86.ActiveCfg = Debug|Any CPU
		{C0ED9BCA-DDE0-4569-809C-90778685DF06}.Debug|x86.Build.0 = Debug|Any CPU
		{C0ED9BCA-DDE0-4569-809C-90778685DF06}.Release|Any CPU.ActiveCfg = Release|Any CPU
		{C0ED9BCA-DDE0-4569-809C-90778685DF06}.Release|Any CPU.Build.0 = Release|Any CPU
		{C0ED9BCA-DDE0-4569-809C-90778685DF06}.Release|x64.ActiveCfg = Release|Any CPU
		{C0ED9BCA-DDE0-4569-809C-90778685DF06}.Release|x64.Build.0 = Release|Any CPU
		{C0ED9BCA-DDE0-4569-809C-90778685DF06}.Release|x86.ActiveCfg = Release|Any CPU
		{C0ED9BCA-DDE0-4569-809C-90778685DF06}.Release|x86.Build.0 = Release|Any CPU
		{48AC4440-9AF9-4C5C-8A35-C856FB2080F7}.Debug|Any CPU.ActiveCfg = Debug|Any CPU
		{48AC4440-9AF9-4C5C-8A35-C856FB2080F7}.Debug|Any CPU.Build.0 = Debug|Any CPU
		{48AC4440-9AF9-4C5C-8A35-C856FB2080F7}.Debug|x64.ActiveCfg = Debug|Any CPU
		{48AC4440-9AF9-4C5C-8A35-C856FB2080F7}.Debug|x64.Build.0 = Debug|Any CPU
		{48AC4440-9AF9-4C5C-8A35-C856FB2080F7}.Debug|x86.ActiveCfg = Debug|Any CPU
		{48AC4440-9AF9-4C5C-8A35-C856FB2080F7}.Debug|x86.Build.0 = Debug|Any CPU
		{48AC4440-9AF9-4C5C-8A35-C856FB2080F7}.Release|Any CPU.ActiveCfg = Release|Any CPU
		{48AC4440-9AF9-4C5C-8A35-C856FB2080F7}.Release|Any CPU.Build.0 = Release|Any CPU
		{48AC4440-9AF9-4C5C-8A35-C856FB2080F7}.Release|x64.ActiveCfg = Release|Any CPU
		{48AC4440-9AF9-4C5C-8A35-C856FB2080F7}.Release|x64.Build.0 = Release|Any CPU
		{48AC4440-9AF9-4C5C-8A35-C856FB2080F7}.Release|x86.ActiveCfg = Release|Any CPU
		{48AC4440-9AF9-4C5C-8A35-C856FB2080F7}.Release|x86.Build.0 = Release|Any CPU
		{6ED32F74-F547-4658-B38A-31C0E81CC76C}.Debug|Any CPU.ActiveCfg = Debug|Any CPU
		{6ED32F74-F547-4658-B38A-31C0E81CC76C}.Debug|Any CPU.Build.0 = Debug|Any CPU
		{6ED32F74-F547-4658-B38A-31C0E81CC76C}.Debug|x64.ActiveCfg = Debug|Any CPU
		{6ED32F74-F547-4658-B38A-31C0E81CC76C}.Debug|x64.Build.0 = Debug|Any CPU
		{6ED32F74-F547-4658-B38A-31C0E81CC76C}.Debug|x86.ActiveCfg = Debug|Any CPU
		{6ED32F74-F547-4658-B38A-31C0E81CC76C}.Debug|x86.Build.0 = Debug|Any CPU
		{6ED32F74-F547-4658-B38A-31C0E81CC76C}.Release|Any CPU.ActiveCfg = Release|Any CPU
		{6ED32F74-F547-4658-B38A-31C0E81CC76C}.Release|Any CPU.Build.0 = Release|Any CPU
		{6ED32F74-F547-4658-B38A-31C0E81CC76C}.Release|x64.ActiveCfg = Release|Any CPU
		{6ED32F74-F547-4658-B38A-31C0E81CC76C}.Release|x64.Build.0 = Release|Any CPU
		{6ED32F74-F547-4658-B38A-31C0E81CC76C}.Release|x86.ActiveCfg = Release|Any CPU
		{6ED32F74-F547-4658-B38A-31C0E81CC76C}.Release|x86.Build.0 = Release|Any CPU
		{656EBBC4-5EE7-4B65-96C3-C34F2161CF78}.Debug|Any CPU.ActiveCfg = Debug|Any CPU
		{656EBBC4-5EE7-4B65-96C3-C34F2161CF78}.Debug|Any CPU.Build.0 = Debug|Any CPU
		{656EBBC4-5EE7-4B65-96C3-C34F2161CF78}.Debug|x64.ActiveCfg = Debug|Any CPU
		{656EBBC4-5EE7-4B65-96C3-C34F2161CF78}.Debug|x64.Build.0 = Debug|Any CPU
		{656EBBC4-5EE7-4B65-96C3-C34F2161CF78}.Debug|x86.ActiveCfg = Debug|Any CPU
		{656EBBC4-5EE7-4B65-96C3-C34F2161CF78}.Debug|x86.Build.0 = Debug|Any CPU
		{656EBBC4-5EE7-4B65-96C3-C34F2161CF78}.Release|Any CPU.ActiveCfg = Release|Any CPU
		{656EBBC4-5EE7-4B65-96C3-C34F2161CF78}.Release|Any CPU.Build.0 = Release|Any CPU
		{656EBBC4-5EE7-4B65-96C3-C34F2161CF78}.Release|x64.ActiveCfg = Release|Any CPU
		{656EBBC4-5EE7-4B65-96C3-C34F2161CF78}.Release|x64.Build.0 = Release|Any CPU
		{656EBBC4-5EE7-4B65-96C3-C34F2161CF78}.Release|x86.ActiveCfg = Release|Any CPU
		{656EBBC4-5EE7-4B65-96C3-C34F2161CF78}.Release|x86.Build.0 = Release|Any CPU
		{5C34AA20-7D22-4DA0-9E1F-964FF59D3A69}.Debug|Any CPU.ActiveCfg = Debug|Any CPU
		{5C34AA20-7D22-4DA0-9E1F-964FF59D3A69}.Debug|Any CPU.Build.0 = Debug|Any CPU
		{5C34AA20-7D22-4DA0-9E1F-964FF59D3A69}.Debug|x64.ActiveCfg = Debug|Any CPU
		{5C34AA20-7D22-4DA0-9E1F-964FF59D3A69}.Debug|x64.Build.0 = Debug|Any CPU
		{5C34AA20-7D22-4DA0-9E1F-964FF59D3A69}.Debug|x86.ActiveCfg = Debug|Any CPU
		{5C34AA20-7D22-4DA0-9E1F-964FF59D3A69}.Debug|x86.Build.0 = Debug|Any CPU
		{5C34AA20-7D22-4DA0-9E1F-964FF59D3A69}.Release|Any CPU.ActiveCfg = Release|Any CPU
		{5C34AA20-7D22-4DA0-9E1F-964FF59D3A69}.Release|Any CPU.Build.0 = Release|Any CPU
		{5C34AA20-7D22-4DA0-9E1F-964FF59D3A69}.Release|x64.ActiveCfg = Release|Any CPU
		{5C34AA20-7D22-4DA0-9E1F-964FF59D3A69}.Release|x64.Build.0 = Release|Any CPU
		{5C34AA20-7D22-4DA0-9E1F-964FF59D3A69}.Release|x86.ActiveCfg = Release|Any CPU
		{5C34AA20-7D22-4DA0-9E1F-964FF59D3A69}.Release|x86.Build.0 = Release|Any CPU
		{46822A3C-E64F-4866-B713-E33C238A8CD7}.Debug|Any CPU.ActiveCfg = Debug|Any CPU
		{46822A3C-E64F-4866-B713-E33C238A8CD7}.Debug|Any CPU.Build.0 = Debug|Any CPU
		{46822A3C-E64F-4866-B713-E33C238A8CD7}.Debug|x64.ActiveCfg = Debug|Any CPU
		{46822A3C-E64F-4866-B713-E33C238A8CD7}.Debug|x64.Build.0 = Debug|Any CPU
		{46822A3C-E64F-4866-B713-E33C238A8CD7}.Debug|x86.ActiveCfg = Debug|Any CPU
		{46822A3C-E64F-4866-B713-E33C238A8CD7}.Debug|x86.Build.0 = Debug|Any CPU
		{46822A3C-E64F-4866-B713-E33C238A8CD7}.Release|Any CPU.ActiveCfg = Release|Any CPU
		{46822A3C-E64F-4866-B713-E33C238A8CD7}.Release|Any CPU.Build.0 = Release|Any CPU
		{46822A3C-E64F-4866-B713-E33C238A8CD7}.Release|x64.ActiveCfg = Release|Any CPU
		{46822A3C-E64F-4866-B713-E33C238A8CD7}.Release|x64.Build.0 = Release|Any CPU
		{46822A3C-E64F-4866-B713-E33C238A8CD7}.Release|x86.ActiveCfg = Release|Any CPU
		{46822A3C-E64F-4866-B713-E33C238A8CD7}.Release|x86.Build.0 = Release|Any CPU
	EndGlobalSection
EndGlobal
