
Microsoft Visual Studio Solution File, Format Version 12.00
# Visual Studio 15
VisualStudioVersion = 15.0.26124.0
MinimumVisualStudioVersion = 15.0.26124.0
Project("{FAE04EC0-301F-11D3-BF4B-00C04F79EFBC}") = "Penguin.Cms.Modules.Images.Local", "Penguin.Cms.Modules.Images.Local.csproj", "{DE1A8950-3B60-43E4-AD8F-CED689F52B05}"
EndProject
Project("{FAE04EC0-301F-11D3-BF4B-00C04F79EFBC}") = "Penguin.Cms.Files.Local", "..\Penguin.Cms.Files\Penguin.Cms.Files.Local.csproj", "{877A9B6F-F729-4A8F-B937-8064B0AF91BF}"
EndProject
Project("{FAE04EC0-301F-11D3-BF4B-00C04F79EFBC}") = "Penguin.Cms.Entities.Local", "..\Penguin.Cms.Entities\Penguin.Cms.Entities.Local.csproj", "{7572EED2-F813-4F8F-928F-655501ECF420}"
EndProject
Project("{FAE04EC0-301F-11D3-BF4B-00C04F79EFBC}") = "Penguin.Persistence.Abstractions.Local", "..\Penguin.Persistence.Abstractions\Penguin.Persistence.Abstractions.Local.csproj", "{402B9E68-DD11-4F51-9534-34B4B4D1437D}"
EndProject
Project("{FAE04EC0-301F-11D3-BF4B-00C04F79EFBC}") = "Penguin.Entities.Abstractions.Local", "..\Penguin.Entities.Abstractions\Penguin.Entities.Abstractions.Local.csproj", "{AE69CD29-166A-4369-BA8C-EFD83ADD9619}"
EndProject
Project("{FAE04EC0-301F-11D3-BF4B-00C04F79EFBC}") = "Penguin.Reflection.Extensions.Local", "..\Penguin.Reflection.Extensions\Penguin.Reflection.Extensions.Local.csproj", "{605F0A68-18B4-442E-85D7-7E5357A5CBE8}"
EndProject
Project("{FAE04EC0-301F-11D3-BF4B-00C04F79EFBC}") = "Penguin.Extensions.String.Local", "..\Penguin.Extensions.String\Penguin.Extensions.String.Local.csproj", "{ED33EF04-D8DD-490F-917D-CEDC504213E1}"
EndProject
Project("{FAE04EC0-301F-11D3-BF4B-00C04F79EFBC}") = "Penguin.Reflection.Abstractions.Local", "..\Penguin.Reflection.Abstractions\Penguin.Reflection.Abstractions.Local.csproj", "{7F14E1E0-45DD-48D6-A7B9-00421DEEAA6D}"
EndProject
Project("{FAE04EC0-301F-11D3-BF4B-00C04F79EFBC}") = "Penguin.Files.Abstractions.Local", "..\Penguin.Files.Abstractions\Penguin.Files.Abstractions.Local.csproj", "{14DE6A03-7360-4AD8-A388-CEA947A23348}"
EndProject
Project("{FAE04EC0-301F-11D3-BF4B-00C04F79EFBC}") = "Penguin.Cms.Images.Repositories.Local", "..\Penguin.Cms.Images.Repositories\Penguin.Cms.Images.Repositories.Local.csproj", "{0ABF3A47-1FAE-4BDF-B025-F98D8A7F434C}"
EndProject
Project("{FAE04EC0-301F-11D3-BF4B-00C04F79EFBC}") = "Penguin.Cms.Images.Local", "..\Penguin.Cms.Images\Penguin.Cms.Images.Local.csproj", "{8676D5CE-70F8-409F-BA96-B107289F2D77}"
EndProject
Project("{FAE04EC0-301F-11D3-BF4B-00C04F79EFBC}") = "Penguin.Images.Local", "..\Penguin.Images\Penguin.Images.Local.csproj", "{DBF688AE-935D-42D4-BEB6-44413A9E3C5A}"
EndProject
Project("{FAE04EC0-301F-11D3-BF4B-00C04F79EFBC}") = "Penguin.Web.Data.Local", "..\Penguin.Web.Data\Penguin.Web.Data.Local.csproj", "{48622C76-0450-4F4A-B733-895524CE7D6D}"
EndProject
Project("{FAE04EC0-301F-11D3-BF4B-00C04F79EFBC}") = "Penguin.Cms.Repositories.Local", "..\Penguin.Cms.Repositories\Penguin.Cms.Repositories.Local.csproj", "{87C9E9D8-7F88-487F-98D1-FD246104D9D1}"
EndProject
Project("{FAE04EC0-301F-11D3-BF4B-00C04F79EFBC}") = "Penguin.Messaging.Core.Local", "..\Penguin.Messaging.Core\Penguin.Messaging.Core.Local.csproj", "{A936558D-4EF4-4802-8479-1FA999D8914D}"
EndProject
Project("{FAE04EC0-301F-11D3-BF4B-00C04F79EFBC}") = "Penguin.Debugging.Local", "..\Penguin.Debugging\Penguin.Debugging.Local.csproj", "{A1FEE789-A8E7-442E-A6BD-6BC3030C3D9D}"
EndProject
Project("{FAE04EC0-301F-11D3-BF4B-00C04F79EFBC}") = "Penguin.Extensions.Exceptions.Local", "..\Penguin.Extensions.Exceptions\Penguin.Extensions.Exceptions.Local.csproj", "{49E7E862-1104-4C49-82B7-043909EFDFC7}"
EndProject
Project("{FAE04EC0-301F-11D3-BF4B-00C04F79EFBC}") = "Penguin.Messaging.Abstractions.Local", "..\Penguin.Messaging.Abstractions\Penguin.Messaging.Abstractions.Local.csproj", "{23527E76-A86C-459A-8DD0-7FB9B1B586FB}"
EndProject
Project("{FAE04EC0-301F-11D3-BF4B-00C04F79EFBC}") = "Penguin.Persistence.Repositories.Local", "..\Penguin.Persistence.Repositories\Penguin.Persistence.Repositories.Local.csproj", "{E3717C9C-F5AB-499D-84BB-A5816D947E3F}"
EndProject
Project("{FAE04EC0-301F-11D3-BF4B-00C04F79EFBC}") = "Penguin.DependencyInjection.Abstractions.Local", "..\Penguin.DependencyInjection.Abstractions\Penguin.DependencyInjection.Abstractions.Local.csproj", "{BA6EA681-AA51-4A4D-B1D7-F5C6D7C2E9A2}"
EndProject
Project("{FAE04EC0-301F-11D3-BF4B-00C04F79EFBC}") = "Penguin.Messaging.Persistence.Local", "..\Penguin.Messaging.Persistence\Penguin.Messaging.Persistence.Local.csproj", "{09FD545A-6FE3-4F81-AA66-A3DFCB58A8DB}"
EndProject
Project("{FAE04EC0-301F-11D3-BF4B-00C04F79EFBC}") = "Penguin.Reflection.Local", "..\Penguin.Reflection\Penguin.Reflection.Local.csproj", "{780F59D2-7287-4E3D-8821-ACCB7E425592}"
EndProject
Project("{FAE04EC0-301F-11D3-BF4B-00C04F79EFBC}") = "Penguin.Security.Abstractions.Local", "..\Penguin.Security.Abstractions\Penguin.Security.Abstractions.Local.csproj", "{83391408-3036-43DF-8F0F-263ECDE52239}"
EndProject
Project("{FAE04EC0-301F-11D3-BF4B-00C04F79EFBC}") = "Penguin.Cms.Modules.Dynamic.Local", "..\Penguin.Cms.Modules.Dynamic\Penguin.Cms.Modules.Dynamic.Local.csproj", "{1CF5961E-7964-4D53-A3C2-592EABD54C26}"
EndProject
Project("{FAE04EC0-301F-11D3-BF4B-00C04F79EFBC}") = "Penguin.Cms.Errors.Local", "..\Penguin.Cms.Errors\Penguin.Cms.Errors.Local.csproj", "{D9E44A46-6947-4E28-A223-898F19889FC9}"
EndProject
Project("{FAE04EC0-301F-11D3-BF4B-00C04F79EFBC}") = "Penguin.Auditing.Abstractions.Local", "..\Penguin.Auditing.Abstractions\Penguin.Auditing.Abstractions.Local.csproj", "{9DF0F461-8FC8-4EE9-9EE4-40EA95EF62F8}"
EndProject
Project("{FAE04EC0-301F-11D3-BF4B-00C04F79EFBC}") = "Penguin.Cms.Modules.Admin.Local", "..\Penguin.Cms.Modules.Admin\Penguin.Cms.Modules.Admin.Local.csproj", "{824D631A-EA74-4A79-B9B4-623AB1457E16}"
EndProject
Project("{FAE04EC0-301F-11D3-BF4B-00C04F79EFBC}") = "Penguin.Cms.Modules.Core.Local", "..\Penguin.Cms.Modules.Core\Penguin.Cms.Modules.Core.Local.csproj", "{8B9EF79A-955E-4157-9E5F-78A5A33439E7}"
EndProject
Project("{FAE04EC0-301F-11D3-BF4B-00C04F79EFBC}") = "Penguin.Cms.Abstractions.Local", "..\Penguin.Cms.Abstractions\Penguin.Cms.Abstractions.Local.csproj", "{E9E8F909-599E-4120-AEF5-A9210B9572B2}"
EndProject
Project("{FAE04EC0-301F-11D3-BF4B-00C04F79EFBC}") = "Penguin.Cms.Core.Local", "..\Penguin.Cms.Core\Penguin.Cms.Core.Local.csproj", "{A55FDCC1-055D-47DC-8028-4E4AC7E5FE47}"
EndProject
Project("{FAE04EC0-301F-11D3-BF4B-00C04F79EFBC}") = "Penguin.Cms.Web.Local", "..\Penguin.Cms.Web\Penguin.Cms.Web.Local.csproj", "{6EB811F9-D32C-4D55-A481-BCBE860145D6}"
EndProject
Project("{FAE04EC0-301F-11D3-BF4B-00C04F79EFBC}") = "Penguin.Configuration.Local", "..\Penguin.Configuration\Penguin.Configuration.Local.csproj", "{CEDC4FA7-D454-4576-B3C6-D452268DA5FE}"
EndProject
Project("{FAE04EC0-301F-11D3-BF4B-00C04F79EFBC}") = "Penguin.Configuration.Abstractions.Local", "..\Penguin.Configuration.Abstractions\Penguin.Configuration.Abstractions.Local.csproj", "{6F76428D-7647-4C5E-9FF4-C4928946699C}"
EndProject
Project("{FAE04EC0-301F-11D3-BF4B-00C04F79EFBC}") = "Penguin.DependencyInjection.Local", "..\Penguin.DependencyInjection\Penguin.DependencyInjection.Local.csproj", "{98FFB55B-C6C3-4AB0-A1CD-121FD6553691}"
EndProject
Project("{FAE04EC0-301F-11D3-BF4B-00C04F79EFBC}") = "Penguin.Extensions.Collections.Local", "..\Penguin.Extensions.Collections\Penguin.Extensions.Collections.Local.csproj", "{991FD311-F07B-47B3-9111-3E5625D377EC}"
EndProject
Project("{FAE04EC0-301F-11D3-BF4B-00C04F79EFBC}") = "Penguin.Files.Local", "..\Penguin.Files\Penguin.Files.Local.csproj", "{0C0DEDEE-4FA3-4CB7-BC3B-E7EB13D7046F}"
EndProject
Project("{FAE04EC0-301F-11D3-BF4B-00C04F79EFBC}") = "Penguin.Messaging.Application.Local", "..\Penguin.Messaging.Application\Penguin.Messaging.Application.Local.csproj", "{F93793B7-866B-456B-9DA7-C689E192F87E}"
EndProject
Project("{FAE04EC0-301F-11D3-BF4B-00C04F79EFBC}") = "Penguin.Persistence.Database.Local", "..\Penguin.Persistence.Database\Penguin.Persistence.Database.Local.csproj", "{FAE6B8A1-C88A-4A20-B666-160416C974E6}"
EndProject
Project("{FAE04EC0-301F-11D3-BF4B-00C04F79EFBC}") = "Penguin.Threading.BackgroundWorker.Local", "..\Penguin.Threading.BackgroundWorker\Penguin.Threading.BackgroundWorker.Local.csproj", "{A1671FFE-4698-45FF-84B3-20240F6DEE1D}"
EndProject
Project("{FAE04EC0-301F-11D3-BF4B-00C04F79EFBC}") = "Penguin.Reflection.Serialization.Local", "..\Penguin.Reflection.Serialization\Penguin.Reflection.Serialization.Local.csproj", "{FE5A2876-3B67-4CEA-A49E-6DB44DD6D30E}"
EndProject
Project("{FAE04EC0-301F-11D3-BF4B-00C04F79EFBC}") = "Penguin.Reflection.Serialization.Abstractions.Local", "..\Penguin.Reflection.Serialization.Abstractions\Penguin.Reflection.Serialization.Abstractions.Local.csproj", "{030C1C2D-B590-4D20-B729-C46A3D12DB37}"
EndProject
Project("{FAE04EC0-301F-11D3-BF4B-00C04F79EFBC}") = "Penguin.Reflection.Serialization.Extensions.Local", "..\Penguin.Reflection.Serialization.Extensions\Penguin.Reflection.Serialization.Extensions.Local.csproj", "{89D89E2D-2B1F-4185-B1B7-1AB35E2FF593}"
EndProject
Project("{FAE04EC0-301F-11D3-BF4B-00C04F79EFBC}") = "Penguin.Templating.Abstractions.Local", "..\Penguin.Templating.Abstractions\Penguin.Templating.Abstractions.Local.csproj", "{EE26720D-2D0C-4AA0-841C-FAC7899076ED}"
EndProject
Project("{FAE04EC0-301F-11D3-BF4B-00C04F79EFBC}") = "Penguin.Testing.Local", "..\Penguin.Testing\Penguin.Testing.Local.csproj", "{BAE65ABA-A377-4B75-9C4D-543B1610D3BA}"
EndProject
Project("{FAE04EC0-301F-11D3-BF4B-00C04F79EFBC}") = "Penguin.Web.Abstractions.Local", "..\Penguin.Web.Abstractions\Penguin.Web.Abstractions.Local.csproj", "{EB1DE3F0-D054-4C9E-8106-28F926ABB82C}"
EndProject
Project("{FAE04EC0-301F-11D3-BF4B-00C04F79EFBC}") = "Penguin.Web.DependencyInjection.Local", "..\Penguin.Web.DependencyInjection\Penguin.Web.DependencyInjection.Local.csproj", "{BB2329F9-0000-416A-AAC7-09E19090D7B6}"
EndProject
Project("{FAE04EC0-301F-11D3-BF4B-00C04F79EFBC}") = "Penguin.Web.Testing.Local", "..\Penguin.Web.Testing\Penguin.Web.Testing.Local.csproj", "{AFBB973C-2DF3-4B47-863D-C455B56E76EB}"
EndProject
Project("{FAE04EC0-301F-11D3-BF4B-00C04F79EFBC}") = "Penguin.Web.Errors.Local", "..\Penguin.Web.Errors\Penguin.Web.Errors.Local.csproj", "{5C56404D-172E-4FA5-A6D0-95D68225B91F}"
EndProject
Project("{FAE04EC0-301F-11D3-BF4B-00C04F79EFBC}") = "Penguin.Web.Mvc.Local", "..\Penguin.Web.Mvc\Penguin.Web.Mvc.Local.csproj", "{FE0A12DC-4B5A-4F52-8661-C8A814688757}"
EndProject
Project("{FAE04EC0-301F-11D3-BF4B-00C04F79EFBC}") = "Penguin.Web.Mvc.Abstractions.Local", "..\Penguin.Web.Mvc.Abstractions\Penguin.Web.Mvc.Abstractions.Local.csproj", "{A9C651FE-5FDA-4DEA-9C9B-9581650A7543}"
EndProject
Project("{FAE04EC0-301F-11D3-BF4B-00C04F79EFBC}") = "Penguin.Navigation.Abstractions.Local", "..\Penguin.Navigation.Abstractions\Penguin.Navigation.Abstractions.Local.csproj", "{83C26965-30A3-43C1-827B-F798FD3B42C3}"
EndProject
Project("{FAE04EC0-301F-11D3-BF4B-00C04F79EFBC}") = "Penguin.Web.Security.Local", "..\Penguin.Web.Security\Penguin.Web.Security.Local.csproj", "{CF5BFA36-570B-4A31-B192-7A97DAE5C4BC}"
EndProject
Project("{FAE04EC0-301F-11D3-BF4B-00C04F79EFBC}") = "Penguin.Shared.Objects.Local", "..\Penguin.Shared.Objects\Penguin.Shared.Objects.Local.csproj", "{7D4C8330-4C03-4EE3-A774-FB4E8EC56657}"
EndProject
Project("{FAE04EC0-301F-11D3-BF4B-00C04F79EFBC}") = "Penguin.Web.Dynamic.Local", "..\Penguin.Web.Dynamic\Penguin.Web.Dynamic.Local.csproj", "{C52F2596-C6B9-4B73-A2FD-476E66FCF4FE}"
EndProject
Global
	GlobalSection(SolutionConfigurationPlatforms) = preSolution
		Debug|Any CPU = Debug|Any CPU
		Debug|x64 = Debug|x64
		Debug|x86 = Debug|x86
		Release|Any CPU = Release|Any CPU
		Release|x64 = Release|x64
		Release|x86 = Release|x86
	EndGlobalSection
	GlobalSection(SolutionProperties) = preSolution
		HideSolutionNode = FALSE
	EndGlobalSection
	GlobalSection(ProjectConfigurationPlatforms) = postSolution
		{DE1A8950-3B60-43E4-AD8F-CED689F52B05}.Debug|Any CPU.ActiveCfg = Debug|Any CPU
		{DE1A8950-3B60-43E4-AD8F-CED689F52B05}.Debug|Any CPU.Build.0 = Debug|Any CPU
		{DE1A8950-3B60-43E4-AD8F-CED689F52B05}.Debug|x64.ActiveCfg = Debug|Any CPU
		{DE1A8950-3B60-43E4-AD8F-CED689F52B05}.Debug|x64.Build.0 = Debug|Any CPU
		{DE1A8950-3B60-43E4-AD8F-CED689F52B05}.Debug|x86.ActiveCfg = Debug|Any CPU
		{DE1A8950-3B60-43E4-AD8F-CED689F52B05}.Debug|x86.Build.0 = Debug|Any CPU
		{DE1A8950-3B60-43E4-AD8F-CED689F52B05}.Release|Any CPU.ActiveCfg = Release|Any CPU
		{DE1A8950-3B60-43E4-AD8F-CED689F52B05}.Release|Any CPU.Build.0 = Release|Any CPU
		{DE1A8950-3B60-43E4-AD8F-CED689F52B05}.Release|x64.ActiveCfg = Release|Any CPU
		{DE1A8950-3B60-43E4-AD8F-CED689F52B05}.Release|x64.Build.0 = Release|Any CPU
		{DE1A8950-3B60-43E4-AD8F-CED689F52B05}.Release|x86.ActiveCfg = Release|Any CPU
		{DE1A8950-3B60-43E4-AD8F-CED689F52B05}.Release|x86.Build.0 = Release|Any CPU
		{877A9B6F-F729-4A8F-B937-8064B0AF91BF}.Debug|Any CPU.ActiveCfg = Debug|Any CPU
		{877A9B6F-F729-4A8F-B937-8064B0AF91BF}.Debug|Any CPU.Build.0 = Debug|Any CPU
		{877A9B6F-F729-4A8F-B937-8064B0AF91BF}.Debug|x64.ActiveCfg = Debug|Any CPU
		{877A9B6F-F729-4A8F-B937-8064B0AF91BF}.Debug|x64.Build.0 = Debug|Any CPU
		{877A9B6F-F729-4A8F-B937-8064B0AF91BF}.Debug|x86.ActiveCfg = Debug|Any CPU
		{877A9B6F-F729-4A8F-B937-8064B0AF91BF}.Debug|x86.Build.0 = Debug|Any CPU
		{877A9B6F-F729-4A8F-B937-8064B0AF91BF}.Release|Any CPU.ActiveCfg = Release|Any CPU
		{877A9B6F-F729-4A8F-B937-8064B0AF91BF}.Release|Any CPU.Build.0 = Release|Any CPU
		{877A9B6F-F729-4A8F-B937-8064B0AF91BF}.Release|x64.ActiveCfg = Release|Any CPU
		{877A9B6F-F729-4A8F-B937-8064B0AF91BF}.Release|x64.Build.0 = Release|Any CPU
		{877A9B6F-F729-4A8F-B937-8064B0AF91BF}.Release|x86.ActiveCfg = Release|Any CPU
		{877A9B6F-F729-4A8F-B937-8064B0AF91BF}.Release|x86.Build.0 = Release|Any CPU
		{7572EED2-F813-4F8F-928F-655501ECF420}.Debug|Any CPU.ActiveCfg = Debug|Any CPU
		{7572EED2-F813-4F8F-928F-655501ECF420}.Debug|Any CPU.Build.0 = Debug|Any CPU
		{7572EED2-F813-4F8F-928F-655501ECF420}.Debug|x64.ActiveCfg = Debug|Any CPU
		{7572EED2-F813-4F8F-928F-655501ECF420}.Debug|x64.Build.0 = Debug|Any CPU
		{7572EED2-F813-4F8F-928F-655501ECF420}.Debug|x86.ActiveCfg = Debug|Any CPU
		{7572EED2-F813-4F8F-928F-655501ECF420}.Debug|x86.Build.0 = Debug|Any CPU
		{7572EED2-F813-4F8F-928F-655501ECF420}.Release|Any CPU.ActiveCfg = Release|Any CPU
		{7572EED2-F813-4F8F-928F-655501ECF420}.Release|Any CPU.Build.0 = Release|Any CPU
		{7572EED2-F813-4F8F-928F-655501ECF420}.Release|x64.ActiveCfg = Release|Any CPU
		{7572EED2-F813-4F8F-928F-655501ECF420}.Release|x64.Build.0 = Release|Any CPU
		{7572EED2-F813-4F8F-928F-655501ECF420}.Release|x86.ActiveCfg = Release|Any CPU
		{7572EED2-F813-4F8F-928F-655501ECF420}.Release|x86.Build.0 = Release|Any CPU
		{402B9E68-DD11-4F51-9534-34B4B4D1437D}.Debug|Any CPU.ActiveCfg = Debug|Any CPU
		{402B9E68-DD11-4F51-9534-34B4B4D1437D}.Debug|Any CPU.Build.0 = Debug|Any CPU
		{402B9E68-DD11-4F51-9534-34B4B4D1437D}.Debug|x64.ActiveCfg = Debug|Any CPU
		{402B9E68-DD11-4F51-9534-34B4B4D1437D}.Debug|x64.Build.0 = Debug|Any CPU
		{402B9E68-DD11-4F51-9534-34B4B4D1437D}.Debug|x86.ActiveCfg = Debug|Any CPU
		{402B9E68-DD11-4F51-9534-34B4B4D1437D}.Debug|x86.Build.0 = Debug|Any CPU
		{402B9E68-DD11-4F51-9534-34B4B4D1437D}.Release|Any CPU.ActiveCfg = Release|Any CPU
		{402B9E68-DD11-4F51-9534-34B4B4D1437D}.Release|Any CPU.Build.0 = Release|Any CPU
		{402B9E68-DD11-4F51-9534-34B4B4D1437D}.Release|x64.ActiveCfg = Release|Any CPU
		{402B9E68-DD11-4F51-9534-34B4B4D1437D}.Release|x64.Build.0 = Release|Any CPU
		{402B9E68-DD11-4F51-9534-34B4B4D1437D}.Release|x86.ActiveCfg = Release|Any CPU
		{402B9E68-DD11-4F51-9534-34B4B4D1437D}.Release|x86.Build.0 = Release|Any CPU
		{AE69CD29-166A-4369-BA8C-EFD83ADD9619}.Debug|Any CPU.ActiveCfg = Debug|Any CPU
		{AE69CD29-166A-4369-BA8C-EFD83ADD9619}.Debug|Any CPU.Build.0 = Debug|Any CPU
		{AE69CD29-166A-4369-BA8C-EFD83ADD9619}.Debug|x64.ActiveCfg = Debug|Any CPU
		{AE69CD29-166A-4369-BA8C-EFD83ADD9619}.Debug|x64.Build.0 = Debug|Any CPU
		{AE69CD29-166A-4369-BA8C-EFD83ADD9619}.Debug|x86.ActiveCfg = Debug|Any CPU
		{AE69CD29-166A-4369-BA8C-EFD83ADD9619}.Debug|x86.Build.0 = Debug|Any CPU
		{AE69CD29-166A-4369-BA8C-EFD83ADD9619}.Release|Any CPU.ActiveCfg = Release|Any CPU
		{AE69CD29-166A-4369-BA8C-EFD83ADD9619}.Release|Any CPU.Build.0 = Release|Any CPU
		{AE69CD29-166A-4369-BA8C-EFD83ADD9619}.Release|x64.ActiveCfg = Release|Any CPU
		{AE69CD29-166A-4369-BA8C-EFD83ADD9619}.Release|x64.Build.0 = Release|Any CPU
		{AE69CD29-166A-4369-BA8C-EFD83ADD9619}.Release|x86.ActiveCfg = Release|Any CPU
		{AE69CD29-166A-4369-BA8C-EFD83ADD9619}.Release|x86.Build.0 = Release|Any CPU
		{605F0A68-18B4-442E-85D7-7E5357A5CBE8}.Debug|Any CPU.ActiveCfg = Debug|Any CPU
		{605F0A68-18B4-442E-85D7-7E5357A5CBE8}.Debug|Any CPU.Build.0 = Debug|Any CPU
		{605F0A68-18B4-442E-85D7-7E5357A5CBE8}.Debug|x64.ActiveCfg = Debug|Any CPU
		{605F0A68-18B4-442E-85D7-7E5357A5CBE8}.Debug|x64.Build.0 = Debug|Any CPU
		{605F0A68-18B4-442E-85D7-7E5357A5CBE8}.Debug|x86.ActiveCfg = Debug|Any CPU
		{605F0A68-18B4-442E-85D7-7E5357A5CBE8}.Debug|x86.Build.0 = Debug|Any CPU
		{605F0A68-18B4-442E-85D7-7E5357A5CBE8}.Release|Any CPU.ActiveCfg = Release|Any CPU
		{605F0A68-18B4-442E-85D7-7E5357A5CBE8}.Release|Any CPU.Build.0 = Release|Any CPU
		{605F0A68-18B4-442E-85D7-7E5357A5CBE8}.Release|x64.ActiveCfg = Release|Any CPU
		{605F0A68-18B4-442E-85D7-7E5357A5CBE8}.Release|x64.Build.0 = Release|Any CPU
		{605F0A68-18B4-442E-85D7-7E5357A5CBE8}.Release|x86.ActiveCfg = Release|Any CPU
		{605F0A68-18B4-442E-85D7-7E5357A5CBE8}.Release|x86.Build.0 = Release|Any CPU
		{ED33EF04-D8DD-490F-917D-CEDC504213E1}.Debug|Any CPU.ActiveCfg = Debug|Any CPU
		{ED33EF04-D8DD-490F-917D-CEDC504213E1}.Debug|Any CPU.Build.0 = Debug|Any CPU
		{ED33EF04-D8DD-490F-917D-CEDC504213E1}.Debug|x64.ActiveCfg = Debug|Any CPU
		{ED33EF04-D8DD-490F-917D-CEDC504213E1}.Debug|x64.Build.0 = Debug|Any CPU
		{ED33EF04-D8DD-490F-917D-CEDC504213E1}.Debug|x86.ActiveCfg = Debug|Any CPU
		{ED33EF04-D8DD-490F-917D-CEDC504213E1}.Debug|x86.Build.0 = Debug|Any CPU
		{ED33EF04-D8DD-490F-917D-CEDC504213E1}.Release|Any CPU.ActiveCfg = Release|Any CPU
		{ED33EF04-D8DD-490F-917D-CEDC504213E1}.Release|Any CPU.Build.0 = Release|Any CPU
		{ED33EF04-D8DD-490F-917D-CEDC504213E1}.Release|x64.ActiveCfg = Release|Any CPU
		{ED33EF04-D8DD-490F-917D-CEDC504213E1}.Release|x64.Build.0 = Release|Any CPU
		{ED33EF04-D8DD-490F-917D-CEDC504213E1}.Release|x86.ActiveCfg = Release|Any CPU
		{ED33EF04-D8DD-490F-917D-CEDC504213E1}.Release|x86.Build.0 = Release|Any CPU
		{7F14E1E0-45DD-48D6-A7B9-00421DEEAA6D}.Debug|Any CPU.ActiveCfg = Debug|Any CPU
		{7F14E1E0-45DD-48D6-A7B9-00421DEEAA6D}.Debug|Any CPU.Build.0 = Debug|Any CPU
		{7F14E1E0-45DD-48D6-A7B9-00421DEEAA6D}.Debug|x64.ActiveCfg = Debug|Any CPU
		{7F14E1E0-45DD-48D6-A7B9-00421DEEAA6D}.Debug|x64.Build.0 = Debug|Any CPU
		{7F14E1E0-45DD-48D6-A7B9-00421DEEAA6D}.Debug|x86.ActiveCfg = Debug|Any CPU
		{7F14E1E0-45DD-48D6-A7B9-00421DEEAA6D}.Debug|x86.Build.0 = Debug|Any CPU
		{7F14E1E0-45DD-48D6-A7B9-00421DEEAA6D}.Release|Any CPU.ActiveCfg = Release|Any CPU
		{7F14E1E0-45DD-48D6-A7B9-00421DEEAA6D}.Release|Any CPU.Build.0 = Release|Any CPU
		{7F14E1E0-45DD-48D6-A7B9-00421DEEAA6D}.Release|x64.ActiveCfg = Release|Any CPU
		{7F14E1E0-45DD-48D6-A7B9-00421DEEAA6D}.Release|x64.Build.0 = Release|Any CPU
		{7F14E1E0-45DD-48D6-A7B9-00421DEEAA6D}.Release|x86.ActiveCfg = Release|Any CPU
		{7F14E1E0-45DD-48D6-A7B9-00421DEEAA6D}.Release|x86.Build.0 = Release|Any CPU
		{14DE6A03-7360-4AD8-A388-CEA947A23348}.Debug|Any CPU.ActiveCfg = Debug|Any CPU
		{14DE6A03-7360-4AD8-A388-CEA947A23348}.Debug|Any CPU.Build.0 = Debug|Any CPU
		{14DE6A03-7360-4AD8-A388-CEA947A23348}.Debug|x64.ActiveCfg = Debug|Any CPU
		{14DE6A03-7360-4AD8-A388-CEA947A23348}.Debug|x64.Build.0 = Debug|Any CPU
		{14DE6A03-7360-4AD8-A388-CEA947A23348}.Debug|x86.ActiveCfg = Debug|Any CPU
		{14DE6A03-7360-4AD8-A388-CEA947A23348}.Debug|x86.Build.0 = Debug|Any CPU
		{14DE6A03-7360-4AD8-A388-CEA947A23348}.Release|Any CPU.ActiveCfg = Release|Any CPU
		{14DE6A03-7360-4AD8-A388-CEA947A23348}.Release|Any CPU.Build.0 = Release|Any CPU
		{14DE6A03-7360-4AD8-A388-CEA947A23348}.Release|x64.ActiveCfg = Release|Any CPU
		{14DE6A03-7360-4AD8-A388-CEA947A23348}.Release|x64.Build.0 = Release|Any CPU
		{14DE6A03-7360-4AD8-A388-CEA947A23348}.Release|x86.ActiveCfg = Release|Any CPU
		{14DE6A03-7360-4AD8-A388-CEA947A23348}.Release|x86.Build.0 = Release|Any CPU
		{0ABF3A47-1FAE-4BDF-B025-F98D8A7F434C}.Debug|Any CPU.ActiveCfg = Debug|Any CPU
		{0ABF3A47-1FAE-4BDF-B025-F98D8A7F434C}.Debug|Any CPU.Build.0 = Debug|Any CPU
		{0ABF3A47-1FAE-4BDF-B025-F98D8A7F434C}.Debug|x64.ActiveCfg = Debug|Any CPU
		{0ABF3A47-1FAE-4BDF-B025-F98D8A7F434C}.Debug|x64.Build.0 = Debug|Any CPU
		{0ABF3A47-1FAE-4BDF-B025-F98D8A7F434C}.Debug|x86.ActiveCfg = Debug|Any CPU
		{0ABF3A47-1FAE-4BDF-B025-F98D8A7F434C}.Debug|x86.Build.0 = Debug|Any CPU
		{0ABF3A47-1FAE-4BDF-B025-F98D8A7F434C}.Release|Any CPU.ActiveCfg = Release|Any CPU
		{0ABF3A47-1FAE-4BDF-B025-F98D8A7F434C}.Release|Any CPU.Build.0 = Release|Any CPU
		{0ABF3A47-1FAE-4BDF-B025-F98D8A7F434C}.Release|x64.ActiveCfg = Release|Any CPU
		{0ABF3A47-1FAE-4BDF-B025-F98D8A7F434C}.Release|x64.Build.0 = Release|Any CPU
		{0ABF3A47-1FAE-4BDF-B025-F98D8A7F434C}.Release|x86.ActiveCfg = Release|Any CPU
		{0ABF3A47-1FAE-4BDF-B025-F98D8A7F434C}.Release|x86.Build.0 = Release|Any CPU
		{8676D5CE-70F8-409F-BA96-B107289F2D77}.Debug|Any CPU.ActiveCfg = Debug|Any CPU
		{8676D5CE-70F8-409F-BA96-B107289F2D77}.Debug|Any CPU.Build.0 = Debug|Any CPU
		{8676D5CE-70F8-409F-BA96-B107289F2D77}.Debug|x64.ActiveCfg = Debug|Any CPU
		{8676D5CE-70F8-409F-BA96-B107289F2D77}.Debug|x64.Build.0 = Debug|Any CPU
		{8676D5CE-70F8-409F-BA96-B107289F2D77}.Debug|x86.ActiveCfg = Debug|Any CPU
		{8676D5CE-70F8-409F-BA96-B107289F2D77}.Debug|x86.Build.0 = Debug|Any CPU
		{8676D5CE-70F8-409F-BA96-B107289F2D77}.Release|Any CPU.ActiveCfg = Release|Any CPU
		{8676D5CE-70F8-409F-BA96-B107289F2D77}.Release|Any CPU.Build.0 = Release|Any CPU
		{8676D5CE-70F8-409F-BA96-B107289F2D77}.Release|x64.ActiveCfg = Release|Any CPU
		{8676D5CE-70F8-409F-BA96-B107289F2D77}.Release|x64.Build.0 = Release|Any CPU
		{8676D5CE-70F8-409F-BA96-B107289F2D77}.Release|x86.ActiveCfg = Release|Any CPU
		{8676D5CE-70F8-409F-BA96-B107289F2D77}.Release|x86.Build.0 = Release|Any CPU
		{DBF688AE-935D-42D4-BEB6-44413A9E3C5A}.Debug|Any CPU.ActiveCfg = Debug|Any CPU
		{DBF688AE-935D-42D4-BEB6-44413A9E3C5A}.Debug|Any CPU.Build.0 = Debug|Any CPU
		{DBF688AE-935D-42D4-BEB6-44413A9E3C5A}.Debug|x64.ActiveCfg = Debug|Any CPU
		{DBF688AE-935D-42D4-BEB6-44413A9E3C5A}.Debug|x64.Build.0 = Debug|Any CPU
		{DBF688AE-935D-42D4-BEB6-44413A9E3C5A}.Debug|x86.ActiveCfg = Debug|Any CPU
		{DBF688AE-935D-42D4-BEB6-44413A9E3C5A}.Debug|x86.Build.0 = Debug|Any CPU
		{DBF688AE-935D-42D4-BEB6-44413A9E3C5A}.Release|Any CPU.ActiveCfg = Release|Any CPU
		{DBF688AE-935D-42D4-BEB6-44413A9E3C5A}.Release|Any CPU.Build.0 = Release|Any CPU
		{DBF688AE-935D-42D4-BEB6-44413A9E3C5A}.Release|x64.ActiveCfg = Release|Any CPU
		{DBF688AE-935D-42D4-BEB6-44413A9E3C5A}.Release|x64.Build.0 = Release|Any CPU
		{DBF688AE-935D-42D4-BEB6-44413A9E3C5A}.Release|x86.ActiveCfg = Release|Any CPU
		{DBF688AE-935D-42D4-BEB6-44413A9E3C5A}.Release|x86.Build.0 = Release|Any CPU
		{48622C76-0450-4F4A-B733-895524CE7D6D}.Debug|Any CPU.ActiveCfg = Debug|Any CPU
		{48622C76-0450-4F4A-B733-895524CE7D6D}.Debug|Any CPU.Build.0 = Debug|Any CPU
		{48622C76-0450-4F4A-B733-895524CE7D6D}.Debug|x64.ActiveCfg = Debug|Any CPU
		{48622C76-0450-4F4A-B733-895524CE7D6D}.Debug|x64.Build.0 = Debug|Any CPU
		{48622C76-0450-4F4A-B733-895524CE7D6D}.Debug|x86.ActiveCfg = Debug|Any CPU
		{48622C76-0450-4F4A-B733-895524CE7D6D}.Debug|x86.Build.0 = Debug|Any CPU
		{48622C76-0450-4F4A-B733-895524CE7D6D}.Release|Any CPU.ActiveCfg = Release|Any CPU
		{48622C76-0450-4F4A-B733-895524CE7D6D}.Release|Any CPU.Build.0 = Release|Any CPU
		{48622C76-0450-4F4A-B733-895524CE7D6D}.Release|x64.ActiveCfg = Release|Any CPU
		{48622C76-0450-4F4A-B733-895524CE7D6D}.Release|x64.Build.0 = Release|Any CPU
		{48622C76-0450-4F4A-B733-895524CE7D6D}.Release|x86.ActiveCfg = Release|Any CPU
		{48622C76-0450-4F4A-B733-895524CE7D6D}.Release|x86.Build.0 = Release|Any CPU
		{87C9E9D8-7F88-487F-98D1-FD246104D9D1}.Debug|Any CPU.ActiveCfg = Debug|Any CPU
		{87C9E9D8-7F88-487F-98D1-FD246104D9D1}.Debug|Any CPU.Build.0 = Debug|Any CPU
		{87C9E9D8-7F88-487F-98D1-FD246104D9D1}.Debug|x64.ActiveCfg = Debug|Any CPU
		{87C9E9D8-7F88-487F-98D1-FD246104D9D1}.Debug|x64.Build.0 = Debug|Any CPU
		{87C9E9D8-7F88-487F-98D1-FD246104D9D1}.Debug|x86.ActiveCfg = Debug|Any CPU
		{87C9E9D8-7F88-487F-98D1-FD246104D9D1}.Debug|x86.Build.0 = Debug|Any CPU
		{87C9E9D8-7F88-487F-98D1-FD246104D9D1}.Release|Any CPU.ActiveCfg = Release|Any CPU
		{87C9E9D8-7F88-487F-98D1-FD246104D9D1}.Release|Any CPU.Build.0 = Release|Any CPU
		{87C9E9D8-7F88-487F-98D1-FD246104D9D1}.Release|x64.ActiveCfg = Release|Any CPU
		{87C9E9D8-7F88-487F-98D1-FD246104D9D1}.Release|x64.Build.0 = Release|Any CPU
		{87C9E9D8-7F88-487F-98D1-FD246104D9D1}.Release|x86.ActiveCfg = Release|Any CPU
		{87C9E9D8-7F88-487F-98D1-FD246104D9D1}.Release|x86.Build.0 = Release|Any CPU
		{A936558D-4EF4-4802-8479-1FA999D8914D}.Debug|Any CPU.ActiveCfg = Debug|Any CPU
		{A936558D-4EF4-4802-8479-1FA999D8914D}.Debug|Any CPU.Build.0 = Debug|Any CPU
		{A936558D-4EF4-4802-8479-1FA999D8914D}.Debug|x64.ActiveCfg = Debug|Any CPU
		{A936558D-4EF4-4802-8479-1FA999D8914D}.Debug|x64.Build.0 = Debug|Any CPU
		{A936558D-4EF4-4802-8479-1FA999D8914D}.Debug|x86.ActiveCfg = Debug|Any CPU
		{A936558D-4EF4-4802-8479-1FA999D8914D}.Debug|x86.Build.0 = Debug|Any CPU
		{A936558D-4EF4-4802-8479-1FA999D8914D}.Release|Any CPU.ActiveCfg = Release|Any CPU
		{A936558D-4EF4-4802-8479-1FA999D8914D}.Release|Any CPU.Build.0 = Release|Any CPU
		{A936558D-4EF4-4802-8479-1FA999D8914D}.Release|x64.ActiveCfg = Release|Any CPU
		{A936558D-4EF4-4802-8479-1FA999D8914D}.Release|x64.Build.0 = Release|Any CPU
		{A936558D-4EF4-4802-8479-1FA999D8914D}.Release|x86.ActiveCfg = Release|Any CPU
		{A936558D-4EF4-4802-8479-1FA999D8914D}.Release|x86.Build.0 = Release|Any CPU
		{A1FEE789-A8E7-442E-A6BD-6BC3030C3D9D}.Debug|Any CPU.ActiveCfg = Debug|Any CPU
		{A1FEE789-A8E7-442E-A6BD-6BC3030C3D9D}.Debug|Any CPU.Build.0 = Debug|Any CPU
		{A1FEE789-A8E7-442E-A6BD-6BC3030C3D9D}.Debug|x64.ActiveCfg = Debug|Any CPU
		{A1FEE789-A8E7-442E-A6BD-6BC3030C3D9D}.Debug|x64.Build.0 = Debug|Any CPU
		{A1FEE789-A8E7-442E-A6BD-6BC3030C3D9D}.Debug|x86.ActiveCfg = Debug|Any CPU
		{A1FEE789-A8E7-442E-A6BD-6BC3030C3D9D}.Debug|x86.Build.0 = Debug|Any CPU
		{A1FEE789-A8E7-442E-A6BD-6BC3030C3D9D}.Release|Any CPU.ActiveCfg = Release|Any CPU
		{A1FEE789-A8E7-442E-A6BD-6BC3030C3D9D}.Release|Any CPU.Build.0 = Release|Any CPU
		{A1FEE789-A8E7-442E-A6BD-6BC3030C3D9D}.Release|x64.ActiveCfg = Release|Any CPU
		{A1FEE789-A8E7-442E-A6BD-6BC3030C3D9D}.Release|x64.Build.0 = Release|Any CPU
		{A1FEE789-A8E7-442E-A6BD-6BC3030C3D9D}.Release|x86.ActiveCfg = Release|Any CPU
		{A1FEE789-A8E7-442E-A6BD-6BC3030C3D9D}.Release|x86.Build.0 = Release|Any CPU
		{49E7E862-1104-4C49-82B7-043909EFDFC7}.Debug|Any CPU.ActiveCfg = Debug|Any CPU
		{49E7E862-1104-4C49-82B7-043909EFDFC7}.Debug|Any CPU.Build.0 = Debug|Any CPU
		{49E7E862-1104-4C49-82B7-043909EFDFC7}.Debug|x64.ActiveCfg = Debug|Any CPU
		{49E7E862-1104-4C49-82B7-043909EFDFC7}.Debug|x64.Build.0 = Debug|Any CPU
		{49E7E862-1104-4C49-82B7-043909EFDFC7}.Debug|x86.ActiveCfg = Debug|Any CPU
		{49E7E862-1104-4C49-82B7-043909EFDFC7}.Debug|x86.Build.0 = Debug|Any CPU
		{49E7E862-1104-4C49-82B7-043909EFDFC7}.Release|Any CPU.ActiveCfg = Release|Any CPU
		{49E7E862-1104-4C49-82B7-043909EFDFC7}.Release|Any CPU.Build.0 = Release|Any CPU
		{49E7E862-1104-4C49-82B7-043909EFDFC7}.Release|x64.ActiveCfg = Release|Any CPU
		{49E7E862-1104-4C49-82B7-043909EFDFC7}.Release|x64.Build.0 = Release|Any CPU
		{49E7E862-1104-4C49-82B7-043909EFDFC7}.Release|x86.ActiveCfg = Release|Any CPU
		{49E7E862-1104-4C49-82B7-043909EFDFC7}.Release|x86.Build.0 = Release|Any CPU
		{23527E76-A86C-459A-8DD0-7FB9B1B586FB}.Debug|Any CPU.ActiveCfg = Debug|Any CPU
		{23527E76-A86C-459A-8DD0-7FB9B1B586FB}.Debug|Any CPU.Build.0 = Debug|Any CPU
		{23527E76-A86C-459A-8DD0-7FB9B1B586FB}.Debug|x64.ActiveCfg = Debug|Any CPU
		{23527E76-A86C-459A-8DD0-7FB9B1B586FB}.Debug|x64.Build.0 = Debug|Any CPU
		{23527E76-A86C-459A-8DD0-7FB9B1B586FB}.Debug|x86.ActiveCfg = Debug|Any CPU
		{23527E76-A86C-459A-8DD0-7FB9B1B586FB}.Debug|x86.Build.0 = Debug|Any CPU
		{23527E76-A86C-459A-8DD0-7FB9B1B586FB}.Release|Any CPU.ActiveCfg = Release|Any CPU
		{23527E76-A86C-459A-8DD0-7FB9B1B586FB}.Release|Any CPU.Build.0 = Release|Any CPU
		{23527E76-A86C-459A-8DD0-7FB9B1B586FB}.Release|x64.ActiveCfg = Release|Any CPU
		{23527E76-A86C-459A-8DD0-7FB9B1B586FB}.Release|x64.Build.0 = Release|Any CPU
		{23527E76-A86C-459A-8DD0-7FB9B1B586FB}.Release|x86.ActiveCfg = Release|Any CPU
		{23527E76-A86C-459A-8DD0-7FB9B1B586FB}.Release|x86.Build.0 = Release|Any CPU
		{E3717C9C-F5AB-499D-84BB-A5816D947E3F}.Debug|Any CPU.ActiveCfg = Debug|Any CPU
		{E3717C9C-F5AB-499D-84BB-A5816D947E3F}.Debug|Any CPU.Build.0 = Debug|Any CPU
		{E3717C9C-F5AB-499D-84BB-A5816D947E3F}.Debug|x64.ActiveCfg = Debug|Any CPU
		{E3717C9C-F5AB-499D-84BB-A5816D947E3F}.Debug|x64.Build.0 = Debug|Any CPU
		{E3717C9C-F5AB-499D-84BB-A5816D947E3F}.Debug|x86.ActiveCfg = Debug|Any CPU
		{E3717C9C-F5AB-499D-84BB-A5816D947E3F}.Debug|x86.Build.0 = Debug|Any CPU
		{E3717C9C-F5AB-499D-84BB-A5816D947E3F}.Release|Any CPU.ActiveCfg = Release|Any CPU
		{E3717C9C-F5AB-499D-84BB-A5816D947E3F}.Release|Any CPU.Build.0 = Release|Any CPU
		{E3717C9C-F5AB-499D-84BB-A5816D947E3F}.Release|x64.ActiveCfg = Release|Any CPU
		{E3717C9C-F5AB-499D-84BB-A5816D947E3F}.Release|x64.Build.0 = Release|Any CPU
		{E3717C9C-F5AB-499D-84BB-A5816D947E3F}.Release|x86.ActiveCfg = Release|Any CPU
		{E3717C9C-F5AB-499D-84BB-A5816D947E3F}.Release|x86.Build.0 = Release|Any CPU
		{BA6EA681-AA51-4A4D-B1D7-F5C6D7C2E9A2}.Debug|Any CPU.ActiveCfg = Debug|Any CPU
		{BA6EA681-AA51-4A4D-B1D7-F5C6D7C2E9A2}.Debug|Any CPU.Build.0 = Debug|Any CPU
		{BA6EA681-AA51-4A4D-B1D7-F5C6D7C2E9A2}.Debug|x64.ActiveCfg = Debug|Any CPU
		{BA6EA681-AA51-4A4D-B1D7-F5C6D7C2E9A2}.Debug|x64.Build.0 = Debug|Any CPU
		{BA6EA681-AA51-4A4D-B1D7-F5C6D7C2E9A2}.Debug|x86.ActiveCfg = Debug|Any CPU
		{BA6EA681-AA51-4A4D-B1D7-F5C6D7C2E9A2}.Debug|x86.Build.0 = Debug|Any CPU
		{BA6EA681-AA51-4A4D-B1D7-F5C6D7C2E9A2}.Release|Any CPU.ActiveCfg = Release|Any CPU
		{BA6EA681-AA51-4A4D-B1D7-F5C6D7C2E9A2}.Release|Any CPU.Build.0 = Release|Any CPU
		{BA6EA681-AA51-4A4D-B1D7-F5C6D7C2E9A2}.Release|x64.ActiveCfg = Release|Any CPU
		{BA6EA681-AA51-4A4D-B1D7-F5C6D7C2E9A2}.Release|x64.Build.0 = Release|Any CPU
		{BA6EA681-AA51-4A4D-B1D7-F5C6D7C2E9A2}.Release|x86.ActiveCfg = Release|Any CPU
		{BA6EA681-AA51-4A4D-B1D7-F5C6D7C2E9A2}.Release|x86.Build.0 = Release|Any CPU
		{09FD545A-6FE3-4F81-AA66-A3DFCB58A8DB}.Debug|Any CPU.ActiveCfg = Debug|Any CPU
		{09FD545A-6FE3-4F81-AA66-A3DFCB58A8DB}.Debug|Any CPU.Build.0 = Debug|Any CPU
		{09FD545A-6FE3-4F81-AA66-A3DFCB58A8DB}.Debug|x64.ActiveCfg = Debug|Any CPU
		{09FD545A-6FE3-4F81-AA66-A3DFCB58A8DB}.Debug|x64.Build.0 = Debug|Any CPU
		{09FD545A-6FE3-4F81-AA66-A3DFCB58A8DB}.Debug|x86.ActiveCfg = Debug|Any CPU
		{09FD545A-6FE3-4F81-AA66-A3DFCB58A8DB}.Debug|x86.Build.0 = Debug|Any CPU
		{09FD545A-6FE3-4F81-AA66-A3DFCB58A8DB}.Release|Any CPU.ActiveCfg = Release|Any CPU
		{09FD545A-6FE3-4F81-AA66-A3DFCB58A8DB}.Release|Any CPU.Build.0 = Release|Any CPU
		{09FD545A-6FE3-4F81-AA66-A3DFCB58A8DB}.Release|x64.ActiveCfg = Release|Any CPU
		{09FD545A-6FE3-4F81-AA66-A3DFCB58A8DB}.Release|x64.Build.0 = Release|Any CPU
		{09FD545A-6FE3-4F81-AA66-A3DFCB58A8DB}.Release|x86.ActiveCfg = Release|Any CPU
		{09FD545A-6FE3-4F81-AA66-A3DFCB58A8DB}.Release|x86.Build.0 = Release|Any CPU
		{780F59D2-7287-4E3D-8821-ACCB7E425592}.Debug|Any CPU.ActiveCfg = Debug|Any CPU
		{780F59D2-7287-4E3D-8821-ACCB7E425592}.Debug|Any CPU.Build.0 = Debug|Any CPU
		{780F59D2-7287-4E3D-8821-ACCB7E425592}.Debug|x64.ActiveCfg = Debug|Any CPU
		{780F59D2-7287-4E3D-8821-ACCB7E425592}.Debug|x64.Build.0 = Debug|Any CPU
		{780F59D2-7287-4E3D-8821-ACCB7E425592}.Debug|x86.ActiveCfg = Debug|Any CPU
		{780F59D2-7287-4E3D-8821-ACCB7E425592}.Debug|x86.Build.0 = Debug|Any CPU
		{780F59D2-7287-4E3D-8821-ACCB7E425592}.Release|Any CPU.ActiveCfg = Release|Any CPU
		{780F59D2-7287-4E3D-8821-ACCB7E425592}.Release|Any CPU.Build.0 = Release|Any CPU
		{780F59D2-7287-4E3D-8821-ACCB7E425592}.Release|x64.ActiveCfg = Release|Any CPU
		{780F59D2-7287-4E3D-8821-ACCB7E425592}.Release|x64.Build.0 = Release|Any CPU
		{780F59D2-7287-4E3D-8821-ACCB7E425592}.Release|x86.ActiveCfg = Release|Any CPU
		{780F59D2-7287-4E3D-8821-ACCB7E425592}.Release|x86.Build.0 = Release|Any CPU
		{83391408-3036-43DF-8F0F-263ECDE52239}.Debug|Any CPU.ActiveCfg = Debug|Any CPU
		{83391408-3036-43DF-8F0F-263ECDE52239}.Debug|Any CPU.Build.0 = Debug|Any CPU
		{83391408-3036-43DF-8F0F-263ECDE52239}.Debug|x64.ActiveCfg = Debug|Any CPU
		{83391408-3036-43DF-8F0F-263ECDE52239}.Debug|x64.Build.0 = Debug|Any CPU
		{83391408-3036-43DF-8F0F-263ECDE52239}.Debug|x86.ActiveCfg = Debug|Any CPU
		{83391408-3036-43DF-8F0F-263ECDE52239}.Debug|x86.Build.0 = Debug|Any CPU
		{83391408-3036-43DF-8F0F-263ECDE52239}.Release|Any CPU.ActiveCfg = Release|Any CPU
		{83391408-3036-43DF-8F0F-263ECDE52239}.Release|Any CPU.Build.0 = Release|Any CPU
		{83391408-3036-43DF-8F0F-263ECDE52239}.Release|x64.ActiveCfg = Release|Any CPU
		{83391408-3036-43DF-8F0F-263ECDE52239}.Release|x64.Build.0 = Release|Any CPU
		{83391408-3036-43DF-8F0F-263ECDE52239}.Release|x86.ActiveCfg = Release|Any CPU
		{83391408-3036-43DF-8F0F-263ECDE52239}.Release|x86.Build.0 = Release|Any CPU
		{1CF5961E-7964-4D53-A3C2-592EABD54C26}.Debug|Any CPU.ActiveCfg = Debug|Any CPU
		{1CF5961E-7964-4D53-A3C2-592EABD54C26}.Debug|Any CPU.Build.0 = Debug|Any CPU
		{1CF5961E-7964-4D53-A3C2-592EABD54C26}.Debug|x64.ActiveCfg = Debug|Any CPU
		{1CF5961E-7964-4D53-A3C2-592EABD54C26}.Debug|x64.Build.0 = Debug|Any CPU
		{1CF5961E-7964-4D53-A3C2-592EABD54C26}.Debug|x86.ActiveCfg = Debug|Any CPU
		{1CF5961E-7964-4D53-A3C2-592EABD54C26}.Debug|x86.Build.0 = Debug|Any CPU
		{1CF5961E-7964-4D53-A3C2-592EABD54C26}.Release|Any CPU.ActiveCfg = Release|Any CPU
		{1CF5961E-7964-4D53-A3C2-592EABD54C26}.Release|Any CPU.Build.0 = Release|Any CPU
		{1CF5961E-7964-4D53-A3C2-592EABD54C26}.Release|x64.ActiveCfg = Release|Any CPU
		{1CF5961E-7964-4D53-A3C2-592EABD54C26}.Release|x64.Build.0 = Release|Any CPU
		{1CF5961E-7964-4D53-A3C2-592EABD54C26}.Release|x86.ActiveCfg = Release|Any CPU
		{1CF5961E-7964-4D53-A3C2-592EABD54C26}.Release|x86.Build.0 = Release|Any CPU
		{D9E44A46-6947-4E28-A223-898F19889FC9}.Debug|Any CPU.ActiveCfg = Debug|Any CPU
		{D9E44A46-6947-4E28-A223-898F19889FC9}.Debug|Any CPU.Build.0 = Debug|Any CPU
		{D9E44A46-6947-4E28-A223-898F19889FC9}.Debug|x64.ActiveCfg = Debug|Any CPU
		{D9E44A46-6947-4E28-A223-898F19889FC9}.Debug|x64.Build.0 = Debug|Any CPU
		{D9E44A46-6947-4E28-A223-898F19889FC9}.Debug|x86.ActiveCfg = Debug|Any CPU
		{D9E44A46-6947-4E28-A223-898F19889FC9}.Debug|x86.Build.0 = Debug|Any CPU
		{D9E44A46-6947-4E28-A223-898F19889FC9}.Release|Any CPU.ActiveCfg = Release|Any CPU
		{D9E44A46-6947-4E28-A223-898F19889FC9}.Release|Any CPU.Build.0 = Release|Any CPU
		{D9E44A46-6947-4E28-A223-898F19889FC9}.Release|x64.ActiveCfg = Release|Any CPU
		{D9E44A46-6947-4E28-A223-898F19889FC9}.Release|x64.Build.0 = Release|Any CPU
		{D9E44A46-6947-4E28-A223-898F19889FC9}.Release|x86.ActiveCfg = Release|Any CPU
		{D9E44A46-6947-4E28-A223-898F19889FC9}.Release|x86.Build.0 = Release|Any CPU
		{9DF0F461-8FC8-4EE9-9EE4-40EA95EF62F8}.Debug|Any CPU.ActiveCfg = Debug|Any CPU
		{9DF0F461-8FC8-4EE9-9EE4-40EA95EF62F8}.Debug|Any CPU.Build.0 = Debug|Any CPU
		{9DF0F461-8FC8-4EE9-9EE4-40EA95EF62F8}.Debug|x64.ActiveCfg = Debug|Any CPU
		{9DF0F461-8FC8-4EE9-9EE4-40EA95EF62F8}.Debug|x64.Build.0 = Debug|Any CPU
		{9DF0F461-8FC8-4EE9-9EE4-40EA95EF62F8}.Debug|x86.ActiveCfg = Debug|Any CPU
		{9DF0F461-8FC8-4EE9-9EE4-40EA95EF62F8}.Debug|x86.Build.0 = Debug|Any CPU
		{9DF0F461-8FC8-4EE9-9EE4-40EA95EF62F8}.Release|Any CPU.ActiveCfg = Release|Any CPU
		{9DF0F461-8FC8-4EE9-9EE4-40EA95EF62F8}.Release|Any CPU.Build.0 = Release|Any CPU
		{9DF0F461-8FC8-4EE9-9EE4-40EA95EF62F8}.Release|x64.ActiveCfg = Release|Any CPU
		{9DF0F461-8FC8-4EE9-9EE4-40EA95EF62F8}.Release|x64.Build.0 = Release|Any CPU
		{9DF0F461-8FC8-4EE9-9EE4-40EA95EF62F8}.Release|x86.ActiveCfg = Release|Any CPU
		{9DF0F461-8FC8-4EE9-9EE4-40EA95EF62F8}.Release|x86.Build.0 = Release|Any CPU
		{824D631A-EA74-4A79-B9B4-623AB1457E16}.Debug|Any CPU.ActiveCfg = Debug|Any CPU
		{824D631A-EA74-4A79-B9B4-623AB1457E16}.Debug|Any CPU.Build.0 = Debug|Any CPU
		{824D631A-EA74-4A79-B9B4-623AB1457E16}.Debug|x64.ActiveCfg = Debug|Any CPU
		{824D631A-EA74-4A79-B9B4-623AB1457E16}.Debug|x64.Build.0 = Debug|Any CPU
		{824D631A-EA74-4A79-B9B4-623AB1457E16}.Debug|x86.ActiveCfg = Debug|Any CPU
		{824D631A-EA74-4A79-B9B4-623AB1457E16}.Debug|x86.Build.0 = Debug|Any CPU
		{824D631A-EA74-4A79-B9B4-623AB1457E16}.Release|Any CPU.ActiveCfg = Release|Any CPU
		{824D631A-EA74-4A79-B9B4-623AB1457E16}.Release|Any CPU.Build.0 = Release|Any CPU
		{824D631A-EA74-4A79-B9B4-623AB1457E16}.Release|x64.ActiveCfg = Release|Any CPU
		{824D631A-EA74-4A79-B9B4-623AB1457E16}.Release|x64.Build.0 = Release|Any CPU
		{824D631A-EA74-4A79-B9B4-623AB1457E16}.Release|x86.ActiveCfg = Release|Any CPU
		{824D631A-EA74-4A79-B9B4-623AB1457E16}.Release|x86.Build.0 = Release|Any CPU
		{8B9EF79A-955E-4157-9E5F-78A5A33439E7}.Debug|Any CPU.ActiveCfg = Debug|Any CPU
		{8B9EF79A-955E-4157-9E5F-78A5A33439E7}.Debug|Any CPU.Build.0 = Debug|Any CPU
		{8B9EF79A-955E-4157-9E5F-78A5A33439E7}.Debug|x64.ActiveCfg = Debug|Any CPU
		{8B9EF79A-955E-4157-9E5F-78A5A33439E7}.Debug|x64.Build.0 = Debug|Any CPU
		{8B9EF79A-955E-4157-9E5F-78A5A33439E7}.Debug|x86.ActiveCfg = Debug|Any CPU
		{8B9EF79A-955E-4157-9E5F-78A5A33439E7}.Debug|x86.Build.0 = Debug|Any CPU
		{8B9EF79A-955E-4157-9E5F-78A5A33439E7}.Release|Any CPU.ActiveCfg = Release|Any CPU
		{8B9EF79A-955E-4157-9E5F-78A5A33439E7}.Release|Any CPU.Build.0 = Release|Any CPU
		{8B9EF79A-955E-4157-9E5F-78A5A33439E7}.Release|x64.ActiveCfg = Release|Any CPU
		{8B9EF79A-955E-4157-9E5F-78A5A33439E7}.Release|x64.Build.0 = Release|Any CPU
		{8B9EF79A-955E-4157-9E5F-78A5A33439E7}.Release|x86.ActiveCfg = Release|Any CPU
		{8B9EF79A-955E-4157-9E5F-78A5A33439E7}.Release|x86.Build.0 = Release|Any CPU
		{E9E8F909-599E-4120-AEF5-A9210B9572B2}.Debug|Any CPU.ActiveCfg = Debug|Any CPU
		{E9E8F909-599E-4120-AEF5-A9210B9572B2}.Debug|Any CPU.Build.0 = Debug|Any CPU
		{E9E8F909-599E-4120-AEF5-A9210B9572B2}.Debug|x64.ActiveCfg = Debug|Any CPU
		{E9E8F909-599E-4120-AEF5-A9210B9572B2}.Debug|x64.Build.0 = Debug|Any CPU
		{E9E8F909-599E-4120-AEF5-A9210B9572B2}.Debug|x86.ActiveCfg = Debug|Any CPU
		{E9E8F909-599E-4120-AEF5-A9210B9572B2}.Debug|x86.Build.0 = Debug|Any CPU
		{E9E8F909-599E-4120-AEF5-A9210B9572B2}.Release|Any CPU.ActiveCfg = Release|Any CPU
		{E9E8F909-599E-4120-AEF5-A9210B9572B2}.Release|Any CPU.Build.0 = Release|Any CPU
		{E9E8F909-599E-4120-AEF5-A9210B9572B2}.Release|x64.ActiveCfg = Release|Any CPU
		{E9E8F909-599E-4120-AEF5-A9210B9572B2}.Release|x64.Build.0 = Release|Any CPU
		{E9E8F909-599E-4120-AEF5-A9210B9572B2}.Release|x86.ActiveCfg = Release|Any CPU
		{E9E8F909-599E-4120-AEF5-A9210B9572B2}.Release|x86.Build.0 = Release|Any CPU
		{A55FDCC1-055D-47DC-8028-4E4AC7E5FE47}.Debug|Any CPU.ActiveCfg = Debug|Any CPU
		{A55FDCC1-055D-47DC-8028-4E4AC7E5FE47}.Debug|Any CPU.Build.0 = Debug|Any CPU
		{A55FDCC1-055D-47DC-8028-4E4AC7E5FE47}.Debug|x64.ActiveCfg = Debug|Any CPU
		{A55FDCC1-055D-47DC-8028-4E4AC7E5FE47}.Debug|x64.Build.0 = Debug|Any CPU
		{A55FDCC1-055D-47DC-8028-4E4AC7E5FE47}.Debug|x86.ActiveCfg = Debug|Any CPU
		{A55FDCC1-055D-47DC-8028-4E4AC7E5FE47}.Debug|x86.Build.0 = Debug|Any CPU
		{A55FDCC1-055D-47DC-8028-4E4AC7E5FE47}.Release|Any CPU.ActiveCfg = Release|Any CPU
		{A55FDCC1-055D-47DC-8028-4E4AC7E5FE47}.Release|Any CPU.Build.0 = Release|Any CPU
		{A55FDCC1-055D-47DC-8028-4E4AC7E5FE47}.Release|x64.ActiveCfg = Release|Any CPU
		{A55FDCC1-055D-47DC-8028-4E4AC7E5FE47}.Release|x64.Build.0 = Release|Any CPU
		{A55FDCC1-055D-47DC-8028-4E4AC7E5FE47}.Release|x86.ActiveCfg = Release|Any CPU
		{A55FDCC1-055D-47DC-8028-4E4AC7E5FE47}.Release|x86.Build.0 = Release|Any CPU
		{6EB811F9-D32C-4D55-A481-BCBE860145D6}.Debug|Any CPU.ActiveCfg = Debug|Any CPU
		{6EB811F9-D32C-4D55-A481-BCBE860145D6}.Debug|Any CPU.Build.0 = Debug|Any CPU
		{6EB811F9-D32C-4D55-A481-BCBE860145D6}.Debug|x64.ActiveCfg = Debug|Any CPU
		{6EB811F9-D32C-4D55-A481-BCBE860145D6}.Debug|x64.Build.0 = Debug|Any CPU
		{6EB811F9-D32C-4D55-A481-BCBE860145D6}.Debug|x86.ActiveCfg = Debug|Any CPU
		{6EB811F9-D32C-4D55-A481-BCBE860145D6}.Debug|x86.Build.0 = Debug|Any CPU
		{6EB811F9-D32C-4D55-A481-BCBE860145D6}.Release|Any CPU.ActiveCfg = Release|Any CPU
		{6EB811F9-D32C-4D55-A481-BCBE860145D6}.Release|Any CPU.Build.0 = Release|Any CPU
		{6EB811F9-D32C-4D55-A481-BCBE860145D6}.Release|x64.ActiveCfg = Release|Any CPU
		{6EB811F9-D32C-4D55-A481-BCBE860145D6}.Release|x64.Build.0 = Release|Any CPU
		{6EB811F9-D32C-4D55-A481-BCBE860145D6}.Release|x86.ActiveCfg = Release|Any CPU
		{6EB811F9-D32C-4D55-A481-BCBE860145D6}.Release|x86.Build.0 = Release|Any CPU
		{CEDC4FA7-D454-4576-B3C6-D452268DA5FE}.Debug|Any CPU.ActiveCfg = Debug|Any CPU
		{CEDC4FA7-D454-4576-B3C6-D452268DA5FE}.Debug|Any CPU.Build.0 = Debug|Any CPU
		{CEDC4FA7-D454-4576-B3C6-D452268DA5FE}.Debug|x64.ActiveCfg = Debug|Any CPU
		{CEDC4FA7-D454-4576-B3C6-D452268DA5FE}.Debug|x64.Build.0 = Debug|Any CPU
		{CEDC4FA7-D454-4576-B3C6-D452268DA5FE}.Debug|x86.ActiveCfg = Debug|Any CPU
		{CEDC4FA7-D454-4576-B3C6-D452268DA5FE}.Debug|x86.Build.0 = Debug|Any CPU
		{CEDC4FA7-D454-4576-B3C6-D452268DA5FE}.Release|Any CPU.ActiveCfg = Release|Any CPU
		{CEDC4FA7-D454-4576-B3C6-D452268DA5FE}.Release|Any CPU.Build.0 = Release|Any CPU
		{CEDC4FA7-D454-4576-B3C6-D452268DA5FE}.Release|x64.ActiveCfg = Release|Any CPU
		{CEDC4FA7-D454-4576-B3C6-D452268DA5FE}.Release|x64.Build.0 = Release|Any CPU
		{CEDC4FA7-D454-4576-B3C6-D452268DA5FE}.Release|x86.ActiveCfg = Release|Any CPU
		{CEDC4FA7-D454-4576-B3C6-D452268DA5FE}.Release|x86.Build.0 = Release|Any CPU
		{6F76428D-7647-4C5E-9FF4-C4928946699C}.Debug|Any CPU.ActiveCfg = Debug|Any CPU
		{6F76428D-7647-4C5E-9FF4-C4928946699C}.Debug|Any CPU.Build.0 = Debug|Any CPU
		{6F76428D-7647-4C5E-9FF4-C4928946699C}.Debug|x64.ActiveCfg = Debug|Any CPU
		{6F76428D-7647-4C5E-9FF4-C4928946699C}.Debug|x64.Build.0 = Debug|Any CPU
		{6F76428D-7647-4C5E-9FF4-C4928946699C}.Debug|x86.ActiveCfg = Debug|Any CPU
		{6F76428D-7647-4C5E-9FF4-C4928946699C}.Debug|x86.Build.0 = Debug|Any CPU
		{6F76428D-7647-4C5E-9FF4-C4928946699C}.Release|Any CPU.ActiveCfg = Release|Any CPU
		{6F76428D-7647-4C5E-9FF4-C4928946699C}.Release|Any CPU.Build.0 = Release|Any CPU
		{6F76428D-7647-4C5E-9FF4-C4928946699C}.Release|x64.ActiveCfg = Release|Any CPU
		{6F76428D-7647-4C5E-9FF4-C4928946699C}.Release|x64.Build.0 = Release|Any CPU
		{6F76428D-7647-4C5E-9FF4-C4928946699C}.Release|x86.ActiveCfg = Release|Any CPU
		{6F76428D-7647-4C5E-9FF4-C4928946699C}.Release|x86.Build.0 = Release|Any CPU
		{98FFB55B-C6C3-4AB0-A1CD-121FD6553691}.Debug|Any CPU.ActiveCfg = Debug|Any CPU
		{98FFB55B-C6C3-4AB0-A1CD-121FD6553691}.Debug|Any CPU.Build.0 = Debug|Any CPU
		{98FFB55B-C6C3-4AB0-A1CD-121FD6553691}.Debug|x64.ActiveCfg = Debug|Any CPU
		{98FFB55B-C6C3-4AB0-A1CD-121FD6553691}.Debug|x64.Build.0 = Debug|Any CPU
		{98FFB55B-C6C3-4AB0-A1CD-121FD6553691}.Debug|x86.ActiveCfg = Debug|Any CPU
		{98FFB55B-C6C3-4AB0-A1CD-121FD6553691}.Debug|x86.Build.0 = Debug|Any CPU
		{98FFB55B-C6C3-4AB0-A1CD-121FD6553691}.Release|Any CPU.ActiveCfg = Release|Any CPU
		{98FFB55B-C6C3-4AB0-A1CD-121FD6553691}.Release|Any CPU.Build.0 = Release|Any CPU
		{98FFB55B-C6C3-4AB0-A1CD-121FD6553691}.Release|x64.ActiveCfg = Release|Any CPU
		{98FFB55B-C6C3-4AB0-A1CD-121FD6553691}.Release|x64.Build.0 = Release|Any CPU
		{98FFB55B-C6C3-4AB0-A1CD-121FD6553691}.Release|x86.ActiveCfg = Release|Any CPU
		{98FFB55B-C6C3-4AB0-A1CD-121FD6553691}.Release|x86.Build.0 = Release|Any CPU
		{991FD311-F07B-47B3-9111-3E5625D377EC}.Debug|Any CPU.ActiveCfg = Debug|Any CPU
		{991FD311-F07B-47B3-9111-3E5625D377EC}.Debug|Any CPU.Build.0 = Debug|Any CPU
		{991FD311-F07B-47B3-9111-3E5625D377EC}.Debug|x64.ActiveCfg = Debug|Any CPU
		{991FD311-F07B-47B3-9111-3E5625D377EC}.Debug|x64.Build.0 = Debug|Any CPU
		{991FD311-F07B-47B3-9111-3E5625D377EC}.Debug|x86.ActiveCfg = Debug|Any CPU
		{991FD311-F07B-47B3-9111-3E5625D377EC}.Debug|x86.Build.0 = Debug|Any CPU
		{991FD311-F07B-47B3-9111-3E5625D377EC}.Release|Any CPU.ActiveCfg = Release|Any CPU
		{991FD311-F07B-47B3-9111-3E5625D377EC}.Release|Any CPU.Build.0 = Release|Any CPU
		{991FD311-F07B-47B3-9111-3E5625D377EC}.Release|x64.ActiveCfg = Release|Any CPU
		{991FD311-F07B-47B3-9111-3E5625D377EC}.Release|x64.Build.0 = Release|Any CPU
		{991FD311-F07B-47B3-9111-3E5625D377EC}.Release|x86.ActiveCfg = Release|Any CPU
		{991FD311-F07B-47B3-9111-3E5625D377EC}.Release|x86.Build.0 = Release|Any CPU
		{0C0DEDEE-4FA3-4CB7-BC3B-E7EB13D7046F}.Debug|Any CPU.ActiveCfg = Debug|Any CPU
		{0C0DEDEE-4FA3-4CB7-BC3B-E7EB13D7046F}.Debug|Any CPU.Build.0 = Debug|Any CPU
		{0C0DEDEE-4FA3-4CB7-BC3B-E7EB13D7046F}.Debug|x64.ActiveCfg = Debug|Any CPU
		{0C0DEDEE-4FA3-4CB7-BC3B-E7EB13D7046F}.Debug|x64.Build.0 = Debug|Any CPU
		{0C0DEDEE-4FA3-4CB7-BC3B-E7EB13D7046F}.Debug|x86.ActiveCfg = Debug|Any CPU
		{0C0DEDEE-4FA3-4CB7-BC3B-E7EB13D7046F}.Debug|x86.Build.0 = Debug|Any CPU
		{0C0DEDEE-4FA3-4CB7-BC3B-E7EB13D7046F}.Release|Any CPU.ActiveCfg = Release|Any CPU
		{0C0DEDEE-4FA3-4CB7-BC3B-E7EB13D7046F}.Release|Any CPU.Build.0 = Release|Any CPU
		{0C0DEDEE-4FA3-4CB7-BC3B-E7EB13D7046F}.Release|x64.ActiveCfg = Release|Any CPU
		{0C0DEDEE-4FA3-4CB7-BC3B-E7EB13D7046F}.Release|x64.Build.0 = Release|Any CPU
		{0C0DEDEE-4FA3-4CB7-BC3B-E7EB13D7046F}.Release|x86.ActiveCfg = Release|Any CPU
		{0C0DEDEE-4FA3-4CB7-BC3B-E7EB13D7046F}.Release|x86.Build.0 = Release|Any CPU
		{F93793B7-866B-456B-9DA7-C689E192F87E}.Debug|Any CPU.ActiveCfg = Debug|Any CPU
		{F93793B7-866B-456B-9DA7-C689E192F87E}.Debug|Any CPU.Build.0 = Debug|Any CPU
		{F93793B7-866B-456B-9DA7-C689E192F87E}.Debug|x64.ActiveCfg = Debug|Any CPU
		{F93793B7-866B-456B-9DA7-C689E192F87E}.Debug|x64.Build.0 = Debug|Any CPU
		{F93793B7-866B-456B-9DA7-C689E192F87E}.Debug|x86.ActiveCfg = Debug|Any CPU
		{F93793B7-866B-456B-9DA7-C689E192F87E}.Debug|x86.Build.0 = Debug|Any CPU
		{F93793B7-866B-456B-9DA7-C689E192F87E}.Release|Any CPU.ActiveCfg = Release|Any CPU
		{F93793B7-866B-456B-9DA7-C689E192F87E}.Release|Any CPU.Build.0 = Release|Any CPU
		{F93793B7-866B-456B-9DA7-C689E192F87E}.Release|x64.ActiveCfg = Release|Any CPU
		{F93793B7-866B-456B-9DA7-C689E192F87E}.Release|x64.Build.0 = Release|Any CPU
		{F93793B7-866B-456B-9DA7-C689E192F87E}.Release|x86.ActiveCfg = Release|Any CPU
		{F93793B7-866B-456B-9DA7-C689E192F87E}.Release|x86.Build.0 = Release|Any CPU
		{FAE6B8A1-C88A-4A20-B666-160416C974E6}.Debug|Any CPU.ActiveCfg = Debug|Any CPU
		{FAE6B8A1-C88A-4A20-B666-160416C974E6}.Debug|Any CPU.Build.0 = Debug|Any CPU
		{FAE6B8A1-C88A-4A20-B666-160416C974E6}.Debug|x64.ActiveCfg = Debug|Any CPU
		{FAE6B8A1-C88A-4A20-B666-160416C974E6}.Debug|x64.Build.0 = Debug|Any CPU
		{FAE6B8A1-C88A-4A20-B666-160416C974E6}.Debug|x86.ActiveCfg = Debug|Any CPU
		{FAE6B8A1-C88A-4A20-B666-160416C974E6}.Debug|x86.Build.0 = Debug|Any CPU
		{FAE6B8A1-C88A-4A20-B666-160416C974E6}.Release|Any CPU.ActiveCfg = Release|Any CPU
		{FAE6B8A1-C88A-4A20-B666-160416C974E6}.Release|Any CPU.Build.0 = Release|Any CPU
		{FAE6B8A1-C88A-4A20-B666-160416C974E6}.Release|x64.ActiveCfg = Release|Any CPU
		{FAE6B8A1-C88A-4A20-B666-160416C974E6}.Release|x64.Build.0 = Release|Any CPU
		{FAE6B8A1-C88A-4A20-B666-160416C974E6}.Release|x86.ActiveCfg = Release|Any CPU
		{FAE6B8A1-C88A-4A20-B666-160416C974E6}.Release|x86.Build.0 = Release|Any CPU
		{A1671FFE-4698-45FF-84B3-20240F6DEE1D}.Debug|Any CPU.ActiveCfg = Debug|Any CPU
		{A1671FFE-4698-45FF-84B3-20240F6DEE1D}.Debug|Any CPU.Build.0 = Debug|Any CPU
		{A1671FFE-4698-45FF-84B3-20240F6DEE1D}.Debug|x64.ActiveCfg = Debug|Any CPU
		{A1671FFE-4698-45FF-84B3-20240F6DEE1D}.Debug|x64.Build.0 = Debug|Any CPU
		{A1671FFE-4698-45FF-84B3-20240F6DEE1D}.Debug|x86.ActiveCfg = Debug|Any CPU
		{A1671FFE-4698-45FF-84B3-20240F6DEE1D}.Debug|x86.Build.0 = Debug|Any CPU
		{A1671FFE-4698-45FF-84B3-20240F6DEE1D}.Release|Any CPU.ActiveCfg = Release|Any CPU
		{A1671FFE-4698-45FF-84B3-20240F6DEE1D}.Release|Any CPU.Build.0 = Release|Any CPU
		{A1671FFE-4698-45FF-84B3-20240F6DEE1D}.Release|x64.ActiveCfg = Release|Any CPU
		{A1671FFE-4698-45FF-84B3-20240F6DEE1D}.Release|x64.Build.0 = Release|Any CPU
		{A1671FFE-4698-45FF-84B3-20240F6DEE1D}.Release|x86.ActiveCfg = Release|Any CPU
		{A1671FFE-4698-45FF-84B3-20240F6DEE1D}.Release|x86.Build.0 = Release|Any CPU
		{FE5A2876-3B67-4CEA-A49E-6DB44DD6D30E}.Debug|Any CPU.ActiveCfg = Debug|Any CPU
		{FE5A2876-3B67-4CEA-A49E-6DB44DD6D30E}.Debug|Any CPU.Build.0 = Debug|Any CPU
		{FE5A2876-3B67-4CEA-A49E-6DB44DD6D30E}.Debug|x64.ActiveCfg = Debug|Any CPU
		{FE5A2876-3B67-4CEA-A49E-6DB44DD6D30E}.Debug|x64.Build.0 = Debug|Any CPU
		{FE5A2876-3B67-4CEA-A49E-6DB44DD6D30E}.Debug|x86.ActiveCfg = Debug|Any CPU
		{FE5A2876-3B67-4CEA-A49E-6DB44DD6D30E}.Debug|x86.Build.0 = Debug|Any CPU
		{FE5A2876-3B67-4CEA-A49E-6DB44DD6D30E}.Release|Any CPU.ActiveCfg = Release|Any CPU
		{FE5A2876-3B67-4CEA-A49E-6DB44DD6D30E}.Release|Any CPU.Build.0 = Release|Any CPU
		{FE5A2876-3B67-4CEA-A49E-6DB44DD6D30E}.Release|x64.ActiveCfg = Release|Any CPU
		{FE5A2876-3B67-4CEA-A49E-6DB44DD6D30E}.Release|x64.Build.0 = Release|Any CPU
		{FE5A2876-3B67-4CEA-A49E-6DB44DD6D30E}.Release|x86.ActiveCfg = Release|Any CPU
		{FE5A2876-3B67-4CEA-A49E-6DB44DD6D30E}.Release|x86.Build.0 = Release|Any CPU
		{030C1C2D-B590-4D20-B729-C46A3D12DB37}.Debug|Any CPU.ActiveCfg = Debug|Any CPU
		{030C1C2D-B590-4D20-B729-C46A3D12DB37}.Debug|Any CPU.Build.0 = Debug|Any CPU
		{030C1C2D-B590-4D20-B729-C46A3D12DB37}.Debug|x64.ActiveCfg = Debug|Any CPU
		{030C1C2D-B590-4D20-B729-C46A3D12DB37}.Debug|x64.Build.0 = Debug|Any CPU
		{030C1C2D-B590-4D20-B729-C46A3D12DB37}.Debug|x86.ActiveCfg = Debug|Any CPU
		{030C1C2D-B590-4D20-B729-C46A3D12DB37}.Debug|x86.Build.0 = Debug|Any CPU
		{030C1C2D-B590-4D20-B729-C46A3D12DB37}.Release|Any CPU.ActiveCfg = Release|Any CPU
		{030C1C2D-B590-4D20-B729-C46A3D12DB37}.Release|Any CPU.Build.0 = Release|Any CPU
		{030C1C2D-B590-4D20-B729-C46A3D12DB37}.Release|x64.ActiveCfg = Release|Any CPU
		{030C1C2D-B590-4D20-B729-C46A3D12DB37}.Release|x64.Build.0 = Release|Any CPU
		{030C1C2D-B590-4D20-B729-C46A3D12DB37}.Release|x86.ActiveCfg = Release|Any CPU
		{030C1C2D-B590-4D20-B729-C46A3D12DB37}.Release|x86.Build.0 = Release|Any CPU
		{89D89E2D-2B1F-4185-B1B7-1AB35E2FF593}.Debug|Any CPU.ActiveCfg = Debug|Any CPU
		{89D89E2D-2B1F-4185-B1B7-1AB35E2FF593}.Debug|Any CPU.Build.0 = Debug|Any CPU
		{89D89E2D-2B1F-4185-B1B7-1AB35E2FF593}.Debug|x64.ActiveCfg = Debug|Any CPU
		{89D89E2D-2B1F-4185-B1B7-1AB35E2FF593}.Debug|x64.Build.0 = Debug|Any CPU
		{89D89E2D-2B1F-4185-B1B7-1AB35E2FF593}.Debug|x86.ActiveCfg = Debug|Any CPU
		{89D89E2D-2B1F-4185-B1B7-1AB35E2FF593}.Debug|x86.Build.0 = Debug|Any CPU
		{89D89E2D-2B1F-4185-B1B7-1AB35E2FF593}.Release|Any CPU.ActiveCfg = Release|Any CPU
		{89D89E2D-2B1F-4185-B1B7-1AB35E2FF593}.Release|Any CPU.Build.0 = Release|Any CPU
		{89D89E2D-2B1F-4185-B1B7-1AB35E2FF593}.Release|x64.ActiveCfg = Release|Any CPU
		{89D89E2D-2B1F-4185-B1B7-1AB35E2FF593}.Release|x64.Build.0 = Release|Any CPU
		{89D89E2D-2B1F-4185-B1B7-1AB35E2FF593}.Release|x86.ActiveCfg = Release|Any CPU
		{89D89E2D-2B1F-4185-B1B7-1AB35E2FF593}.Release|x86.Build.0 = Release|Any CPU
		{EE26720D-2D0C-4AA0-841C-FAC7899076ED}.Debug|Any CPU.ActiveCfg = Debug|Any CPU
		{EE26720D-2D0C-4AA0-841C-FAC7899076ED}.Debug|Any CPU.Build.0 = Debug|Any CPU
		{EE26720D-2D0C-4AA0-841C-FAC7899076ED}.Debug|x64.ActiveCfg = Debug|Any CPU
		{EE26720D-2D0C-4AA0-841C-FAC7899076ED}.Debug|x64.Build.0 = Debug|Any CPU
		{EE26720D-2D0C-4AA0-841C-FAC7899076ED}.Debug|x86.ActiveCfg = Debug|Any CPU
		{EE26720D-2D0C-4AA0-841C-FAC7899076ED}.Debug|x86.Build.0 = Debug|Any CPU
		{EE26720D-2D0C-4AA0-841C-FAC7899076ED}.Release|Any CPU.ActiveCfg = Release|Any CPU
		{EE26720D-2D0C-4AA0-841C-FAC7899076ED}.Release|Any CPU.Build.0 = Release|Any CPU
		{EE26720D-2D0C-4AA0-841C-FAC7899076ED}.Release|x64.ActiveCfg = Release|Any CPU
		{EE26720D-2D0C-4AA0-841C-FAC7899076ED}.Release|x64.Build.0 = Release|Any CPU
		{EE26720D-2D0C-4AA0-841C-FAC7899076ED}.Release|x86.ActiveCfg = Release|Any CPU
		{EE26720D-2D0C-4AA0-841C-FAC7899076ED}.Release|x86.Build.0 = Release|Any CPU
		{BAE65ABA-A377-4B75-9C4D-543B1610D3BA}.Debug|Any CPU.ActiveCfg = Debug|Any CPU
		{BAE65ABA-A377-4B75-9C4D-543B1610D3BA}.Debug|Any CPU.Build.0 = Debug|Any CPU
		{BAE65ABA-A377-4B75-9C4D-543B1610D3BA}.Debug|x64.ActiveCfg = Debug|Any CPU
		{BAE65ABA-A377-4B75-9C4D-543B1610D3BA}.Debug|x64.Build.0 = Debug|Any CPU
		{BAE65ABA-A377-4B75-9C4D-543B1610D3BA}.Debug|x86.ActiveCfg = Debug|Any CPU
		{BAE65ABA-A377-4B75-9C4D-543B1610D3BA}.Debug|x86.Build.0 = Debug|Any CPU
		{BAE65ABA-A377-4B75-9C4D-543B1610D3BA}.Release|Any CPU.ActiveCfg = Release|Any CPU
		{BAE65ABA-A377-4B75-9C4D-543B1610D3BA}.Release|Any CPU.Build.0 = Release|Any CPU
		{BAE65ABA-A377-4B75-9C4D-543B1610D3BA}.Release|x64.ActiveCfg = Release|Any CPU
		{BAE65ABA-A377-4B75-9C4D-543B1610D3BA}.Release|x64.Build.0 = Release|Any CPU
		{BAE65ABA-A377-4B75-9C4D-543B1610D3BA}.Release|x86.ActiveCfg = Release|Any CPU
		{BAE65ABA-A377-4B75-9C4D-543B1610D3BA}.Release|x86.Build.0 = Release|Any CPU
		{EB1DE3F0-D054-4C9E-8106-28F926ABB82C}.Debug|Any CPU.ActiveCfg = Debug|Any CPU
		{EB1DE3F0-D054-4C9E-8106-28F926ABB82C}.Debug|Any CPU.Build.0 = Debug|Any CPU
		{EB1DE3F0-D054-4C9E-8106-28F926ABB82C}.Debug|x64.ActiveCfg = Debug|Any CPU
		{EB1DE3F0-D054-4C9E-8106-28F926ABB82C}.Debug|x64.Build.0 = Debug|Any CPU
		{EB1DE3F0-D054-4C9E-8106-28F926ABB82C}.Debug|x86.ActiveCfg = Debug|Any CPU
		{EB1DE3F0-D054-4C9E-8106-28F926ABB82C}.Debug|x86.Build.0 = Debug|Any CPU
		{EB1DE3F0-D054-4C9E-8106-28F926ABB82C}.Release|Any CPU.ActiveCfg = Release|Any CPU
		{EB1DE3F0-D054-4C9E-8106-28F926ABB82C}.Release|Any CPU.Build.0 = Release|Any CPU
		{EB1DE3F0-D054-4C9E-8106-28F926ABB82C}.Release|x64.ActiveCfg = Release|Any CPU
		{EB1DE3F0-D054-4C9E-8106-28F926ABB82C}.Release|x64.Build.0 = Release|Any CPU
		{EB1DE3F0-D054-4C9E-8106-28F926ABB82C}.Release|x86.ActiveCfg = Release|Any CPU
		{EB1DE3F0-D054-4C9E-8106-28F926ABB82C}.Release|x86.Build.0 = Release|Any CPU
		{BB2329F9-0000-416A-AAC7-09E19090D7B6}.Debug|Any CPU.ActiveCfg = Debug|Any CPU
		{BB2329F9-0000-416A-AAC7-09E19090D7B6}.Debug|Any CPU.Build.0 = Debug|Any CPU
		{BB2329F9-0000-416A-AAC7-09E19090D7B6}.Debug|x64.ActiveCfg = Debug|Any CPU
		{BB2329F9-0000-416A-AAC7-09E19090D7B6}.Debug|x64.Build.0 = Debug|Any CPU
		{BB2329F9-0000-416A-AAC7-09E19090D7B6}.Debug|x86.ActiveCfg = Debug|Any CPU
		{BB2329F9-0000-416A-AAC7-09E19090D7B6}.Debug|x86.Build.0 = Debug|Any CPU
		{BB2329F9-0000-416A-AAC7-09E19090D7B6}.Release|Any CPU.ActiveCfg = Release|Any CPU
		{BB2329F9-0000-416A-AAC7-09E19090D7B6}.Release|Any CPU.Build.0 = Release|Any CPU
		{BB2329F9-0000-416A-AAC7-09E19090D7B6}.Release|x64.ActiveCfg = Release|Any CPU
		{BB2329F9-0000-416A-AAC7-09E19090D7B6}.Release|x64.Build.0 = Release|Any CPU
		{BB2329F9-0000-416A-AAC7-09E19090D7B6}.Release|x86.ActiveCfg = Release|Any CPU
		{BB2329F9-0000-416A-AAC7-09E19090D7B6}.Release|x86.Build.0 = Release|Any CPU
		{AFBB973C-2DF3-4B47-863D-C455B56E76EB}.Debug|Any CPU.ActiveCfg = Debug|Any CPU
		{AFBB973C-2DF3-4B47-863D-C455B56E76EB}.Debug|Any CPU.Build.0 = Debug|Any CPU
		{AFBB973C-2DF3-4B47-863D-C455B56E76EB}.Debug|x64.ActiveCfg = Debug|Any CPU
		{AFBB973C-2DF3-4B47-863D-C455B56E76EB}.Debug|x64.Build.0 = Debug|Any CPU
		{AFBB973C-2DF3-4B47-863D-C455B56E76EB}.Debug|x86.ActiveCfg = Debug|Any CPU
		{AFBB973C-2DF3-4B47-863D-C455B56E76EB}.Debug|x86.Build.0 = Debug|Any CPU
		{AFBB973C-2DF3-4B47-863D-C455B56E76EB}.Release|Any CPU.ActiveCfg = Release|Any CPU
		{AFBB973C-2DF3-4B47-863D-C455B56E76EB}.Release|Any CPU.Build.0 = Release|Any CPU
		{AFBB973C-2DF3-4B47-863D-C455B56E76EB}.Release|x64.ActiveCfg = Release|Any CPU
		{AFBB973C-2DF3-4B47-863D-C455B56E76EB}.Release|x64.Build.0 = Release|Any CPU
		{AFBB973C-2DF3-4B47-863D-C455B56E76EB}.Release|x86.ActiveCfg = Release|Any CPU
		{AFBB973C-2DF3-4B47-863D-C455B56E76EB}.Release|x86.Build.0 = Release|Any CPU
		{5C56404D-172E-4FA5-A6D0-95D68225B91F}.Debug|Any CPU.ActiveCfg = Debug|Any CPU
		{5C56404D-172E-4FA5-A6D0-95D68225B91F}.Debug|Any CPU.Build.0 = Debug|Any CPU
		{5C56404D-172E-4FA5-A6D0-95D68225B91F}.Debug|x64.ActiveCfg = Debug|Any CPU
		{5C56404D-172E-4FA5-A6D0-95D68225B91F}.Debug|x64.Build.0 = Debug|Any CPU
		{5C56404D-172E-4FA5-A6D0-95D68225B91F}.Debug|x86.ActiveCfg = Debug|Any CPU
		{5C56404D-172E-4FA5-A6D0-95D68225B91F}.Debug|x86.Build.0 = Debug|Any CPU
		{5C56404D-172E-4FA5-A6D0-95D68225B91F}.Release|Any CPU.ActiveCfg = Release|Any CPU
		{5C56404D-172E-4FA5-A6D0-95D68225B91F}.Release|Any CPU.Build.0 = Release|Any CPU
		{5C56404D-172E-4FA5-A6D0-95D68225B91F}.Release|x64.ActiveCfg = Release|Any CPU
		{5C56404D-172E-4FA5-A6D0-95D68225B91F}.Release|x64.Build.0 = Release|Any CPU
		{5C56404D-172E-4FA5-A6D0-95D68225B91F}.Release|x86.ActiveCfg = Release|Any CPU
		{5C56404D-172E-4FA5-A6D0-95D68225B91F}.Release|x86.Build.0 = Release|Any CPU
		{FE0A12DC-4B5A-4F52-8661-C8A814688757}.Debug|Any CPU.ActiveCfg = Debug|Any CPU
		{FE0A12DC-4B5A-4F52-8661-C8A814688757}.Debug|Any CPU.Build.0 = Debug|Any CPU
		{FE0A12DC-4B5A-4F52-8661-C8A814688757}.Debug|x64.ActiveCfg = Debug|Any CPU
		{FE0A12DC-4B5A-4F52-8661-C8A814688757}.Debug|x64.Build.0 = Debug|Any CPU
		{FE0A12DC-4B5A-4F52-8661-C8A814688757}.Debug|x86.ActiveCfg = Debug|Any CPU
		{FE0A12DC-4B5A-4F52-8661-C8A814688757}.Debug|x86.Build.0 = Debug|Any CPU
		{FE0A12DC-4B5A-4F52-8661-C8A814688757}.Release|Any CPU.ActiveCfg = Release|Any CPU
		{FE0A12DC-4B5A-4F52-8661-C8A814688757}.Release|Any CPU.Build.0 = Release|Any CPU
		{FE0A12DC-4B5A-4F52-8661-C8A814688757}.Release|x64.ActiveCfg = Release|Any CPU
		{FE0A12DC-4B5A-4F52-8661-C8A814688757}.Release|x64.Build.0 = Release|Any CPU
		{FE0A12DC-4B5A-4F52-8661-C8A814688757}.Release|x86.ActiveCfg = Release|Any CPU
		{FE0A12DC-4B5A-4F52-8661-C8A814688757}.Release|x86.Build.0 = Release|Any CPU
		{A9C651FE-5FDA-4DEA-9C9B-9581650A7543}.Debug|Any CPU.ActiveCfg = Debug|Any CPU
		{A9C651FE-5FDA-4DEA-9C9B-9581650A7543}.Debug|Any CPU.Build.0 = Debug|Any CPU
		{A9C651FE-5FDA-4DEA-9C9B-9581650A7543}.Debug|x64.ActiveCfg = Debug|Any CPU
		{A9C651FE-5FDA-4DEA-9C9B-9581650A7543}.Debug|x64.Build.0 = Debug|Any CPU
		{A9C651FE-5FDA-4DEA-9C9B-9581650A7543}.Debug|x86.ActiveCfg = Debug|Any CPU
		{A9C651FE-5FDA-4DEA-9C9B-9581650A7543}.Debug|x86.Build.0 = Debug|Any CPU
		{A9C651FE-5FDA-4DEA-9C9B-9581650A7543}.Release|Any CPU.ActiveCfg = Release|Any CPU
		{A9C651FE-5FDA-4DEA-9C9B-9581650A7543}.Release|Any CPU.Build.0 = Release|Any CPU
		{A9C651FE-5FDA-4DEA-9C9B-9581650A7543}.Release|x64.ActiveCfg = Release|Any CPU
		{A9C651FE-5FDA-4DEA-9C9B-9581650A7543}.Release|x64.Build.0 = Release|Any CPU
		{A9C651FE-5FDA-4DEA-9C9B-9581650A7543}.Release|x86.ActiveCfg = Release|Any CPU
		{A9C651FE-5FDA-4DEA-9C9B-9581650A7543}.Release|x86.Build.0 = Release|Any CPU
		{83C26965-30A3-43C1-827B-F798FD3B42C3}.Debug|Any CPU.ActiveCfg = Debug|Any CPU
		{83C26965-30A3-43C1-827B-F798FD3B42C3}.Debug|Any CPU.Build.0 = Debug|Any CPU
		{83C26965-30A3-43C1-827B-F798FD3B42C3}.Debug|x64.ActiveCfg = Debug|Any CPU
		{83C26965-30A3-43C1-827B-F798FD3B42C3}.Debug|x64.Build.0 = Debug|Any CPU
		{83C26965-30A3-43C1-827B-F798FD3B42C3}.Debug|x86.ActiveCfg = Debug|Any CPU
		{83C26965-30A3-43C1-827B-F798FD3B42C3}.Debug|x86.Build.0 = Debug|Any CPU
		{83C26965-30A3-43C1-827B-F798FD3B42C3}.Release|Any CPU.ActiveCfg = Release|Any CPU
		{83C26965-30A3-43C1-827B-F798FD3B42C3}.Release|Any CPU.Build.0 = Release|Any CPU
		{83C26965-30A3-43C1-827B-F798FD3B42C3}.Release|x64.ActiveCfg = Release|Any CPU
		{83C26965-30A3-43C1-827B-F798FD3B42C3}.Release|x64.Build.0 = Release|Any CPU
		{83C26965-30A3-43C1-827B-F798FD3B42C3}.Release|x86.ActiveCfg = Release|Any CPU
		{83C26965-30A3-43C1-827B-F798FD3B42C3}.Release|x86.Build.0 = Release|Any CPU
		{CF5BFA36-570B-4A31-B192-7A97DAE5C4BC}.Debug|Any CPU.ActiveCfg = Debug|Any CPU
		{CF5BFA36-570B-4A31-B192-7A97DAE5C4BC}.Debug|Any CPU.Build.0 = Debug|Any CPU
		{CF5BFA36-570B-4A31-B192-7A97DAE5C4BC}.Debug|x64.ActiveCfg = Debug|Any CPU
		{CF5BFA36-570B-4A31-B192-7A97DAE5C4BC}.Debug|x64.Build.0 = Debug|Any CPU
		{CF5BFA36-570B-4A31-B192-7A97DAE5C4BC}.Debug|x86.ActiveCfg = Debug|Any CPU
		{CF5BFA36-570B-4A31-B192-7A97DAE5C4BC}.Debug|x86.Build.0 = Debug|Any CPU
		{CF5BFA36-570B-4A31-B192-7A97DAE5C4BC}.Release|Any CPU.ActiveCfg = Release|Any CPU
		{CF5BFA36-570B-4A31-B192-7A97DAE5C4BC}.Release|Any CPU.Build.0 = Release|Any CPU
		{CF5BFA36-570B-4A31-B192-7A97DAE5C4BC}.Release|x64.ActiveCfg = Release|Any CPU
		{CF5BFA36-570B-4A31-B192-7A97DAE5C4BC}.Release|x64.Build.0 = Release|Any CPU
		{CF5BFA36-570B-4A31-B192-7A97DAE5C4BC}.Release|x86.ActiveCfg = Release|Any CPU
		{CF5BFA36-570B-4A31-B192-7A97DAE5C4BC}.Release|x86.Build.0 = Release|Any CPU
		{7D4C8330-4C03-4EE3-A774-FB4E8EC56657}.Debug|Any CPU.ActiveCfg = Debug|Any CPU
		{7D4C8330-4C03-4EE3-A774-FB4E8EC56657}.Debug|Any CPU.Build.0 = Debug|Any CPU
		{7D4C8330-4C03-4EE3-A774-FB4E8EC56657}.Debug|x64.ActiveCfg = Debug|Any CPU
		{7D4C8330-4C03-4EE3-A774-FB4E8EC56657}.Debug|x64.Build.0 = Debug|Any CPU
		{7D4C8330-4C03-4EE3-A774-FB4E8EC56657}.Debug|x86.ActiveCfg = Debug|Any CPU
		{7D4C8330-4C03-4EE3-A774-FB4E8EC56657}.Debug|x86.Build.0 = Debug|Any CPU
		{7D4C8330-4C03-4EE3-A774-FB4E8EC56657}.Release|Any CPU.ActiveCfg = Release|Any CPU
		{7D4C8330-4C03-4EE3-A774-FB4E8EC56657}.Release|Any CPU.Build.0 = Release|Any CPU
		{7D4C8330-4C03-4EE3-A774-FB4E8EC56657}.Release|x64.ActiveCfg = Release|Any CPU
		{7D4C8330-4C03-4EE3-A774-FB4E8EC56657}.Release|x64.Build.0 = Release|Any CPU
		{7D4C8330-4C03-4EE3-A774-FB4E8EC56657}.Release|x86.ActiveCfg = Release|Any CPU
		{7D4C8330-4C03-4EE3-A774-FB4E8EC56657}.Release|x86.Build.0 = Release|Any CPU
		{C52F2596-C6B9-4B73-A2FD-476E66FCF4FE}.Debug|Any CPU.ActiveCfg = Debug|Any CPU
		{C52F2596-C6B9-4B73-A2FD-476E66FCF4FE}.Debug|Any CPU.Build.0 = Debug|Any CPU
		{C52F2596-C6B9-4B73-A2FD-476E66FCF4FE}.Debug|x64.ActiveCfg = Debug|Any CPU
		{C52F2596-C6B9-4B73-A2FD-476E66FCF4FE}.Debug|x64.Build.0 = Debug|Any CPU
		{C52F2596-C6B9-4B73-A2FD-476E66FCF4FE}.Debug|x86.ActiveCfg = Debug|Any CPU
		{C52F2596-C6B9-4B73-A2FD-476E66FCF4FE}.Debug|x86.Build.0 = Debug|Any CPU
		{C52F2596-C6B9-4B73-A2FD-476E66FCF4FE}.Release|Any CPU.ActiveCfg = Release|Any CPU
		{C52F2596-C6B9-4B73-A2FD-476E66FCF4FE}.Release|Any CPU.Build.0 = Release|Any CPU
		{C52F2596-C6B9-4B73-A2FD-476E66FCF4FE}.Release|x64.ActiveCfg = Release|Any CPU
		{C52F2596-C6B9-4B73-A2FD-476E66FCF4FE}.Release|x64.Build.0 = Release|Any CPU
		{C52F2596-C6B9-4B73-A2FD-476E66FCF4FE}.Release|x86.ActiveCfg = Release|Any CPU
		{C52F2596-C6B9-4B73-A2FD-476E66FCF4FE}.Release|x86.Build.0 = Release|Any CPU
	EndGlobalSection
EndGlobal
