
Microsoft Visual Studio Solution File, Format Version 12.00
# Visual Studio Version 16
VisualStudioVersion = 16.0.30114.105
MinimumVisualStudioVersion = 10.0.40219.1
Project("{FAE04EC0-301F-11D3-BF4B-00C04F79EFBC}") = "Penguin.Cms.Modules.Images.Local", "Penguin.Cms.Modules.Images.Local.csproj", "{6FFADDA4-81F0-4FC3-8499-536BA3512C74}"
EndProject
Project("{FAE04EC0-301F-11D3-BF4B-00C04F79EFBC}") = "Penguin.Cms.Files.Local", "..\Penguin.Cms.Files\Penguin.Cms.Files.Local.csproj", "{22478CAE-C754-4001-B379-4C6D9FB5A8A9}"
EndProject
Project("{FAE04EC0-301F-11D3-BF4B-00C04F79EFBC}") = "Penguin.Files.Abstractions.Local", "..\Penguin.Files.Abstractions\Penguin.Files.Abstractions.Local.csproj", "{5D4AF36A-E780-4CB0-8C5E-BAD182518267}"
EndProject
Project("{FAE04EC0-301F-11D3-BF4B-00C04F79EFBC}") = "Penguin.Cms.Entities.Local", "..\Penguin.Cms.Entities\Penguin.Cms.Entities.Local.csproj", "{816B282A-3E67-4925-BF0A-304489E64C6D}"
EndProject
Project("{FAE04EC0-301F-11D3-BF4B-00C04F79EFBC}") = "Penguin.Persistence.Abstractions.Local", "..\Penguin.Persistence.Abstractions\Penguin.Persistence.Abstractions.Local.csproj", "{A930C7A1-B133-4886-B41D-6764E7BF6517}"
EndProject
Project("{FAE04EC0-301F-11D3-BF4B-00C04F79EFBC}") = "Penguin.Entities.Abstractions.Local", "..\Penguin.Entities.Abstractions\Penguin.Entities.Abstractions.Local.csproj", "{85227374-DE85-4FF0-BA40-A6145D53D1A1}"
EndProject
Project("{FAE04EC0-301F-11D3-BF4B-00C04F79EFBC}") = "Penguin.Reflection.Extensions.Local", "..\Penguin.Reflection.Extensions\Penguin.Reflection.Extensions.Local.csproj", "{BC3E43CD-15B8-46ED-B441-306EDAE2DF34}"
EndProject
Project("{FAE04EC0-301F-11D3-BF4B-00C04F79EFBC}") = "Penguin.Reflection.Abstractions.Local", "..\Penguin.Reflection.Abstractions\Penguin.Reflection.Abstractions.Local.csproj", "{FC78A0FE-AFA4-4DA3-BFE8-E7B0BC4EFAA6}"
EndProject
Project("{FAE04EC0-301F-11D3-BF4B-00C04F79EFBC}") = "Penguin.Extensions.String.Local", "..\Penguin.Extensions.String\Penguin.Extensions.String.Local.csproj", "{B20EC890-3650-47C7-969B-FE21FD4F8B9F}"
EndProject
Project("{FAE04EC0-301F-11D3-BF4B-00C04F79EFBC}") = "Penguin.Cms.Images.Repositories.Local", "..\Penguin.Cms.Images.Repositories\Penguin.Cms.Images.Repositories.Local.csproj", "{DF72F7C4-62C8-4FA2-93E5-6E15FEFD67F2}"
EndProject
Project("{FAE04EC0-301F-11D3-BF4B-00C04F79EFBC}") = "Penguin.Security.Abstractions.Local", "..\Penguin.Security.Abstractions\Penguin.Security.Abstractions.Local.csproj", "{52F1A2CC-C966-422D-82EE-4892E2AB40AC}"
EndProject
Project("{FAE04EC0-301F-11D3-BF4B-00C04F79EFBC}") = "Penguin.Cms.Images.Local", "..\Penguin.Cms.Images\Penguin.Cms.Images.Local.csproj", "{EC652843-01DA-4DCC-B7B5-404842625AD0}"
EndProject
Project("{FAE04EC0-301F-11D3-BF4B-00C04F79EFBC}") = "Penguin.Images.Local", "..\Penguin.Images\Penguin.Images.Local.csproj", "{1BD3FABD-330F-4D6F-B085-721F6A6B060A}"
EndProject
Project("{FAE04EC0-301F-11D3-BF4B-00C04F79EFBC}") = "Penguin.Web.Data.Local", "..\Penguin.Web.Data\Penguin.Web.Data.Local.csproj", "{105B4A77-349E-448F-9943-017A476DB0E2}"
EndProject
Project("{FAE04EC0-301F-11D3-BF4B-00C04F79EFBC}") = "Penguin.Cms.Repositories.Local", "..\Penguin.Cms.Repositories\Penguin.Cms.Repositories.Local.csproj", "{B7FB398F-E332-4F55-9904-9DB19681F5F2}"
EndProject
Project("{FAE04EC0-301F-11D3-BF4B-00C04F79EFBC}") = "Penguin.Persistence.Repositories.Local", "..\Penguin.Persistence.Repositories\Penguin.Persistence.Repositories.Local.csproj", "{5D04E210-C2BC-4E6D-B9DD-24A78331F061}"
EndProject
Project("{FAE04EC0-301F-11D3-BF4B-00C04F79EFBC}") = "Penguin.DependencyInjection.Abstractions.Local", "..\Penguin.DependencyInjection.Abstractions\Penguin.DependencyInjection.Abstractions.Local.csproj", "{82C377C7-67E5-4986-985E-9FCC8FD8D8CB}"
EndProject
Project("{FAE04EC0-301F-11D3-BF4B-00C04F79EFBC}") = "Penguin.Messaging.Persistence.Local", "..\Penguin.Messaging.Persistence\Penguin.Messaging.Persistence.Local.csproj", "{0320AD39-A00F-4BDF-990B-1D3752B5985C}"
EndProject
Project("{FAE04EC0-301F-11D3-BF4B-00C04F79EFBC}") = "Penguin.Messaging.Abstractions.Local", "..\Penguin.Messaging.Abstractions\Penguin.Messaging.Abstractions.Local.csproj", "{099291F7-6286-4254-A4BC-F63487B03B0C}"
EndProject
Project("{FAE04EC0-301F-11D3-BF4B-00C04F79EFBC}") = "Penguin.Messaging.Core.Local", "..\Penguin.Messaging.Core\Penguin.Messaging.Core.Local.csproj", "{69F82EC0-7B4F-404F-959F-D8E1BEAE6EF2}"
EndProject
Project("{FAE04EC0-301F-11D3-BF4B-00C04F79EFBC}") = "Penguin.Debugging.Local", "..\Penguin.Debugging\Penguin.Debugging.Local.csproj", "{740F82F1-2EA3-4D86-8410-6E57E5B3C965}"
EndProject
Project("{FAE04EC0-301F-11D3-BF4B-00C04F79EFBC}") = "Penguin.Extensions.Exceptions.Local", "..\Penguin.Extensions.Exceptions\Penguin.Extensions.Exceptions.Local.csproj", "{D4D2C2EB-B844-44EC-8C6B-762943AD95BB}"
EndProject
Project("{FAE04EC0-301F-11D3-BF4B-00C04F79EFBC}") = "Penguin.Reflection.Local", "..\Penguin.Reflection\Penguin.Reflection.Local.csproj", "{06C61CF3-EC15-4A4C-84D2-59F56595FAB5}"
EndProject
Project("{FAE04EC0-301F-11D3-BF4B-00C04F79EFBC}") = "Penguin.Cms.Modules.Dynamic.Local", "..\Penguin.Cms.Modules.Dynamic\Penguin.Cms.Modules.Dynamic.Local.csproj", "{D66E562B-C2D6-44D9-A40A-6E6FE2821238}"
EndProject
Project("{FAE04EC0-301F-11D3-BF4B-00C04F79EFBC}") = "Penguin.Shared.Objects.Local", "..\Penguin.Shared.Objects\Penguin.Shared.Objects.Local.csproj", "{DD2E2FE3-4055-41F2-8ECC-12D17818E472}"
EndProject
Project("{FAE04EC0-301F-11D3-BF4B-00C04F79EFBC}") = "Penguin.Cms.Errors.Local", "..\Penguin.Cms.Errors\Penguin.Cms.Errors.Local.csproj", "{B854253F-CEDE-42D7-9CE0-02B78C3429EA}"
EndProject
Project("{FAE04EC0-301F-11D3-BF4B-00C04F79EFBC}") = "Penguin.Auditing.Abstractions.Local", "..\Penguin.Auditing.Abstractions\Penguin.Auditing.Abstractions.Local.csproj", "{4172207F-CA64-48D2-94FC-2CCFA16A05CC}"
EndProject
Project("{FAE04EC0-301F-11D3-BF4B-00C04F79EFBC}") = "Penguin.Web.Dynamic.Local", "..\Penguin.Web.Dynamic\Penguin.Web.Dynamic.Local.csproj", "{E25ABBA0-12C4-4E79-A686-35CCF3617C9A}"
EndProject
Project("{FAE04EC0-301F-11D3-BF4B-00C04F79EFBC}") = "Penguin.Extensions.Collections.Local", "..\Penguin.Extensions.Collections\Penguin.Extensions.Collections.Local.csproj", "{0A568B36-BDCC-4C0D-9F22-02FD8408C3B9}"
EndProject
Project("{FAE04EC0-301F-11D3-BF4B-00C04F79EFBC}") = "Penguin.Reflection.Serialization.Local", "..\Penguin.Reflection.Serialization\Penguin.Reflection.Serialization.Local.csproj", "{31D5846D-FE1A-4E73-A313-4A12AF26BCFF}"
EndProject
Project("{FAE04EC0-301F-11D3-BF4B-00C04F79EFBC}") = "Penguin.Reflection.Serialization.Abstractions.Local", "..\Penguin.Reflection.Serialization.Abstractions\Penguin.Reflection.Serialization.Abstractions.Local.csproj", "{CF716EEC-6E9B-4AF9-8F51-913C344EF50E}"
EndProject
Project("{FAE04EC0-301F-11D3-BF4B-00C04F79EFBC}") = "Penguin.Cms.Modules.Admin.Local", "..\Penguin.Cms.Modules.Admin\Penguin.Cms.Modules.Admin.Local.csproj", "{4DF43E8B-99DE-45DF-9BB9-E3CA0344C033}"
EndProject
Project("{FAE04EC0-301F-11D3-BF4B-00C04F79EFBC}") = "Penguin.Web.Security.Local", "..\Penguin.Web.Security\Penguin.Web.Security.Local.csproj", "{8C1E1718-989D-4210-ADBD-9029D84E04CB}"
EndProject
Project("{FAE04EC0-301F-11D3-BF4B-00C04F79EFBC}") = "Penguin.Cms.Modules.Core.Local", "..\Penguin.Cms.Modules.Core\Penguin.Cms.Modules.Core.Local.csproj", "{00EA07E0-F714-4B8E-9BF4-58E9BC56FE61}"
EndProject
Project("{FAE04EC0-301F-11D3-BF4B-00C04F79EFBC}") = "Penguin.Navigation.Abstractions.Local", "..\Penguin.Navigation.Abstractions\Penguin.Navigation.Abstractions.Local.csproj", "{5AB54927-1736-4307-A131-1957BE4D8881}"
EndProject
Project("{FAE04EC0-301F-11D3-BF4B-00C04F79EFBC}") = "Penguin.Cms.Core.Local", "..\Penguin.Cms.Core\Penguin.Cms.Core.Local.csproj", "{FAE80346-E95C-41A0-A6C2-A9560DDCC3DD}"
EndProject
Project("{FAE04EC0-301F-11D3-BF4B-00C04F79EFBC}") = "Penguin.Cms.Abstractions.Local", "..\Penguin.Cms.Abstractions\Penguin.Cms.Abstractions.Local.csproj", "{21E11AEC-4C03-4E2A-9EF0-76E8EE27C0FE}"
EndProject
Project("{FAE04EC0-301F-11D3-BF4B-00C04F79EFBC}") = "Penguin.Cms.Web.Local", "..\Penguin.Cms.Web\Penguin.Cms.Web.Local.csproj", "{9CEEF6D9-D10F-45FD-939A-84EBA4DAF978}"
EndProject
Project("{FAE04EC0-301F-11D3-BF4B-00C04F79EFBC}") = "Penguin.Web.Mvc.Local", "..\Penguin.Web.Mvc\Penguin.Web.Mvc.Local.csproj", "{D430926D-3C65-4FF9-ACDD-0A506664E26B}"
EndProject
Project("{FAE04EC0-301F-11D3-BF4B-00C04F79EFBC}") = "Penguin.Web.Mvc.Abstractions.Local", "..\Penguin.Web.Mvc.Abstractions\Penguin.Web.Mvc.Abstractions.Local.csproj", "{8CBFAAFC-DC0E-410F-BAAE-8197F8B89F9E}"
EndProject
Project("{FAE04EC0-301F-11D3-BF4B-00C04F79EFBC}") = "Penguin.Templating.Abstractions.Local", "..\Penguin.Templating.Abstractions\Penguin.Templating.Abstractions.Local.csproj", "{2157D518-4EB6-4455-A8ED-9AA1E20138BE}"
EndProject
Project("{FAE04EC0-301F-11D3-BF4B-00C04F79EFBC}") = "Penguin.Web.Abstractions.Local", "..\Penguin.Web.Abstractions\Penguin.Web.Abstractions.Local.csproj", "{BD265B5F-2E1B-4C02-952F-E4D14B9504AD}"
EndProject
Project("{FAE04EC0-301F-11D3-BF4B-00C04F79EFBC}") = "Penguin.Configuration.Local", "..\Penguin.Configuration\Penguin.Configuration.Local.csproj", "{0FB00F3D-3695-47DB-AD1C-152703B562AE}"
EndProject
Project("{FAE04EC0-301F-11D3-BF4B-00C04F79EFBC}") = "Penguin.Configuration.Abstractions.Local", "..\Penguin.Configuration.Abstractions\Penguin.Configuration.Abstractions.Local.csproj", "{D350B611-57EA-43F6-A70C-4594CCA20B19}"
EndProject
Project("{FAE04EC0-301F-11D3-BF4B-00C04F79EFBC}") = "Penguin.Messaging.Application.Local", "..\Penguin.Messaging.Application\Penguin.Messaging.Application.Local.csproj", "{4D96D91B-198F-4BC1-84EE-EE842DA277C6}"
EndProject
Project("{FAE04EC0-301F-11D3-BF4B-00C04F79EFBC}") = "Penguin.Testing.Local", "..\Penguin.Testing\Penguin.Testing.Local.csproj", "{E6869AC6-CE1A-4DBC-A928-2A6CD3F78DDE}"
EndProject
Project("{FAE04EC0-301F-11D3-BF4B-00C04F79EFBC}") = "Penguin.Web.Errors.Local", "..\Penguin.Web.Errors\Penguin.Web.Errors.Local.csproj", "{2657E77B-4510-4FC7-AAF5-F382757D66ED}"
EndProject
Project("{FAE04EC0-301F-11D3-BF4B-00C04F79EFBC}") = "Penguin.Files.Local", "..\Penguin.Files\Penguin.Files.Local.csproj", "{BECD9750-609B-4EDD-943F-5EB2C564ABD3}"
EndProject
Project("{FAE04EC0-301F-11D3-BF4B-00C04F79EFBC}") = "Penguin.Web.DependencyInjection.Local", "..\Penguin.Web.DependencyInjection\Penguin.Web.DependencyInjection.Local.csproj", "{D30A151B-8E35-4613-9CE5-F246A6BC69B0}"
EndProject
Project("{FAE04EC0-301F-11D3-BF4B-00C04F79EFBC}") = "Penguin.Web.Testing.Local", "..\Penguin.Web.Testing\Penguin.Web.Testing.Local.csproj", "{6CD7CE9B-36A3-4F44-A48A-8A67014E8815}"
EndProject
Project("{FAE04EC0-301F-11D3-BF4B-00C04F79EFBC}") = "Penguin.DependencyInjection.Local", "..\Penguin.DependencyInjection\Penguin.DependencyInjection.Local.csproj", "{F740D22C-0217-4E80-B153-ABB2F12907C8}"
EndProject
Project("{FAE04EC0-301F-11D3-BF4B-00C04F79EFBC}") = "Penguin.Reflection.Serialization.Extensions.Local", "..\Penguin.Reflection.Serialization.Extensions\Penguin.Reflection.Serialization.Extensions.Local.csproj", "{1C9F6AC8-CE5F-4D36-B5C4-1A9EB3A4FD70}"
EndProject
Project("{FAE04EC0-301F-11D3-BF4B-00C04F79EFBC}") = "Penguin.Persistence.Database.Local", "..\Penguin.Persistence.Database\Penguin.Persistence.Database.Local.csproj", "{384E47A8-6A7B-4A4C-A9E0-7EE6C6B6B4B6}"
EndProject
Project("{FAE04EC0-301F-11D3-BF4B-00C04F79EFBC}") = "Penguin.Threading.BackgroundWorker.Local", "..\Penguin.Threading.BackgroundWorker\Penguin.Threading.BackgroundWorker.Local.csproj", "{34739460-E92B-4124-A624-7831EA7BE189}"
EndProject
Project("{FAE04EC0-301F-11D3-BF4B-00C04F79EFBC}") = "Penguin.Json.Local", "..\Penguin.Json\Penguin.Json.Local.csproj", "{7B0043D5-5B6A-4E7A-B2A5-E9A86C629E32}"
EndProject
Project("{FAE04EC0-301F-11D3-BF4B-00C04F79EFBC}") = "Penguin.SystemExtensions.Abstractions.Local", "..\Penguin.SystemExtensions.Abstractions\Penguin.SystemExtensions.Abstractions.Local.csproj", "{3DD2166E-E640-4CFB-8FE2-D7B91B2B9B0B}"
EndProject
Project("{FAE04EC0-301F-11D3-BF4B-00C04F79EFBC}") = "Penguin.Json.Abstractions.Local", "..\Penguin.Json.Abstractions\Penguin.Json.Abstractions.Local.csproj", "{AD5924A1-0C46-48AA-B578-F3EB237D92C0}"
EndProject
Global
	GlobalSection(SolutionConfigurationPlatforms) = preSolution
		Debug|Any CPU = Debug|Any CPU
		Debug|x64 = Debug|x64
		Debug|x86 = Debug|x86
		Release|Any CPU = Release|Any CPU
		Release|x64 = Release|x64
		Release|x86 = Release|x86
	EndGlobalSection
	GlobalSection(SolutionProperties) = preSolution
		HideSolutionNode = FALSE
	EndGlobalSection
	GlobalSection(ProjectConfigurationPlatforms) = postSolution
		{6FFADDA4-81F0-4FC3-8499-536BA3512C74}.Debug|Any CPU.ActiveCfg = Debug|Any CPU
		{6FFADDA4-81F0-4FC3-8499-536BA3512C74}.Debug|Any CPU.Build.0 = Debug|Any CPU
		{6FFADDA4-81F0-4FC3-8499-536BA3512C74}.Debug|x64.ActiveCfg = Debug|Any CPU
		{6FFADDA4-81F0-4FC3-8499-536BA3512C74}.Debug|x64.Build.0 = Debug|Any CPU
		{6FFADDA4-81F0-4FC3-8499-536BA3512C74}.Debug|x86.ActiveCfg = Debug|Any CPU
		{6FFADDA4-81F0-4FC3-8499-536BA3512C74}.Debug|x86.Build.0 = Debug|Any CPU
		{6FFADDA4-81F0-4FC3-8499-536BA3512C74}.Release|Any CPU.ActiveCfg = Release|Any CPU
		{6FFADDA4-81F0-4FC3-8499-536BA3512C74}.Release|Any CPU.Build.0 = Release|Any CPU
		{6FFADDA4-81F0-4FC3-8499-536BA3512C74}.Release|x64.ActiveCfg = Release|Any CPU
		{6FFADDA4-81F0-4FC3-8499-536BA3512C74}.Release|x64.Build.0 = Release|Any CPU
		{6FFADDA4-81F0-4FC3-8499-536BA3512C74}.Release|x86.ActiveCfg = Release|Any CPU
		{6FFADDA4-81F0-4FC3-8499-536BA3512C74}.Release|x86.Build.0 = Release|Any CPU
		{22478CAE-C754-4001-B379-4C6D9FB5A8A9}.Debug|Any CPU.ActiveCfg = Debug|Any CPU
		{22478CAE-C754-4001-B379-4C6D9FB5A8A9}.Debug|Any CPU.Build.0 = Debug|Any CPU
		{22478CAE-C754-4001-B379-4C6D9FB5A8A9}.Debug|x64.ActiveCfg = Debug|Any CPU
		{22478CAE-C754-4001-B379-4C6D9FB5A8A9}.Debug|x64.Build.0 = Debug|Any CPU
		{22478CAE-C754-4001-B379-4C6D9FB5A8A9}.Debug|x86.ActiveCfg = Debug|Any CPU
		{22478CAE-C754-4001-B379-4C6D9FB5A8A9}.Debug|x86.Build.0 = Debug|Any CPU
		{22478CAE-C754-4001-B379-4C6D9FB5A8A9}.Release|Any CPU.ActiveCfg = Release|Any CPU
		{22478CAE-C754-4001-B379-4C6D9FB5A8A9}.Release|Any CPU.Build.0 = Release|Any CPU
		{22478CAE-C754-4001-B379-4C6D9FB5A8A9}.Release|x64.ActiveCfg = Release|Any CPU
		{22478CAE-C754-4001-B379-4C6D9FB5A8A9}.Release|x64.Build.0 = Release|Any CPU
		{22478CAE-C754-4001-B379-4C6D9FB5A8A9}.Release|x86.ActiveCfg = Release|Any CPU
		{22478CAE-C754-4001-B379-4C6D9FB5A8A9}.Release|x86.Build.0 = Release|Any CPU
		{5D4AF36A-E780-4CB0-8C5E-BAD182518267}.Debug|Any CPU.ActiveCfg = Debug|Any CPU
		{5D4AF36A-E780-4CB0-8C5E-BAD182518267}.Debug|Any CPU.Build.0 = Debug|Any CPU
		{5D4AF36A-E780-4CB0-8C5E-BAD182518267}.Debug|x64.ActiveCfg = Debug|Any CPU
		{5D4AF36A-E780-4CB0-8C5E-BAD182518267}.Debug|x64.Build.0 = Debug|Any CPU
		{5D4AF36A-E780-4CB0-8C5E-BAD182518267}.Debug|x86.ActiveCfg = Debug|Any CPU
		{5D4AF36A-E780-4CB0-8C5E-BAD182518267}.Debug|x86.Build.0 = Debug|Any CPU
		{5D4AF36A-E780-4CB0-8C5E-BAD182518267}.Release|Any CPU.ActiveCfg = Release|Any CPU
		{5D4AF36A-E780-4CB0-8C5E-BAD182518267}.Release|Any CPU.Build.0 = Release|Any CPU
		{5D4AF36A-E780-4CB0-8C5E-BAD182518267}.Release|x64.ActiveCfg = Release|Any CPU
		{5D4AF36A-E780-4CB0-8C5E-BAD182518267}.Release|x64.Build.0 = Release|Any CPU
		{5D4AF36A-E780-4CB0-8C5E-BAD182518267}.Release|x86.ActiveCfg = Release|Any CPU
		{5D4AF36A-E780-4CB0-8C5E-BAD182518267}.Release|x86.Build.0 = Release|Any CPU
		{816B282A-3E67-4925-BF0A-304489E64C6D}.Debug|Any CPU.ActiveCfg = Debug|Any CPU
		{816B282A-3E67-4925-BF0A-304489E64C6D}.Debug|Any CPU.Build.0 = Debug|Any CPU
		{816B282A-3E67-4925-BF0A-304489E64C6D}.Debug|x64.ActiveCfg = Debug|Any CPU
		{816B282A-3E67-4925-BF0A-304489E64C6D}.Debug|x64.Build.0 = Debug|Any CPU
		{816B282A-3E67-4925-BF0A-304489E64C6D}.Debug|x86.ActiveCfg = Debug|Any CPU
		{816B282A-3E67-4925-BF0A-304489E64C6D}.Debug|x86.Build.0 = Debug|Any CPU
		{816B282A-3E67-4925-BF0A-304489E64C6D}.Release|Any CPU.ActiveCfg = Release|Any CPU
		{816B282A-3E67-4925-BF0A-304489E64C6D}.Release|Any CPU.Build.0 = Release|Any CPU
		{816B282A-3E67-4925-BF0A-304489E64C6D}.Release|x64.ActiveCfg = Release|Any CPU
		{816B282A-3E67-4925-BF0A-304489E64C6D}.Release|x64.Build.0 = Release|Any CPU
		{816B282A-3E67-4925-BF0A-304489E64C6D}.Release|x86.ActiveCfg = Release|Any CPU
		{816B282A-3E67-4925-BF0A-304489E64C6D}.Release|x86.Build.0 = Release|Any CPU
		{A930C7A1-B133-4886-B41D-6764E7BF6517}.Debug|Any CPU.ActiveCfg = Debug|Any CPU
		{A930C7A1-B133-4886-B41D-6764E7BF6517}.Debug|Any CPU.Build.0 = Debug|Any CPU
		{A930C7A1-B133-4886-B41D-6764E7BF6517}.Debug|x64.ActiveCfg = Debug|Any CPU
		{A930C7A1-B133-4886-B41D-6764E7BF6517}.Debug|x64.Build.0 = Debug|Any CPU
		{A930C7A1-B133-4886-B41D-6764E7BF6517}.Debug|x86.ActiveCfg = Debug|Any CPU
		{A930C7A1-B133-4886-B41D-6764E7BF6517}.Debug|x86.Build.0 = Debug|Any CPU
		{A930C7A1-B133-4886-B41D-6764E7BF6517}.Release|Any CPU.ActiveCfg = Release|Any CPU
		{A930C7A1-B133-4886-B41D-6764E7BF6517}.Release|Any CPU.Build.0 = Release|Any CPU
		{A930C7A1-B133-4886-B41D-6764E7BF6517}.Release|x64.ActiveCfg = Release|Any CPU
		{A930C7A1-B133-4886-B41D-6764E7BF6517}.Release|x64.Build.0 = Release|Any CPU
		{A930C7A1-B133-4886-B41D-6764E7BF6517}.Release|x86.ActiveCfg = Release|Any CPU
		{A930C7A1-B133-4886-B41D-6764E7BF6517}.Release|x86.Build.0 = Release|Any CPU
		{85227374-DE85-4FF0-BA40-A6145D53D1A1}.Debug|Any CPU.ActiveCfg = Debug|Any CPU
		{85227374-DE85-4FF0-BA40-A6145D53D1A1}.Debug|Any CPU.Build.0 = Debug|Any CPU
		{85227374-DE85-4FF0-BA40-A6145D53D1A1}.Debug|x64.ActiveCfg = Debug|Any CPU
		{85227374-DE85-4FF0-BA40-A6145D53D1A1}.Debug|x64.Build.0 = Debug|Any CPU
		{85227374-DE85-4FF0-BA40-A6145D53D1A1}.Debug|x86.ActiveCfg = Debug|Any CPU
		{85227374-DE85-4FF0-BA40-A6145D53D1A1}.Debug|x86.Build.0 = Debug|Any CPU
		{85227374-DE85-4FF0-BA40-A6145D53D1A1}.Release|Any CPU.ActiveCfg = Release|Any CPU
		{85227374-DE85-4FF0-BA40-A6145D53D1A1}.Release|Any CPU.Build.0 = Release|Any CPU
		{85227374-DE85-4FF0-BA40-A6145D53D1A1}.Release|x64.ActiveCfg = Release|Any CPU
		{85227374-DE85-4FF0-BA40-A6145D53D1A1}.Release|x64.Build.0 = Release|Any CPU
		{85227374-DE85-4FF0-BA40-A6145D53D1A1}.Release|x86.ActiveCfg = Release|Any CPU
		{85227374-DE85-4FF0-BA40-A6145D53D1A1}.Release|x86.Build.0 = Release|Any CPU
		{BC3E43CD-15B8-46ED-B441-306EDAE2DF34}.Debug|Any CPU.ActiveCfg = Debug|Any CPU
		{BC3E43CD-15B8-46ED-B441-306EDAE2DF34}.Debug|Any CPU.Build.0 = Debug|Any CPU
		{BC3E43CD-15B8-46ED-B441-306EDAE2DF34}.Debug|x64.ActiveCfg = Debug|Any CPU
		{BC3E43CD-15B8-46ED-B441-306EDAE2DF34}.Debug|x64.Build.0 = Debug|Any CPU
		{BC3E43CD-15B8-46ED-B441-306EDAE2DF34}.Debug|x86.ActiveCfg = Debug|Any CPU
		{BC3E43CD-15B8-46ED-B441-306EDAE2DF34}.Debug|x86.Build.0 = Debug|Any CPU
		{BC3E43CD-15B8-46ED-B441-306EDAE2DF34}.Release|Any CPU.ActiveCfg = Release|Any CPU
		{BC3E43CD-15B8-46ED-B441-306EDAE2DF34}.Release|Any CPU.Build.0 = Release|Any CPU
		{BC3E43CD-15B8-46ED-B441-306EDAE2DF34}.Release|x64.ActiveCfg = Release|Any CPU
		{BC3E43CD-15B8-46ED-B441-306EDAE2DF34}.Release|x64.Build.0 = Release|Any CPU
		{BC3E43CD-15B8-46ED-B441-306EDAE2DF34}.Release|x86.ActiveCfg = Release|Any CPU
		{BC3E43CD-15B8-46ED-B441-306EDAE2DF34}.Release|x86.Build.0 = Release|Any CPU
		{FC78A0FE-AFA4-4DA3-BFE8-E7B0BC4EFAA6}.Debug|Any CPU.ActiveCfg = Debug|Any CPU
		{FC78A0FE-AFA4-4DA3-BFE8-E7B0BC4EFAA6}.Debug|Any CPU.Build.0 = Debug|Any CPU
		{FC78A0FE-AFA4-4DA3-BFE8-E7B0BC4EFAA6}.Debug|x64.ActiveCfg = Debug|Any CPU
		{FC78A0FE-AFA4-4DA3-BFE8-E7B0BC4EFAA6}.Debug|x64.Build.0 = Debug|Any CPU
		{FC78A0FE-AFA4-4DA3-BFE8-E7B0BC4EFAA6}.Debug|x86.ActiveCfg = Debug|Any CPU
		{FC78A0FE-AFA4-4DA3-BFE8-E7B0BC4EFAA6}.Debug|x86.Build.0 = Debug|Any CPU
		{FC78A0FE-AFA4-4DA3-BFE8-E7B0BC4EFAA6}.Release|Any CPU.ActiveCfg = Release|Any CPU
		{FC78A0FE-AFA4-4DA3-BFE8-E7B0BC4EFAA6}.Release|Any CPU.Build.0 = Release|Any CPU
		{FC78A0FE-AFA4-4DA3-BFE8-E7B0BC4EFAA6}.Release|x64.ActiveCfg = Release|Any CPU
		{FC78A0FE-AFA4-4DA3-BFE8-E7B0BC4EFAA6}.Release|x64.Build.0 = Release|Any CPU
		{FC78A0FE-AFA4-4DA3-BFE8-E7B0BC4EFAA6}.Release|x86.ActiveCfg = Release|Any CPU
		{FC78A0FE-AFA4-4DA3-BFE8-E7B0BC4EFAA6}.Release|x86.Build.0 = Release|Any CPU
		{B20EC890-3650-47C7-969B-FE21FD4F8B9F}.Debug|Any CPU.ActiveCfg = Debug|Any CPU
		{B20EC890-3650-47C7-969B-FE21FD4F8B9F}.Debug|Any CPU.Build.0 = Debug|Any CPU
		{B20EC890-3650-47C7-969B-FE21FD4F8B9F}.Debug|x64.ActiveCfg = Debug|Any CPU
		{B20EC890-3650-47C7-969B-FE21FD4F8B9F}.Debug|x64.Build.0 = Debug|Any CPU
		{B20EC890-3650-47C7-969B-FE21FD4F8B9F}.Debug|x86.ActiveCfg = Debug|Any CPU
		{B20EC890-3650-47C7-969B-FE21FD4F8B9F}.Debug|x86.Build.0 = Debug|Any CPU
		{B20EC890-3650-47C7-969B-FE21FD4F8B9F}.Release|Any CPU.ActiveCfg = Release|Any CPU
		{B20EC890-3650-47C7-969B-FE21FD4F8B9F}.Release|Any CPU.Build.0 = Release|Any CPU
		{B20EC890-3650-47C7-969B-FE21FD4F8B9F}.Release|x64.ActiveCfg = Release|Any CPU
		{B20EC890-3650-47C7-969B-FE21FD4F8B9F}.Release|x64.Build.0 = Release|Any CPU
		{B20EC890-3650-47C7-969B-FE21FD4F8B9F}.Release|x86.ActiveCfg = Release|Any CPU
		{B20EC890-3650-47C7-969B-FE21FD4F8B9F}.Release|x86.Build.0 = Release|Any CPU
		{DF72F7C4-62C8-4FA2-93E5-6E15FEFD67F2}.Debug|Any CPU.ActiveCfg = Debug|Any CPU
		{DF72F7C4-62C8-4FA2-93E5-6E15FEFD67F2}.Debug|Any CPU.Build.0 = Debug|Any CPU
		{DF72F7C4-62C8-4FA2-93E5-6E15FEFD67F2}.Debug|x64.ActiveCfg = Debug|Any CPU
		{DF72F7C4-62C8-4FA2-93E5-6E15FEFD67F2}.Debug|x64.Build.0 = Debug|Any CPU
		{DF72F7C4-62C8-4FA2-93E5-6E15FEFD67F2}.Debug|x86.ActiveCfg = Debug|Any CPU
		{DF72F7C4-62C8-4FA2-93E5-6E15FEFD67F2}.Debug|x86.Build.0 = Debug|Any CPU
		{DF72F7C4-62C8-4FA2-93E5-6E15FEFD67F2}.Release|Any CPU.ActiveCfg = Release|Any CPU
		{DF72F7C4-62C8-4FA2-93E5-6E15FEFD67F2}.Release|Any CPU.Build.0 = Release|Any CPU
		{DF72F7C4-62C8-4FA2-93E5-6E15FEFD67F2}.Release|x64.ActiveCfg = Release|Any CPU
		{DF72F7C4-62C8-4FA2-93E5-6E15FEFD67F2}.Release|x64.Build.0 = Release|Any CPU
		{DF72F7C4-62C8-4FA2-93E5-6E15FEFD67F2}.Release|x86.ActiveCfg = Release|Any CPU
		{DF72F7C4-62C8-4FA2-93E5-6E15FEFD67F2}.Release|x86.Build.0 = Release|Any CPU
		{52F1A2CC-C966-422D-82EE-4892E2AB40AC}.Debug|Any CPU.ActiveCfg = Debug|Any CPU
		{52F1A2CC-C966-422D-82EE-4892E2AB40AC}.Debug|Any CPU.Build.0 = Debug|Any CPU
		{52F1A2CC-C966-422D-82EE-4892E2AB40AC}.Debug|x64.ActiveCfg = Debug|Any CPU
		{52F1A2CC-C966-422D-82EE-4892E2AB40AC}.Debug|x64.Build.0 = Debug|Any CPU
		{52F1A2CC-C966-422D-82EE-4892E2AB40AC}.Debug|x86.ActiveCfg = Debug|Any CPU
		{52F1A2CC-C966-422D-82EE-4892E2AB40AC}.Debug|x86.Build.0 = Debug|Any CPU
		{52F1A2CC-C966-422D-82EE-4892E2AB40AC}.Release|Any CPU.ActiveCfg = Release|Any CPU
		{52F1A2CC-C966-422D-82EE-4892E2AB40AC}.Release|Any CPU.Build.0 = Release|Any CPU
		{52F1A2CC-C966-422D-82EE-4892E2AB40AC}.Release|x64.ActiveCfg = Release|Any CPU
		{52F1A2CC-C966-422D-82EE-4892E2AB40AC}.Release|x64.Build.0 = Release|Any CPU
		{52F1A2CC-C966-422D-82EE-4892E2AB40AC}.Release|x86.ActiveCfg = Release|Any CPU
		{52F1A2CC-C966-422D-82EE-4892E2AB40AC}.Release|x86.Build.0 = Release|Any CPU
		{EC652843-01DA-4DCC-B7B5-404842625AD0}.Debug|Any CPU.ActiveCfg = Debug|Any CPU
		{EC652843-01DA-4DCC-B7B5-404842625AD0}.Debug|Any CPU.Build.0 = Debug|Any CPU
		{EC652843-01DA-4DCC-B7B5-404842625AD0}.Debug|x64.ActiveCfg = Debug|Any CPU
		{EC652843-01DA-4DCC-B7B5-404842625AD0}.Debug|x64.Build.0 = Debug|Any CPU
		{EC652843-01DA-4DCC-B7B5-404842625AD0}.Debug|x86.ActiveCfg = Debug|Any CPU
		{EC652843-01DA-4DCC-B7B5-404842625AD0}.Debug|x86.Build.0 = Debug|Any CPU
		{EC652843-01DA-4DCC-B7B5-404842625AD0}.Release|Any CPU.ActiveCfg = Release|Any CPU
		{EC652843-01DA-4DCC-B7B5-404842625AD0}.Release|Any CPU.Build.0 = Release|Any CPU
		{EC652843-01DA-4DCC-B7B5-404842625AD0}.Release|x64.ActiveCfg = Release|Any CPU
		{EC652843-01DA-4DCC-B7B5-404842625AD0}.Release|x64.Build.0 = Release|Any CPU
		{EC652843-01DA-4DCC-B7B5-404842625AD0}.Release|x86.ActiveCfg = Release|Any CPU
		{EC652843-01DA-4DCC-B7B5-404842625AD0}.Release|x86.Build.0 = Release|Any CPU
		{1BD3FABD-330F-4D6F-B085-721F6A6B060A}.Debug|Any CPU.ActiveCfg = Debug|Any CPU
		{1BD3FABD-330F-4D6F-B085-721F6A6B060A}.Debug|Any CPU.Build.0 = Debug|Any CPU
		{1BD3FABD-330F-4D6F-B085-721F6A6B060A}.Debug|x64.ActiveCfg = Debug|Any CPU
		{1BD3FABD-330F-4D6F-B085-721F6A6B060A}.Debug|x64.Build.0 = Debug|Any CPU
		{1BD3FABD-330F-4D6F-B085-721F6A6B060A}.Debug|x86.ActiveCfg = Debug|Any CPU
		{1BD3FABD-330F-4D6F-B085-721F6A6B060A}.Debug|x86.Build.0 = Debug|Any CPU
		{1BD3FABD-330F-4D6F-B085-721F6A6B060A}.Release|Any CPU.ActiveCfg = Release|Any CPU
		{1BD3FABD-330F-4D6F-B085-721F6A6B060A}.Release|Any CPU.Build.0 = Release|Any CPU
		{1BD3FABD-330F-4D6F-B085-721F6A6B060A}.Release|x64.ActiveCfg = Release|Any CPU
		{1BD3FABD-330F-4D6F-B085-721F6A6B060A}.Release|x64.Build.0 = Release|Any CPU
		{1BD3FABD-330F-4D6F-B085-721F6A6B060A}.Release|x86.ActiveCfg = Release|Any CPU
		{1BD3FABD-330F-4D6F-B085-721F6A6B060A}.Release|x86.Build.0 = Release|Any CPU
		{105B4A77-349E-448F-9943-017A476DB0E2}.Debug|Any CPU.ActiveCfg = Debug|Any CPU
		{105B4A77-349E-448F-9943-017A476DB0E2}.Debug|Any CPU.Build.0 = Debug|Any CPU
		{105B4A77-349E-448F-9943-017A476DB0E2}.Debug|x64.ActiveCfg = Debug|Any CPU
		{105B4A77-349E-448F-9943-017A476DB0E2}.Debug|x64.Build.0 = Debug|Any CPU
		{105B4A77-349E-448F-9943-017A476DB0E2}.Debug|x86.ActiveCfg = Debug|Any CPU
		{105B4A77-349E-448F-9943-017A476DB0E2}.Debug|x86.Build.0 = Debug|Any CPU
		{105B4A77-349E-448F-9943-017A476DB0E2}.Release|Any CPU.ActiveCfg = Release|Any CPU
		{105B4A77-349E-448F-9943-017A476DB0E2}.Release|Any CPU.Build.0 = Release|Any CPU
		{105B4A77-349E-448F-9943-017A476DB0E2}.Release|x64.ActiveCfg = Release|Any CPU
		{105B4A77-349E-448F-9943-017A476DB0E2}.Release|x64.Build.0 = Release|Any CPU
		{105B4A77-349E-448F-9943-017A476DB0E2}.Release|x86.ActiveCfg = Release|Any CPU
		{105B4A77-349E-448F-9943-017A476DB0E2}.Release|x86.Build.0 = Release|Any CPU
		{B7FB398F-E332-4F55-9904-9DB19681F5F2}.Debug|Any CPU.ActiveCfg = Debug|Any CPU
		{B7FB398F-E332-4F55-9904-9DB19681F5F2}.Debug|Any CPU.Build.0 = Debug|Any CPU
		{B7FB398F-E332-4F55-9904-9DB19681F5F2}.Debug|x64.ActiveCfg = Debug|Any CPU
		{B7FB398F-E332-4F55-9904-9DB19681F5F2}.Debug|x64.Build.0 = Debug|Any CPU
		{B7FB398F-E332-4F55-9904-9DB19681F5F2}.Debug|x86.ActiveCfg = Debug|Any CPU
		{B7FB398F-E332-4F55-9904-9DB19681F5F2}.Debug|x86.Build.0 = Debug|Any CPU
		{B7FB398F-E332-4F55-9904-9DB19681F5F2}.Release|Any CPU.ActiveCfg = Release|Any CPU
		{B7FB398F-E332-4F55-9904-9DB19681F5F2}.Release|Any CPU.Build.0 = Release|Any CPU
		{B7FB398F-E332-4F55-9904-9DB19681F5F2}.Release|x64.ActiveCfg = Release|Any CPU
		{B7FB398F-E332-4F55-9904-9DB19681F5F2}.Release|x64.Build.0 = Release|Any CPU
		{B7FB398F-E332-4F55-9904-9DB19681F5F2}.Release|x86.ActiveCfg = Release|Any CPU
		{B7FB398F-E332-4F55-9904-9DB19681F5F2}.Release|x86.Build.0 = Release|Any CPU
		{5D04E210-C2BC-4E6D-B9DD-24A78331F061}.Debug|Any CPU.ActiveCfg = Debug|Any CPU
		{5D04E210-C2BC-4E6D-B9DD-24A78331F061}.Debug|Any CPU.Build.0 = Debug|Any CPU
		{5D04E210-C2BC-4E6D-B9DD-24A78331F061}.Debug|x64.ActiveCfg = Debug|Any CPU
		{5D04E210-C2BC-4E6D-B9DD-24A78331F061}.Debug|x64.Build.0 = Debug|Any CPU
		{5D04E210-C2BC-4E6D-B9DD-24A78331F061}.Debug|x86.ActiveCfg = Debug|Any CPU
		{5D04E210-C2BC-4E6D-B9DD-24A78331F061}.Debug|x86.Build.0 = Debug|Any CPU
		{5D04E210-C2BC-4E6D-B9DD-24A78331F061}.Release|Any CPU.ActiveCfg = Release|Any CPU
		{5D04E210-C2BC-4E6D-B9DD-24A78331F061}.Release|Any CPU.Build.0 = Release|Any CPU
		{5D04E210-C2BC-4E6D-B9DD-24A78331F061}.Release|x64.ActiveCfg = Release|Any CPU
		{5D04E210-C2BC-4E6D-B9DD-24A78331F061}.Release|x64.Build.0 = Release|Any CPU
		{5D04E210-C2BC-4E6D-B9DD-24A78331F061}.Release|x86.ActiveCfg = Release|Any CPU
		{5D04E210-C2BC-4E6D-B9DD-24A78331F061}.Release|x86.Build.0 = Release|Any CPU
		{82C377C7-67E5-4986-985E-9FCC8FD8D8CB}.Debug|Any CPU.ActiveCfg = Debug|Any CPU
		{82C377C7-67E5-4986-985E-9FCC8FD8D8CB}.Debug|Any CPU.Build.0 = Debug|Any CPU
		{82C377C7-67E5-4986-985E-9FCC8FD8D8CB}.Debug|x64.ActiveCfg = Debug|Any CPU
		{82C377C7-67E5-4986-985E-9FCC8FD8D8CB}.Debug|x64.Build.0 = Debug|Any CPU
		{82C377C7-67E5-4986-985E-9FCC8FD8D8CB}.Debug|x86.ActiveCfg = Debug|Any CPU
		{82C377C7-67E5-4986-985E-9FCC8FD8D8CB}.Debug|x86.Build.0 = Debug|Any CPU
		{82C377C7-67E5-4986-985E-9FCC8FD8D8CB}.Release|Any CPU.ActiveCfg = Release|Any CPU
		{82C377C7-67E5-4986-985E-9FCC8FD8D8CB}.Release|Any CPU.Build.0 = Release|Any CPU
		{82C377C7-67E5-4986-985E-9FCC8FD8D8CB}.Release|x64.ActiveCfg = Release|Any CPU
		{82C377C7-67E5-4986-985E-9FCC8FD8D8CB}.Release|x64.Build.0 = Release|Any CPU
		{82C377C7-67E5-4986-985E-9FCC8FD8D8CB}.Release|x86.ActiveCfg = Release|Any CPU
		{82C377C7-67E5-4986-985E-9FCC8FD8D8CB}.Release|x86.Build.0 = Release|Any CPU
		{0320AD39-A00F-4BDF-990B-1D3752B5985C}.Debug|Any CPU.ActiveCfg = Debug|Any CPU
		{0320AD39-A00F-4BDF-990B-1D3752B5985C}.Debug|Any CPU.Build.0 = Debug|Any CPU
		{0320AD39-A00F-4BDF-990B-1D3752B5985C}.Debug|x64.ActiveCfg = Debug|Any CPU
		{0320AD39-A00F-4BDF-990B-1D3752B5985C}.Debug|x64.Build.0 = Debug|Any CPU
		{0320AD39-A00F-4BDF-990B-1D3752B5985C}.Debug|x86.ActiveCfg = Debug|Any CPU
		{0320AD39-A00F-4BDF-990B-1D3752B5985C}.Debug|x86.Build.0 = Debug|Any CPU
		{0320AD39-A00F-4BDF-990B-1D3752B5985C}.Release|Any CPU.ActiveCfg = Release|Any CPU
		{0320AD39-A00F-4BDF-990B-1D3752B5985C}.Release|Any CPU.Build.0 = Release|Any CPU
		{0320AD39-A00F-4BDF-990B-1D3752B5985C}.Release|x64.ActiveCfg = Release|Any CPU
		{0320AD39-A00F-4BDF-990B-1D3752B5985C}.Release|x64.Build.0 = Release|Any CPU
		{0320AD39-A00F-4BDF-990B-1D3752B5985C}.Release|x86.ActiveCfg = Release|Any CPU
		{0320AD39-A00F-4BDF-990B-1D3752B5985C}.Release|x86.Build.0 = Release|Any CPU
		{099291F7-6286-4254-A4BC-F63487B03B0C}.Debug|Any CPU.ActiveCfg = Debug|Any CPU
		{099291F7-6286-4254-A4BC-F63487B03B0C}.Debug|Any CPU.Build.0 = Debug|Any CPU
		{099291F7-6286-4254-A4BC-F63487B03B0C}.Debug|x64.ActiveCfg = Debug|Any CPU
		{099291F7-6286-4254-A4BC-F63487B03B0C}.Debug|x64.Build.0 = Debug|Any CPU
		{099291F7-6286-4254-A4BC-F63487B03B0C}.Debug|x86.ActiveCfg = Debug|Any CPU
		{099291F7-6286-4254-A4BC-F63487B03B0C}.Debug|x86.Build.0 = Debug|Any CPU
		{099291F7-6286-4254-A4BC-F63487B03B0C}.Release|Any CPU.ActiveCfg = Release|Any CPU
		{099291F7-6286-4254-A4BC-F63487B03B0C}.Release|Any CPU.Build.0 = Release|Any CPU
		{099291F7-6286-4254-A4BC-F63487B03B0C}.Release|x64.ActiveCfg = Release|Any CPU
		{099291F7-6286-4254-A4BC-F63487B03B0C}.Release|x64.Build.0 = Release|Any CPU
		{099291F7-6286-4254-A4BC-F63487B03B0C}.Release|x86.ActiveCfg = Release|Any CPU
		{099291F7-6286-4254-A4BC-F63487B03B0C}.Release|x86.Build.0 = Release|Any CPU
		{69F82EC0-7B4F-404F-959F-D8E1BEAE6EF2}.Debug|Any CPU.ActiveCfg = Debug|Any CPU
		{69F82EC0-7B4F-404F-959F-D8E1BEAE6EF2}.Debug|Any CPU.Build.0 = Debug|Any CPU
		{69F82EC0-7B4F-404F-959F-D8E1BEAE6EF2}.Debug|x64.ActiveCfg = Debug|Any CPU
		{69F82EC0-7B4F-404F-959F-D8E1BEAE6EF2}.Debug|x64.Build.0 = Debug|Any CPU
		{69F82EC0-7B4F-404F-959F-D8E1BEAE6EF2}.Debug|x86.ActiveCfg = Debug|Any CPU
		{69F82EC0-7B4F-404F-959F-D8E1BEAE6EF2}.Debug|x86.Build.0 = Debug|Any CPU
		{69F82EC0-7B4F-404F-959F-D8E1BEAE6EF2}.Release|Any CPU.ActiveCfg = Release|Any CPU
		{69F82EC0-7B4F-404F-959F-D8E1BEAE6EF2}.Release|Any CPU.Build.0 = Release|Any CPU
		{69F82EC0-7B4F-404F-959F-D8E1BEAE6EF2}.Release|x64.ActiveCfg = Release|Any CPU
		{69F82EC0-7B4F-404F-959F-D8E1BEAE6EF2}.Release|x64.Build.0 = Release|Any CPU
		{69F82EC0-7B4F-404F-959F-D8E1BEAE6EF2}.Release|x86.ActiveCfg = Release|Any CPU
		{69F82EC0-7B4F-404F-959F-D8E1BEAE6EF2}.Release|x86.Build.0 = Release|Any CPU
		{740F82F1-2EA3-4D86-8410-6E57E5B3C965}.Debug|Any CPU.ActiveCfg = Debug|Any CPU
		{740F82F1-2EA3-4D86-8410-6E57E5B3C965}.Debug|Any CPU.Build.0 = Debug|Any CPU
		{740F82F1-2EA3-4D86-8410-6E57E5B3C965}.Debug|x64.ActiveCfg = Debug|Any CPU
		{740F82F1-2EA3-4D86-8410-6E57E5B3C965}.Debug|x64.Build.0 = Debug|Any CPU
		{740F82F1-2EA3-4D86-8410-6E57E5B3C965}.Debug|x86.ActiveCfg = Debug|Any CPU
		{740F82F1-2EA3-4D86-8410-6E57E5B3C965}.Debug|x86.Build.0 = Debug|Any CPU
		{740F82F1-2EA3-4D86-8410-6E57E5B3C965}.Release|Any CPU.ActiveCfg = Release|Any CPU
		{740F82F1-2EA3-4D86-8410-6E57E5B3C965}.Release|Any CPU.Build.0 = Release|Any CPU
		{740F82F1-2EA3-4D86-8410-6E57E5B3C965}.Release|x64.ActiveCfg = Release|Any CPU
		{740F82F1-2EA3-4D86-8410-6E57E5B3C965}.Release|x64.Build.0 = Release|Any CPU
		{740F82F1-2EA3-4D86-8410-6E57E5B3C965}.Release|x86.ActiveCfg = Release|Any CPU
		{740F82F1-2EA3-4D86-8410-6E57E5B3C965}.Release|x86.Build.0 = Release|Any CPU
		{D4D2C2EB-B844-44EC-8C6B-762943AD95BB}.Debug|Any CPU.ActiveCfg = Debug|Any CPU
		{D4D2C2EB-B844-44EC-8C6B-762943AD95BB}.Debug|Any CPU.Build.0 = Debug|Any CPU
		{D4D2C2EB-B844-44EC-8C6B-762943AD95BB}.Debug|x64.ActiveCfg = Debug|Any CPU
		{D4D2C2EB-B844-44EC-8C6B-762943AD95BB}.Debug|x64.Build.0 = Debug|Any CPU
		{D4D2C2EB-B844-44EC-8C6B-762943AD95BB}.Debug|x86.ActiveCfg = Debug|Any CPU
		{D4D2C2EB-B844-44EC-8C6B-762943AD95BB}.Debug|x86.Build.0 = Debug|Any CPU
		{D4D2C2EB-B844-44EC-8C6B-762943AD95BB}.Release|Any CPU.ActiveCfg = Release|Any CPU
		{D4D2C2EB-B844-44EC-8C6B-762943AD95BB}.Release|Any CPU.Build.0 = Release|Any CPU
		{D4D2C2EB-B844-44EC-8C6B-762943AD95BB}.Release|x64.ActiveCfg = Release|Any CPU
		{D4D2C2EB-B844-44EC-8C6B-762943AD95BB}.Release|x64.Build.0 = Release|Any CPU
		{D4D2C2EB-B844-44EC-8C6B-762943AD95BB}.Release|x86.ActiveCfg = Release|Any CPU
		{D4D2C2EB-B844-44EC-8C6B-762943AD95BB}.Release|x86.Build.0 = Release|Any CPU
		{06C61CF3-EC15-4A4C-84D2-59F56595FAB5}.Debug|Any CPU.ActiveCfg = Debug|Any CPU
		{06C61CF3-EC15-4A4C-84D2-59F56595FAB5}.Debug|Any CPU.Build.0 = Debug|Any CPU
		{06C61CF3-EC15-4A4C-84D2-59F56595FAB5}.Debug|x64.ActiveCfg = Debug|Any CPU
		{06C61CF3-EC15-4A4C-84D2-59F56595FAB5}.Debug|x64.Build.0 = Debug|Any CPU
		{06C61CF3-EC15-4A4C-84D2-59F56595FAB5}.Debug|x86.ActiveCfg = Debug|Any CPU
		{06C61CF3-EC15-4A4C-84D2-59F56595FAB5}.Debug|x86.Build.0 = Debug|Any CPU
		{06C61CF3-EC15-4A4C-84D2-59F56595FAB5}.Release|Any CPU.ActiveCfg = Release|Any CPU
		{06C61CF3-EC15-4A4C-84D2-59F56595FAB5}.Release|Any CPU.Build.0 = Release|Any CPU
		{06C61CF3-EC15-4A4C-84D2-59F56595FAB5}.Release|x64.ActiveCfg = Release|Any CPU
		{06C61CF3-EC15-4A4C-84D2-59F56595FAB5}.Release|x64.Build.0 = Release|Any CPU
		{06C61CF3-EC15-4A4C-84D2-59F56595FAB5}.Release|x86.ActiveCfg = Release|Any CPU
		{06C61CF3-EC15-4A4C-84D2-59F56595FAB5}.Release|x86.Build.0 = Release|Any CPU
		{D66E562B-C2D6-44D9-A40A-6E6FE2821238}.Debug|Any CPU.ActiveCfg = Debug|Any CPU
		{D66E562B-C2D6-44D9-A40A-6E6FE2821238}.Debug|Any CPU.Build.0 = Debug|Any CPU
		{D66E562B-C2D6-44D9-A40A-6E6FE2821238}.Debug|x64.ActiveCfg = Debug|Any CPU
		{D66E562B-C2D6-44D9-A40A-6E6FE2821238}.Debug|x64.Build.0 = Debug|Any CPU
		{D66E562B-C2D6-44D9-A40A-6E6FE2821238}.Debug|x86.ActiveCfg = Debug|Any CPU
		{D66E562B-C2D6-44D9-A40A-6E6FE2821238}.Debug|x86.Build.0 = Debug|Any CPU
		{D66E562B-C2D6-44D9-A40A-6E6FE2821238}.Release|Any CPU.ActiveCfg = Release|Any CPU
		{D66E562B-C2D6-44D9-A40A-6E6FE2821238}.Release|Any CPU.Build.0 = Release|Any CPU
		{D66E562B-C2D6-44D9-A40A-6E6FE2821238}.Release|x64.ActiveCfg = Release|Any CPU
		{D66E562B-C2D6-44D9-A40A-6E6FE2821238}.Release|x64.Build.0 = Release|Any CPU
		{D66E562B-C2D6-44D9-A40A-6E6FE2821238}.Release|x86.ActiveCfg = Release|Any CPU
		{D66E562B-C2D6-44D9-A40A-6E6FE2821238}.Release|x86.Build.0 = Release|Any CPU
		{DD2E2FE3-4055-41F2-8ECC-12D17818E472}.Debug|Any CPU.ActiveCfg = Debug|Any CPU
		{DD2E2FE3-4055-41F2-8ECC-12D17818E472}.Debug|Any CPU.Build.0 = Debug|Any CPU
		{DD2E2FE3-4055-41F2-8ECC-12D17818E472}.Debug|x64.ActiveCfg = Debug|Any CPU
		{DD2E2FE3-4055-41F2-8ECC-12D17818E472}.Debug|x64.Build.0 = Debug|Any CPU
		{DD2E2FE3-4055-41F2-8ECC-12D17818E472}.Debug|x86.ActiveCfg = Debug|Any CPU
		{DD2E2FE3-4055-41F2-8ECC-12D17818E472}.Debug|x86.Build.0 = Debug|Any CPU
		{DD2E2FE3-4055-41F2-8ECC-12D17818E472}.Release|Any CPU.ActiveCfg = Release|Any CPU
		{DD2E2FE3-4055-41F2-8ECC-12D17818E472}.Release|Any CPU.Build.0 = Release|Any CPU
		{DD2E2FE3-4055-41F2-8ECC-12D17818E472}.Release|x64.ActiveCfg = Release|Any CPU
		{DD2E2FE3-4055-41F2-8ECC-12D17818E472}.Release|x64.Build.0 = Release|Any CPU
		{DD2E2FE3-4055-41F2-8ECC-12D17818E472}.Release|x86.ActiveCfg = Release|Any CPU
		{DD2E2FE3-4055-41F2-8ECC-12D17818E472}.Release|x86.Build.0 = Release|Any CPU
		{B854253F-CEDE-42D7-9CE0-02B78C3429EA}.Debug|Any CPU.ActiveCfg = Debug|Any CPU
		{B854253F-CEDE-42D7-9CE0-02B78C3429EA}.Debug|Any CPU.Build.0 = Debug|Any CPU
		{B854253F-CEDE-42D7-9CE0-02B78C3429EA}.Debug|x64.ActiveCfg = Debug|Any CPU
		{B854253F-CEDE-42D7-9CE0-02B78C3429EA}.Debug|x64.Build.0 = Debug|Any CPU
		{B854253F-CEDE-42D7-9CE0-02B78C3429EA}.Debug|x86.ActiveCfg = Debug|Any CPU
		{B854253F-CEDE-42D7-9CE0-02B78C3429EA}.Debug|x86.Build.0 = Debug|Any CPU
		{B854253F-CEDE-42D7-9CE0-02B78C3429EA}.Release|Any CPU.ActiveCfg = Release|Any CPU
		{B854253F-CEDE-42D7-9CE0-02B78C3429EA}.Release|Any CPU.Build.0 = Release|Any CPU
		{B854253F-CEDE-42D7-9CE0-02B78C3429EA}.Release|x64.ActiveCfg = Release|Any CPU
		{B854253F-CEDE-42D7-9CE0-02B78C3429EA}.Release|x64.Build.0 = Release|Any CPU
		{B854253F-CEDE-42D7-9CE0-02B78C3429EA}.Release|x86.ActiveCfg = Release|Any CPU
		{B854253F-CEDE-42D7-9CE0-02B78C3429EA}.Release|x86.Build.0 = Release|Any CPU
		{4172207F-CA64-48D2-94FC-2CCFA16A05CC}.Debug|Any CPU.ActiveCfg = Debug|Any CPU
		{4172207F-CA64-48D2-94FC-2CCFA16A05CC}.Debug|Any CPU.Build.0 = Debug|Any CPU
		{4172207F-CA64-48D2-94FC-2CCFA16A05CC}.Debug|x64.ActiveCfg = Debug|Any CPU
		{4172207F-CA64-48D2-94FC-2CCFA16A05CC}.Debug|x64.Build.0 = Debug|Any CPU
		{4172207F-CA64-48D2-94FC-2CCFA16A05CC}.Debug|x86.ActiveCfg = Debug|Any CPU
		{4172207F-CA64-48D2-94FC-2CCFA16A05CC}.Debug|x86.Build.0 = Debug|Any CPU
		{4172207F-CA64-48D2-94FC-2CCFA16A05CC}.Release|Any CPU.ActiveCfg = Release|Any CPU
		{4172207F-CA64-48D2-94FC-2CCFA16A05CC}.Release|Any CPU.Build.0 = Release|Any CPU
		{4172207F-CA64-48D2-94FC-2CCFA16A05CC}.Release|x64.ActiveCfg = Release|Any CPU
		{4172207F-CA64-48D2-94FC-2CCFA16A05CC}.Release|x64.Build.0 = Release|Any CPU
		{4172207F-CA64-48D2-94FC-2CCFA16A05CC}.Release|x86.ActiveCfg = Release|Any CPU
		{4172207F-CA64-48D2-94FC-2CCFA16A05CC}.Release|x86.Build.0 = Release|Any CPU
		{E25ABBA0-12C4-4E79-A686-35CCF3617C9A}.Debug|Any CPU.ActiveCfg = Debug|Any CPU
		{E25ABBA0-12C4-4E79-A686-35CCF3617C9A}.Debug|Any CPU.Build.0 = Debug|Any CPU
		{E25ABBA0-12C4-4E79-A686-35CCF3617C9A}.Debug|x64.ActiveCfg = Debug|Any CPU
		{E25ABBA0-12C4-4E79-A686-35CCF3617C9A}.Debug|x64.Build.0 = Debug|Any CPU
		{E25ABBA0-12C4-4E79-A686-35CCF3617C9A}.Debug|x86.ActiveCfg = Debug|Any CPU
		{E25ABBA0-12C4-4E79-A686-35CCF3617C9A}.Debug|x86.Build.0 = Debug|Any CPU
		{E25ABBA0-12C4-4E79-A686-35CCF3617C9A}.Release|Any CPU.ActiveCfg = Release|Any CPU
		{E25ABBA0-12C4-4E79-A686-35CCF3617C9A}.Release|Any CPU.Build.0 = Release|Any CPU
		{E25ABBA0-12C4-4E79-A686-35CCF3617C9A}.Release|x64.ActiveCfg = Release|Any CPU
		{E25ABBA0-12C4-4E79-A686-35CCF3617C9A}.Release|x64.Build.0 = Release|Any CPU
		{E25ABBA0-12C4-4E79-A686-35CCF3617C9A}.Release|x86.ActiveCfg = Release|Any CPU
		{E25ABBA0-12C4-4E79-A686-35CCF3617C9A}.Release|x86.Build.0 = Release|Any CPU
		{0A568B36-BDCC-4C0D-9F22-02FD8408C3B9}.Debug|Any CPU.ActiveCfg = Debug|Any CPU
		{0A568B36-BDCC-4C0D-9F22-02FD8408C3B9}.Debug|Any CPU.Build.0 = Debug|Any CPU
		{0A568B36-BDCC-4C0D-9F22-02FD8408C3B9}.Debug|x64.ActiveCfg = Debug|Any CPU
		{0A568B36-BDCC-4C0D-9F22-02FD8408C3B9}.Debug|x64.Build.0 = Debug|Any CPU
		{0A568B36-BDCC-4C0D-9F22-02FD8408C3B9}.Debug|x86.ActiveCfg = Debug|Any CPU
		{0A568B36-BDCC-4C0D-9F22-02FD8408C3B9}.Debug|x86.Build.0 = Debug|Any CPU
		{0A568B36-BDCC-4C0D-9F22-02FD8408C3B9}.Release|Any CPU.ActiveCfg = Release|Any CPU
		{0A568B36-BDCC-4C0D-9F22-02FD8408C3B9}.Release|Any CPU.Build.0 = Release|Any CPU
		{0A568B36-BDCC-4C0D-9F22-02FD8408C3B9}.Release|x64.ActiveCfg = Release|Any CPU
		{0A568B36-BDCC-4C0D-9F22-02FD8408C3B9}.Release|x64.Build.0 = Release|Any CPU
		{0A568B36-BDCC-4C0D-9F22-02FD8408C3B9}.Release|x86.ActiveCfg = Release|Any CPU
		{0A568B36-BDCC-4C0D-9F22-02FD8408C3B9}.Release|x86.Build.0 = Release|Any CPU
		{31D5846D-FE1A-4E73-A313-4A12AF26BCFF}.Debug|Any CPU.ActiveCfg = Debug|Any CPU
		{31D5846D-FE1A-4E73-A313-4A12AF26BCFF}.Debug|Any CPU.Build.0 = Debug|Any CPU
		{31D5846D-FE1A-4E73-A313-4A12AF26BCFF}.Debug|x64.ActiveCfg = Debug|Any CPU
		{31D5846D-FE1A-4E73-A313-4A12AF26BCFF}.Debug|x64.Build.0 = Debug|Any CPU
		{31D5846D-FE1A-4E73-A313-4A12AF26BCFF}.Debug|x86.ActiveCfg = Debug|Any CPU
		{31D5846D-FE1A-4E73-A313-4A12AF26BCFF}.Debug|x86.Build.0 = Debug|Any CPU
		{31D5846D-FE1A-4E73-A313-4A12AF26BCFF}.Release|Any CPU.ActiveCfg = Release|Any CPU
		{31D5846D-FE1A-4E73-A313-4A12AF26BCFF}.Release|Any CPU.Build.0 = Release|Any CPU
		{31D5846D-FE1A-4E73-A313-4A12AF26BCFF}.Release|x64.ActiveCfg = Release|Any CPU
		{31D5846D-FE1A-4E73-A313-4A12AF26BCFF}.Release|x64.Build.0 = Release|Any CPU
		{31D5846D-FE1A-4E73-A313-4A12AF26BCFF}.Release|x86.ActiveCfg = Release|Any CPU
		{31D5846D-FE1A-4E73-A313-4A12AF26BCFF}.Release|x86.Build.0 = Release|Any CPU
		{CF716EEC-6E9B-4AF9-8F51-913C344EF50E}.Debug|Any CPU.ActiveCfg = Debug|Any CPU
		{CF716EEC-6E9B-4AF9-8F51-913C344EF50E}.Debug|Any CPU.Build.0 = Debug|Any CPU
		{CF716EEC-6E9B-4AF9-8F51-913C344EF50E}.Debug|x64.ActiveCfg = Debug|Any CPU
		{CF716EEC-6E9B-4AF9-8F51-913C344EF50E}.Debug|x64.Build.0 = Debug|Any CPU
		{CF716EEC-6E9B-4AF9-8F51-913C344EF50E}.Debug|x86.ActiveCfg = Debug|Any CPU
		{CF716EEC-6E9B-4AF9-8F51-913C344EF50E}.Debug|x86.Build.0 = Debug|Any CPU
		{CF716EEC-6E9B-4AF9-8F51-913C344EF50E}.Release|Any CPU.ActiveCfg = Release|Any CPU
		{CF716EEC-6E9B-4AF9-8F51-913C344EF50E}.Release|Any CPU.Build.0 = Release|Any CPU
		{CF716EEC-6E9B-4AF9-8F51-913C344EF50E}.Release|x64.ActiveCfg = Release|Any CPU
		{CF716EEC-6E9B-4AF9-8F51-913C344EF50E}.Release|x64.Build.0 = Release|Any CPU
		{CF716EEC-6E9B-4AF9-8F51-913C344EF50E}.Release|x86.ActiveCfg = Release|Any CPU
		{CF716EEC-6E9B-4AF9-8F51-913C344EF50E}.Release|x86.Build.0 = Release|Any CPU
		{4DF43E8B-99DE-45DF-9BB9-E3CA0344C033}.Debug|Any CPU.ActiveCfg = Debug|Any CPU
		{4DF43E8B-99DE-45DF-9BB9-E3CA0344C033}.Debug|Any CPU.Build.0 = Debug|Any CPU
		{4DF43E8B-99DE-45DF-9BB9-E3CA0344C033}.Debug|x64.ActiveCfg = Debug|Any CPU
		{4DF43E8B-99DE-45DF-9BB9-E3CA0344C033}.Debug|x64.Build.0 = Debug|Any CPU
		{4DF43E8B-99DE-45DF-9BB9-E3CA0344C033}.Debug|x86.ActiveCfg = Debug|Any CPU
		{4DF43E8B-99DE-45DF-9BB9-E3CA0344C033}.Debug|x86.Build.0 = Debug|Any CPU
		{4DF43E8B-99DE-45DF-9BB9-E3CA0344C033}.Release|Any CPU.ActiveCfg = Release|Any CPU
		{4DF43E8B-99DE-45DF-9BB9-E3CA0344C033}.Release|Any CPU.Build.0 = Release|Any CPU
		{4DF43E8B-99DE-45DF-9BB9-E3CA0344C033}.Release|x64.ActiveCfg = Release|Any CPU
		{4DF43E8B-99DE-45DF-9BB9-E3CA0344C033}.Release|x64.Build.0 = Release|Any CPU
		{4DF43E8B-99DE-45DF-9BB9-E3CA0344C033}.Release|x86.ActiveCfg = Release|Any CPU
		{4DF43E8B-99DE-45DF-9BB9-E3CA0344C033}.Release|x86.Build.0 = Release|Any CPU
		{8C1E1718-989D-4210-ADBD-9029D84E04CB}.Debug|Any CPU.ActiveCfg = Debug|Any CPU
		{8C1E1718-989D-4210-ADBD-9029D84E04CB}.Debug|Any CPU.Build.0 = Debug|Any CPU
		{8C1E1718-989D-4210-ADBD-9029D84E04CB}.Debug|x64.ActiveCfg = Debug|Any CPU
		{8C1E1718-989D-4210-ADBD-9029D84E04CB}.Debug|x64.Build.0 = Debug|Any CPU
		{8C1E1718-989D-4210-ADBD-9029D84E04CB}.Debug|x86.ActiveCfg = Debug|Any CPU
		{8C1E1718-989D-4210-ADBD-9029D84E04CB}.Debug|x86.Build.0 = Debug|Any CPU
		{8C1E1718-989D-4210-ADBD-9029D84E04CB}.Release|Any CPU.ActiveCfg = Release|Any CPU
		{8C1E1718-989D-4210-ADBD-9029D84E04CB}.Release|Any CPU.Build.0 = Release|Any CPU
		{8C1E1718-989D-4210-ADBD-9029D84E04CB}.Release|x64.ActiveCfg = Release|Any CPU
		{8C1E1718-989D-4210-ADBD-9029D84E04CB}.Release|x64.Build.0 = Release|Any CPU
		{8C1E1718-989D-4210-ADBD-9029D84E04CB}.Release|x86.ActiveCfg = Release|Any CPU
		{8C1E1718-989D-4210-ADBD-9029D84E04CB}.Release|x86.Build.0 = Release|Any CPU
		{00EA07E0-F714-4B8E-9BF4-58E9BC56FE61}.Debug|Any CPU.ActiveCfg = Debug|Any CPU
		{00EA07E0-F714-4B8E-9BF4-58E9BC56FE61}.Debug|Any CPU.Build.0 = Debug|Any CPU
		{00EA07E0-F714-4B8E-9BF4-58E9BC56FE61}.Debug|x64.ActiveCfg = Debug|Any CPU
		{00EA07E0-F714-4B8E-9BF4-58E9BC56FE61}.Debug|x64.Build.0 = Debug|Any CPU
		{00EA07E0-F714-4B8E-9BF4-58E9BC56FE61}.Debug|x86.ActiveCfg = Debug|Any CPU
		{00EA07E0-F714-4B8E-9BF4-58E9BC56FE61}.Debug|x86.Build.0 = Debug|Any CPU
		{00EA07E0-F714-4B8E-9BF4-58E9BC56FE61}.Release|Any CPU.ActiveCfg = Release|Any CPU
		{00EA07E0-F714-4B8E-9BF4-58E9BC56FE61}.Release|Any CPU.Build.0 = Release|Any CPU
		{00EA07E0-F714-4B8E-9BF4-58E9BC56FE61}.Release|x64.ActiveCfg = Release|Any CPU
		{00EA07E0-F714-4B8E-9BF4-58E9BC56FE61}.Release|x64.Build.0 = Release|Any CPU
		{00EA07E0-F714-4B8E-9BF4-58E9BC56FE61}.Release|x86.ActiveCfg = Release|Any CPU
		{00EA07E0-F714-4B8E-9BF4-58E9BC56FE61}.Release|x86.Build.0 = Release|Any CPU
		{5AB54927-1736-4307-A131-1957BE4D8881}.Debug|Any CPU.ActiveCfg = Debug|Any CPU
		{5AB54927-1736-4307-A131-1957BE4D8881}.Debug|Any CPU.Build.0 = Debug|Any CPU
		{5AB54927-1736-4307-A131-1957BE4D8881}.Debug|x64.ActiveCfg = Debug|Any CPU
		{5AB54927-1736-4307-A131-1957BE4D8881}.Debug|x64.Build.0 = Debug|Any CPU
		{5AB54927-1736-4307-A131-1957BE4D8881}.Debug|x86.ActiveCfg = Debug|Any CPU
		{5AB54927-1736-4307-A131-1957BE4D8881}.Debug|x86.Build.0 = Debug|Any CPU
		{5AB54927-1736-4307-A131-1957BE4D8881}.Release|Any CPU.ActiveCfg = Release|Any CPU
		{5AB54927-1736-4307-A131-1957BE4D8881}.Release|Any CPU.Build.0 = Release|Any CPU
		{5AB54927-1736-4307-A131-1957BE4D8881}.Release|x64.ActiveCfg = Release|Any CPU
		{5AB54927-1736-4307-A131-1957BE4D8881}.Release|x64.Build.0 = Release|Any CPU
		{5AB54927-1736-4307-A131-1957BE4D8881}.Release|x86.ActiveCfg = Release|Any CPU
		{5AB54927-1736-4307-A131-1957BE4D8881}.Release|x86.Build.0 = Release|Any CPU
		{FAE80346-E95C-41A0-A6C2-A9560DDCC3DD}.Debug|Any CPU.ActiveCfg = Debug|Any CPU
		{FAE80346-E95C-41A0-A6C2-A9560DDCC3DD}.Debug|Any CPU.Build.0 = Debug|Any CPU
		{FAE80346-E95C-41A0-A6C2-A9560DDCC3DD}.Debug|x64.ActiveCfg = Debug|Any CPU
		{FAE80346-E95C-41A0-A6C2-A9560DDCC3DD}.Debug|x64.Build.0 = Debug|Any CPU
		{FAE80346-E95C-41A0-A6C2-A9560DDCC3DD}.Debug|x86.ActiveCfg = Debug|Any CPU
		{FAE80346-E95C-41A0-A6C2-A9560DDCC3DD}.Debug|x86.Build.0 = Debug|Any CPU
		{FAE80346-E95C-41A0-A6C2-A9560DDCC3DD}.Release|Any CPU.ActiveCfg = Release|Any CPU
		{FAE80346-E95C-41A0-A6C2-A9560DDCC3DD}.Release|Any CPU.Build.0 = Release|Any CPU
		{FAE80346-E95C-41A0-A6C2-A9560DDCC3DD}.Release|x64.ActiveCfg = Release|Any CPU
		{FAE80346-E95C-41A0-A6C2-A9560DDCC3DD}.Release|x64.Build.0 = Release|Any CPU
		{FAE80346-E95C-41A0-A6C2-A9560DDCC3DD}.Release|x86.ActiveCfg = Release|Any CPU
		{FAE80346-E95C-41A0-A6C2-A9560DDCC3DD}.Release|x86.Build.0 = Release|Any CPU
		{21E11AEC-4C03-4E2A-9EF0-76E8EE27C0FE}.Debug|Any CPU.ActiveCfg = Debug|Any CPU
		{21E11AEC-4C03-4E2A-9EF0-76E8EE27C0FE}.Debug|Any CPU.Build.0 = Debug|Any CPU
		{21E11AEC-4C03-4E2A-9EF0-76E8EE27C0FE}.Debug|x64.ActiveCfg = Debug|Any CPU
		{21E11AEC-4C03-4E2A-9EF0-76E8EE27C0FE}.Debug|x64.Build.0 = Debug|Any CPU
		{21E11AEC-4C03-4E2A-9EF0-76E8EE27C0FE}.Debug|x86.ActiveCfg = Debug|Any CPU
		{21E11AEC-4C03-4E2A-9EF0-76E8EE27C0FE}.Debug|x86.Build.0 = Debug|Any CPU
		{21E11AEC-4C03-4E2A-9EF0-76E8EE27C0FE}.Release|Any CPU.ActiveCfg = Release|Any CPU
		{21E11AEC-4C03-4E2A-9EF0-76E8EE27C0FE}.Release|Any CPU.Build.0 = Release|Any CPU
		{21E11AEC-4C03-4E2A-9EF0-76E8EE27C0FE}.Release|x64.ActiveCfg = Release|Any CPU
		{21E11AEC-4C03-4E2A-9EF0-76E8EE27C0FE}.Release|x64.Build.0 = Release|Any CPU
		{21E11AEC-4C03-4E2A-9EF0-76E8EE27C0FE}.Release|x86.ActiveCfg = Release|Any CPU
		{21E11AEC-4C03-4E2A-9EF0-76E8EE27C0FE}.Release|x86.Build.0 = Release|Any CPU
		{9CEEF6D9-D10F-45FD-939A-84EBA4DAF978}.Debug|Any CPU.ActiveCfg = Debug|Any CPU
		{9CEEF6D9-D10F-45FD-939A-84EBA4DAF978}.Debug|Any CPU.Build.0 = Debug|Any CPU
		{9CEEF6D9-D10F-45FD-939A-84EBA4DAF978}.Debug|x64.ActiveCfg = Debug|Any CPU
		{9CEEF6D9-D10F-45FD-939A-84EBA4DAF978}.Debug|x64.Build.0 = Debug|Any CPU
		{9CEEF6D9-D10F-45FD-939A-84EBA4DAF978}.Debug|x86.ActiveCfg = Debug|Any CPU
		{9CEEF6D9-D10F-45FD-939A-84EBA4DAF978}.Debug|x86.Build.0 = Debug|Any CPU
		{9CEEF6D9-D10F-45FD-939A-84EBA4DAF978}.Release|Any CPU.ActiveCfg = Release|Any CPU
		{9CEEF6D9-D10F-45FD-939A-84EBA4DAF978}.Release|Any CPU.Build.0 = Release|Any CPU
		{9CEEF6D9-D10F-45FD-939A-84EBA4DAF978}.Release|x64.ActiveCfg = Release|Any CPU
		{9CEEF6D9-D10F-45FD-939A-84EBA4DAF978}.Release|x64.Build.0 = Release|Any CPU
		{9CEEF6D9-D10F-45FD-939A-84EBA4DAF978}.Release|x86.ActiveCfg = Release|Any CPU
		{9CEEF6D9-D10F-45FD-939A-84EBA4DAF978}.Release|x86.Build.0 = Release|Any CPU
		{D430926D-3C65-4FF9-ACDD-0A506664E26B}.Debug|Any CPU.ActiveCfg = Debug|Any CPU
		{D430926D-3C65-4FF9-ACDD-0A506664E26B}.Debug|Any CPU.Build.0 = Debug|Any CPU
		{D430926D-3C65-4FF9-ACDD-0A506664E26B}.Debug|x64.ActiveCfg = Debug|Any CPU
		{D430926D-3C65-4FF9-ACDD-0A506664E26B}.Debug|x64.Build.0 = Debug|Any CPU
		{D430926D-3C65-4FF9-ACDD-0A506664E26B}.Debug|x86.ActiveCfg = Debug|Any CPU
		{D430926D-3C65-4FF9-ACDD-0A506664E26B}.Debug|x86.Build.0 = Debug|Any CPU
		{D430926D-3C65-4FF9-ACDD-0A506664E26B}.Release|Any CPU.ActiveCfg = Release|Any CPU
		{D430926D-3C65-4FF9-ACDD-0A506664E26B}.Release|Any CPU.Build.0 = Release|Any CPU
		{D430926D-3C65-4FF9-ACDD-0A506664E26B}.Release|x64.ActiveCfg = Release|Any CPU
		{D430926D-3C65-4FF9-ACDD-0A506664E26B}.Release|x64.Build.0 = Release|Any CPU
		{D430926D-3C65-4FF9-ACDD-0A506664E26B}.Release|x86.ActiveCfg = Release|Any CPU
		{D430926D-3C65-4FF9-ACDD-0A506664E26B}.Release|x86.Build.0 = Release|Any CPU
		{8CBFAAFC-DC0E-410F-BAAE-8197F8B89F9E}.Debug|Any CPU.ActiveCfg = Debug|Any CPU
		{8CBFAAFC-DC0E-410F-BAAE-8197F8B89F9E}.Debug|Any CPU.Build.0 = Debug|Any CPU
		{8CBFAAFC-DC0E-410F-BAAE-8197F8B89F9E}.Debug|x64.ActiveCfg = Debug|Any CPU
		{8CBFAAFC-DC0E-410F-BAAE-8197F8B89F9E}.Debug|x64.Build.0 = Debug|Any CPU
		{8CBFAAFC-DC0E-410F-BAAE-8197F8B89F9E}.Debug|x86.ActiveCfg = Debug|Any CPU
		{8CBFAAFC-DC0E-410F-BAAE-8197F8B89F9E}.Debug|x86.Build.0 = Debug|Any CPU
		{8CBFAAFC-DC0E-410F-BAAE-8197F8B89F9E}.Release|Any CPU.ActiveCfg = Release|Any CPU
		{8CBFAAFC-DC0E-410F-BAAE-8197F8B89F9E}.Release|Any CPU.Build.0 = Release|Any CPU
		{8CBFAAFC-DC0E-410F-BAAE-8197F8B89F9E}.Release|x64.ActiveCfg = Release|Any CPU
		{8CBFAAFC-DC0E-410F-BAAE-8197F8B89F9E}.Release|x64.Build.0 = Release|Any CPU
		{8CBFAAFC-DC0E-410F-BAAE-8197F8B89F9E}.Release|x86.ActiveCfg = Release|Any CPU
		{8CBFAAFC-DC0E-410F-BAAE-8197F8B89F9E}.Release|x86.Build.0 = Release|Any CPU
		{2157D518-4EB6-4455-A8ED-9AA1E20138BE}.Debug|Any CPU.ActiveCfg = Debug|Any CPU
		{2157D518-4EB6-4455-A8ED-9AA1E20138BE}.Debug|Any CPU.Build.0 = Debug|Any CPU
		{2157D518-4EB6-4455-A8ED-9AA1E20138BE}.Debug|x64.ActiveCfg = Debug|Any CPU
		{2157D518-4EB6-4455-A8ED-9AA1E20138BE}.Debug|x64.Build.0 = Debug|Any CPU
		{2157D518-4EB6-4455-A8ED-9AA1E20138BE}.Debug|x86.ActiveCfg = Debug|Any CPU
		{2157D518-4EB6-4455-A8ED-9AA1E20138BE}.Debug|x86.Build.0 = Debug|Any CPU
		{2157D518-4EB6-4455-A8ED-9AA1E20138BE}.Release|Any CPU.ActiveCfg = Release|Any CPU
		{2157D518-4EB6-4455-A8ED-9AA1E20138BE}.Release|Any CPU.Build.0 = Release|Any CPU
		{2157D518-4EB6-4455-A8ED-9AA1E20138BE}.Release|x64.ActiveCfg = Release|Any CPU
		{2157D518-4EB6-4455-A8ED-9AA1E20138BE}.Release|x64.Build.0 = Release|Any CPU
		{2157D518-4EB6-4455-A8ED-9AA1E20138BE}.Release|x86.ActiveCfg = Release|Any CPU
		{2157D518-4EB6-4455-A8ED-9AA1E20138BE}.Release|x86.Build.0 = Release|Any CPU
		{BD265B5F-2E1B-4C02-952F-E4D14B9504AD}.Debug|Any CPU.ActiveCfg = Debug|Any CPU
		{BD265B5F-2E1B-4C02-952F-E4D14B9504AD}.Debug|Any CPU.Build.0 = Debug|Any CPU
		{BD265B5F-2E1B-4C02-952F-E4D14B9504AD}.Debug|x64.ActiveCfg = Debug|Any CPU
		{BD265B5F-2E1B-4C02-952F-E4D14B9504AD}.Debug|x64.Build.0 = Debug|Any CPU
		{BD265B5F-2E1B-4C02-952F-E4D14B9504AD}.Debug|x86.ActiveCfg = Debug|Any CPU
		{BD265B5F-2E1B-4C02-952F-E4D14B9504AD}.Debug|x86.Build.0 = Debug|Any CPU
		{BD265B5F-2E1B-4C02-952F-E4D14B9504AD}.Release|Any CPU.ActiveCfg = Release|Any CPU
		{BD265B5F-2E1B-4C02-952F-E4D14B9504AD}.Release|Any CPU.Build.0 = Release|Any CPU
		{BD265B5F-2E1B-4C02-952F-E4D14B9504AD}.Release|x64.ActiveCfg = Release|Any CPU
		{BD265B5F-2E1B-4C02-952F-E4D14B9504AD}.Release|x64.Build.0 = Release|Any CPU
		{BD265B5F-2E1B-4C02-952F-E4D14B9504AD}.Release|x86.ActiveCfg = Release|Any CPU
		{BD265B5F-2E1B-4C02-952F-E4D14B9504AD}.Release|x86.Build.0 = Release|Any CPU
		{0FB00F3D-3695-47DB-AD1C-152703B562AE}.Debug|Any CPU.ActiveCfg = Debug|Any CPU
		{0FB00F3D-3695-47DB-AD1C-152703B562AE}.Debug|Any CPU.Build.0 = Debug|Any CPU
		{0FB00F3D-3695-47DB-AD1C-152703B562AE}.Debug|x64.ActiveCfg = Debug|Any CPU
		{0FB00F3D-3695-47DB-AD1C-152703B562AE}.Debug|x64.Build.0 = Debug|Any CPU
		{0FB00F3D-3695-47DB-AD1C-152703B562AE}.Debug|x86.ActiveCfg = Debug|Any CPU
		{0FB00F3D-3695-47DB-AD1C-152703B562AE}.Debug|x86.Build.0 = Debug|Any CPU
		{0FB00F3D-3695-47DB-AD1C-152703B562AE}.Release|Any CPU.ActiveCfg = Release|Any CPU
		{0FB00F3D-3695-47DB-AD1C-152703B562AE}.Release|Any CPU.Build.0 = Release|Any CPU
		{0FB00F3D-3695-47DB-AD1C-152703B562AE}.Release|x64.ActiveCfg = Release|Any CPU
		{0FB00F3D-3695-47DB-AD1C-152703B562AE}.Release|x64.Build.0 = Release|Any CPU
		{0FB00F3D-3695-47DB-AD1C-152703B562AE}.Release|x86.ActiveCfg = Release|Any CPU
		{0FB00F3D-3695-47DB-AD1C-152703B562AE}.Release|x86.Build.0 = Release|Any CPU
		{D350B611-57EA-43F6-A70C-4594CCA20B19}.Debug|Any CPU.ActiveCfg = Debug|Any CPU
		{D350B611-57EA-43F6-A70C-4594CCA20B19}.Debug|Any CPU.Build.0 = Debug|Any CPU
		{D350B611-57EA-43F6-A70C-4594CCA20B19}.Debug|x64.ActiveCfg = Debug|Any CPU
		{D350B611-57EA-43F6-A70C-4594CCA20B19}.Debug|x64.Build.0 = Debug|Any CPU
		{D350B611-57EA-43F6-A70C-4594CCA20B19}.Debug|x86.ActiveCfg = Debug|Any CPU
		{D350B611-57EA-43F6-A70C-4594CCA20B19}.Debug|x86.Build.0 = Debug|Any CPU
		{D350B611-57EA-43F6-A70C-4594CCA20B19}.Release|Any CPU.ActiveCfg = Release|Any CPU
		{D350B611-57EA-43F6-A70C-4594CCA20B19}.Release|Any CPU.Build.0 = Release|Any CPU
		{D350B611-57EA-43F6-A70C-4594CCA20B19}.Release|x64.ActiveCfg = Release|Any CPU
		{D350B611-57EA-43F6-A70C-4594CCA20B19}.Release|x64.Build.0 = Release|Any CPU
		{D350B611-57EA-43F6-A70C-4594CCA20B19}.Release|x86.ActiveCfg = Release|Any CPU
		{D350B611-57EA-43F6-A70C-4594CCA20B19}.Release|x86.Build.0 = Release|Any CPU
		{4D96D91B-198F-4BC1-84EE-EE842DA277C6}.Debug|Any CPU.ActiveCfg = Debug|Any CPU
		{4D96D91B-198F-4BC1-84EE-EE842DA277C6}.Debug|Any CPU.Build.0 = Debug|Any CPU
		{4D96D91B-198F-4BC1-84EE-EE842DA277C6}.Debug|x64.ActiveCfg = Debug|Any CPU
		{4D96D91B-198F-4BC1-84EE-EE842DA277C6}.Debug|x64.Build.0 = Debug|Any CPU
		{4D96D91B-198F-4BC1-84EE-EE842DA277C6}.Debug|x86.ActiveCfg = Debug|Any CPU
		{4D96D91B-198F-4BC1-84EE-EE842DA277C6}.Debug|x86.Build.0 = Debug|Any CPU
		{4D96D91B-198F-4BC1-84EE-EE842DA277C6}.Release|Any CPU.ActiveCfg = Release|Any CPU
		{4D96D91B-198F-4BC1-84EE-EE842DA277C6}.Release|Any CPU.Build.0 = Release|Any CPU
		{4D96D91B-198F-4BC1-84EE-EE842DA277C6}.Release|x64.ActiveCfg = Release|Any CPU
		{4D96D91B-198F-4BC1-84EE-EE842DA277C6}.Release|x64.Build.0 = Release|Any CPU
		{4D96D91B-198F-4BC1-84EE-EE842DA277C6}.Release|x86.ActiveCfg = Release|Any CPU
		{4D96D91B-198F-4BC1-84EE-EE842DA277C6}.Release|x86.Build.0 = Release|Any CPU
		{E6869AC6-CE1A-4DBC-A928-2A6CD3F78DDE}.Debug|Any CPU.ActiveCfg = Debug|Any CPU
		{E6869AC6-CE1A-4DBC-A928-2A6CD3F78DDE}.Debug|Any CPU.Build.0 = Debug|Any CPU
		{E6869AC6-CE1A-4DBC-A928-2A6CD3F78DDE}.Debug|x64.ActiveCfg = Debug|Any CPU
		{E6869AC6-CE1A-4DBC-A928-2A6CD3F78DDE}.Debug|x64.Build.0 = Debug|Any CPU
		{E6869AC6-CE1A-4DBC-A928-2A6CD3F78DDE}.Debug|x86.ActiveCfg = Debug|Any CPU
		{E6869AC6-CE1A-4DBC-A928-2A6CD3F78DDE}.Debug|x86.Build.0 = Debug|Any CPU
		{E6869AC6-CE1A-4DBC-A928-2A6CD3F78DDE}.Release|Any CPU.ActiveCfg = Release|Any CPU
		{E6869AC6-CE1A-4DBC-A928-2A6CD3F78DDE}.Release|Any CPU.Build.0 = Release|Any CPU
		{E6869AC6-CE1A-4DBC-A928-2A6CD3F78DDE}.Release|x64.ActiveCfg = Release|Any CPU
		{E6869AC6-CE1A-4DBC-A928-2A6CD3F78DDE}.Release|x64.Build.0 = Release|Any CPU
		{E6869AC6-CE1A-4DBC-A928-2A6CD3F78DDE}.Release|x86.ActiveCfg = Release|Any CPU
		{E6869AC6-CE1A-4DBC-A928-2A6CD3F78DDE}.Release|x86.Build.0 = Release|Any CPU
		{2657E77B-4510-4FC7-AAF5-F382757D66ED}.Debug|Any CPU.ActiveCfg = Debug|Any CPU
		{2657E77B-4510-4FC7-AAF5-F382757D66ED}.Debug|Any CPU.Build.0 = Debug|Any CPU
		{2657E77B-4510-4FC7-AAF5-F382757D66ED}.Debug|x64.ActiveCfg = Debug|Any CPU
		{2657E77B-4510-4FC7-AAF5-F382757D66ED}.Debug|x64.Build.0 = Debug|Any CPU
		{2657E77B-4510-4FC7-AAF5-F382757D66ED}.Debug|x86.ActiveCfg = Debug|Any CPU
		{2657E77B-4510-4FC7-AAF5-F382757D66ED}.Debug|x86.Build.0 = Debug|Any CPU
		{2657E77B-4510-4FC7-AAF5-F382757D66ED}.Release|Any CPU.ActiveCfg = Release|Any CPU
		{2657E77B-4510-4FC7-AAF5-F382757D66ED}.Release|Any CPU.Build.0 = Release|Any CPU
		{2657E77B-4510-4FC7-AAF5-F382757D66ED}.Release|x64.ActiveCfg = Release|Any CPU
		{2657E77B-4510-4FC7-AAF5-F382757D66ED}.Release|x64.Build.0 = Release|Any CPU
		{2657E77B-4510-4FC7-AAF5-F382757D66ED}.Release|x86.ActiveCfg = Release|Any CPU
		{2657E77B-4510-4FC7-AAF5-F382757D66ED}.Release|x86.Build.0 = Release|Any CPU
		{BECD9750-609B-4EDD-943F-5EB2C564ABD3}.Debug|Any CPU.ActiveCfg = Debug|Any CPU
		{BECD9750-609B-4EDD-943F-5EB2C564ABD3}.Debug|Any CPU.Build.0 = Debug|Any CPU
		{BECD9750-609B-4EDD-943F-5EB2C564ABD3}.Debug|x64.ActiveCfg = Debug|Any CPU
		{BECD9750-609B-4EDD-943F-5EB2C564ABD3}.Debug|x64.Build.0 = Debug|Any CPU
		{BECD9750-609B-4EDD-943F-5EB2C564ABD3}.Debug|x86.ActiveCfg = Debug|Any CPU
		{BECD9750-609B-4EDD-943F-5EB2C564ABD3}.Debug|x86.Build.0 = Debug|Any CPU
		{BECD9750-609B-4EDD-943F-5EB2C564ABD3}.Release|Any CPU.ActiveCfg = Release|Any CPU
		{BECD9750-609B-4EDD-943F-5EB2C564ABD3}.Release|Any CPU.Build.0 = Release|Any CPU
		{BECD9750-609B-4EDD-943F-5EB2C564ABD3}.Release|x64.ActiveCfg = Release|Any CPU
		{BECD9750-609B-4EDD-943F-5EB2C564ABD3}.Release|x64.Build.0 = Release|Any CPU
		{BECD9750-609B-4EDD-943F-5EB2C564ABD3}.Release|x86.ActiveCfg = Release|Any CPU
		{BECD9750-609B-4EDD-943F-5EB2C564ABD3}.Release|x86.Build.0 = Release|Any CPU
		{D30A151B-8E35-4613-9CE5-F246A6BC69B0}.Debug|Any CPU.ActiveCfg = Debug|Any CPU
		{D30A151B-8E35-4613-9CE5-F246A6BC69B0}.Debug|Any CPU.Build.0 = Debug|Any CPU
		{D30A151B-8E35-4613-9CE5-F246A6BC69B0}.Debug|x64.ActiveCfg = Debug|Any CPU
		{D30A151B-8E35-4613-9CE5-F246A6BC69B0}.Debug|x64.Build.0 = Debug|Any CPU
		{D30A151B-8E35-4613-9CE5-F246A6BC69B0}.Debug|x86.ActiveCfg = Debug|Any CPU
		{D30A151B-8E35-4613-9CE5-F246A6BC69B0}.Debug|x86.Build.0 = Debug|Any CPU
		{D30A151B-8E35-4613-9CE5-F246A6BC69B0}.Release|Any CPU.ActiveCfg = Release|Any CPU
		{D30A151B-8E35-4613-9CE5-F246A6BC69B0}.Release|Any CPU.Build.0 = Release|Any CPU
		{D30A151B-8E35-4613-9CE5-F246A6BC69B0}.Release|x64.ActiveCfg = Release|Any CPU
		{D30A151B-8E35-4613-9CE5-F246A6BC69B0}.Release|x64.Build.0 = Release|Any CPU
		{D30A151B-8E35-4613-9CE5-F246A6BC69B0}.Release|x86.ActiveCfg = Release|Any CPU
		{D30A151B-8E35-4613-9CE5-F246A6BC69B0}.Release|x86.Build.0 = Release|Any CPU
		{6CD7CE9B-36A3-4F44-A48A-8A67014E8815}.Debug|Any CPU.ActiveCfg = Debug|Any CPU
		{6CD7CE9B-36A3-4F44-A48A-8A67014E8815}.Debug|Any CPU.Build.0 = Debug|Any CPU
		{6CD7CE9B-36A3-4F44-A48A-8A67014E8815}.Debug|x64.ActiveCfg = Debug|Any CPU
		{6CD7CE9B-36A3-4F44-A48A-8A67014E8815}.Debug|x64.Build.0 = Debug|Any CPU
		{6CD7CE9B-36A3-4F44-A48A-8A67014E8815}.Debug|x86.ActiveCfg = Debug|Any CPU
		{6CD7CE9B-36A3-4F44-A48A-8A67014E8815}.Debug|x86.Build.0 = Debug|Any CPU
		{6CD7CE9B-36A3-4F44-A48A-8A67014E8815}.Release|Any CPU.ActiveCfg = Release|Any CPU
		{6CD7CE9B-36A3-4F44-A48A-8A67014E8815}.Release|Any CPU.Build.0 = Release|Any CPU
		{6CD7CE9B-36A3-4F44-A48A-8A67014E8815}.Release|x64.ActiveCfg = Release|Any CPU
		{6CD7CE9B-36A3-4F44-A48A-8A67014E8815}.Release|x64.Build.0 = Release|Any CPU
		{6CD7CE9B-36A3-4F44-A48A-8A67014E8815}.Release|x86.ActiveCfg = Release|Any CPU
		{6CD7CE9B-36A3-4F44-A48A-8A67014E8815}.Release|x86.Build.0 = Release|Any CPU
		{F740D22C-0217-4E80-B153-ABB2F12907C8}.Debug|Any CPU.ActiveCfg = Debug|Any CPU
		{F740D22C-0217-4E80-B153-ABB2F12907C8}.Debug|Any CPU.Build.0 = Debug|Any CPU
		{F740D22C-0217-4E80-B153-ABB2F12907C8}.Debug|x64.ActiveCfg = Debug|Any CPU
		{F740D22C-0217-4E80-B153-ABB2F12907C8}.Debug|x64.Build.0 = Debug|Any CPU
		{F740D22C-0217-4E80-B153-ABB2F12907C8}.Debug|x86.ActiveCfg = Debug|Any CPU
		{F740D22C-0217-4E80-B153-ABB2F12907C8}.Debug|x86.Build.0 = Debug|Any CPU
		{F740D22C-0217-4E80-B153-ABB2F12907C8}.Release|Any CPU.ActiveCfg = Release|Any CPU
		{F740D22C-0217-4E80-B153-ABB2F12907C8}.Release|Any CPU.Build.0 = Release|Any CPU
		{F740D22C-0217-4E80-B153-ABB2F12907C8}.Release|x64.ActiveCfg = Release|Any CPU
		{F740D22C-0217-4E80-B153-ABB2F12907C8}.Release|x64.Build.0 = Release|Any CPU
		{F740D22C-0217-4E80-B153-ABB2F12907C8}.Release|x86.ActiveCfg = Release|Any CPU
		{F740D22C-0217-4E80-B153-ABB2F12907C8}.Release|x86.Build.0 = Release|Any CPU
		{1C9F6AC8-CE5F-4D36-B5C4-1A9EB3A4FD70}.Debug|Any CPU.ActiveCfg = Debug|Any CPU
		{1C9F6AC8-CE5F-4D36-B5C4-1A9EB3A4FD70}.Debug|Any CPU.Build.0 = Debug|Any CPU
		{1C9F6AC8-CE5F-4D36-B5C4-1A9EB3A4FD70}.Debug|x64.ActiveCfg = Debug|Any CPU
		{1C9F6AC8-CE5F-4D36-B5C4-1A9EB3A4FD70}.Debug|x64.Build.0 = Debug|Any CPU
		{1C9F6AC8-CE5F-4D36-B5C4-1A9EB3A4FD70}.Debug|x86.ActiveCfg = Debug|Any CPU
		{1C9F6AC8-CE5F-4D36-B5C4-1A9EB3A4FD70}.Debug|x86.Build.0 = Debug|Any CPU
		{1C9F6AC8-CE5F-4D36-B5C4-1A9EB3A4FD70}.Release|Any CPU.ActiveCfg = Release|Any CPU
		{1C9F6AC8-CE5F-4D36-B5C4-1A9EB3A4FD70}.Release|Any CPU.Build.0 = Release|Any CPU
		{1C9F6AC8-CE5F-4D36-B5C4-1A9EB3A4FD70}.Release|x64.ActiveCfg = Release|Any CPU
		{1C9F6AC8-CE5F-4D36-B5C4-1A9EB3A4FD70}.Release|x64.Build.0 = Release|Any CPU
		{1C9F6AC8-CE5F-4D36-B5C4-1A9EB3A4FD70}.Release|x86.ActiveCfg = Release|Any CPU
		{1C9F6AC8-CE5F-4D36-B5C4-1A9EB3A4FD70}.Release|x86.Build.0 = Release|Any CPU
		{384E47A8-6A7B-4A4C-A9E0-7EE6C6B6B4B6}.Debug|Any CPU.ActiveCfg = Debug|Any CPU
		{384E47A8-6A7B-4A4C-A9E0-7EE6C6B6B4B6}.Debug|Any CPU.Build.0 = Debug|Any CPU
		{384E47A8-6A7B-4A4C-A9E0-7EE6C6B6B4B6}.Debug|x64.ActiveCfg = Debug|Any CPU
		{384E47A8-6A7B-4A4C-A9E0-7EE6C6B6B4B6}.Debug|x64.Build.0 = Debug|Any CPU
		{384E47A8-6A7B-4A4C-A9E0-7EE6C6B6B4B6}.Debug|x86.ActiveCfg = Debug|Any CPU
		{384E47A8-6A7B-4A4C-A9E0-7EE6C6B6B4B6}.Debug|x86.Build.0 = Debug|Any CPU
		{384E47A8-6A7B-4A4C-A9E0-7EE6C6B6B4B6}.Release|Any CPU.ActiveCfg = Release|Any CPU
		{384E47A8-6A7B-4A4C-A9E0-7EE6C6B6B4B6}.Release|Any CPU.Build.0 = Release|Any CPU
		{384E47A8-6A7B-4A4C-A9E0-7EE6C6B6B4B6}.Release|x64.ActiveCfg = Release|Any CPU
		{384E47A8-6A7B-4A4C-A9E0-7EE6C6B6B4B6}.Release|x64.Build.0 = Release|Any CPU
		{384E47A8-6A7B-4A4C-A9E0-7EE6C6B6B4B6}.Release|x86.ActiveCfg = Release|Any CPU
		{384E47A8-6A7B-4A4C-A9E0-7EE6C6B6B4B6}.Release|x86.Build.0 = Release|Any CPU
		{34739460-E92B-4124-A624-7831EA7BE189}.Debug|Any CPU.ActiveCfg = Debug|Any CPU
		{34739460-E92B-4124-A624-7831EA7BE189}.Debug|Any CPU.Build.0 = Debug|Any CPU
		{34739460-E92B-4124-A624-7831EA7BE189}.Debug|x64.ActiveCfg = Debug|Any CPU
		{34739460-E92B-4124-A624-7831EA7BE189}.Debug|x64.Build.0 = Debug|Any CPU
		{34739460-E92B-4124-A624-7831EA7BE189}.Debug|x86.ActiveCfg = Debug|Any CPU
		{34739460-E92B-4124-A624-7831EA7BE189}.Debug|x86.Build.0 = Debug|Any CPU
		{34739460-E92B-4124-A624-7831EA7BE189}.Release|Any CPU.ActiveCfg = Release|Any CPU
		{34739460-E92B-4124-A624-7831EA7BE189}.Release|Any CPU.Build.0 = Release|Any CPU
		{34739460-E92B-4124-A624-7831EA7BE189}.Release|x64.ActiveCfg = Release|Any CPU
		{34739460-E92B-4124-A624-7831EA7BE189}.Release|x64.Build.0 = Release|Any CPU
		{34739460-E92B-4124-A624-7831EA7BE189}.Release|x86.ActiveCfg = Release|Any CPU
		{34739460-E92B-4124-A624-7831EA7BE189}.Release|x86.Build.0 = Release|Any CPU
		{7B0043D5-5B6A-4E7A-B2A5-E9A86C629E32}.Debug|Any CPU.ActiveCfg = Debug|Any CPU
		{7B0043D5-5B6A-4E7A-B2A5-E9A86C629E32}.Debug|Any CPU.Build.0 = Debug|Any CPU
		{7B0043D5-5B6A-4E7A-B2A5-E9A86C629E32}.Debug|x64.ActiveCfg = Debug|Any CPU
		{7B0043D5-5B6A-4E7A-B2A5-E9A86C629E32}.Debug|x64.Build.0 = Debug|Any CPU
		{7B0043D5-5B6A-4E7A-B2A5-E9A86C629E32}.Debug|x86.ActiveCfg = Debug|Any CPU
		{7B0043D5-5B6A-4E7A-B2A5-E9A86C629E32}.Debug|x86.Build.0 = Debug|Any CPU
		{7B0043D5-5B6A-4E7A-B2A5-E9A86C629E32}.Release|Any CPU.ActiveCfg = Release|Any CPU
		{7B0043D5-5B6A-4E7A-B2A5-E9A86C629E32}.Release|Any CPU.Build.0 = Release|Any CPU
		{7B0043D5-5B6A-4E7A-B2A5-E9A86C629E32}.Release|x64.ActiveCfg = Release|Any CPU
		{7B0043D5-5B6A-4E7A-B2A5-E9A86C629E32}.Release|x64.Build.0 = Release|Any CPU
		{7B0043D5-5B6A-4E7A-B2A5-E9A86C629E32}.Release|x86.ActiveCfg = Release|Any CPU
		{7B0043D5-5B6A-4E7A-B2A5-E9A86C629E32}.Release|x86.Build.0 = Release|Any CPU
		{3DD2166E-E640-4CFB-8FE2-D7B91B2B9B0B}.Debug|Any CPU.ActiveCfg = Debug|Any CPU
		{3DD2166E-E640-4CFB-8FE2-D7B91B2B9B0B}.Debug|Any CPU.Build.0 = Debug|Any CPU
		{3DD2166E-E640-4CFB-8FE2-D7B91B2B9B0B}.Debug|x64.ActiveCfg = Debug|Any CPU
		{3DD2166E-E640-4CFB-8FE2-D7B91B2B9B0B}.Debug|x64.Build.0 = Debug|Any CPU
		{3DD2166E-E640-4CFB-8FE2-D7B91B2B9B0B}.Debug|x86.ActiveCfg = Debug|Any CPU
		{3DD2166E-E640-4CFB-8FE2-D7B91B2B9B0B}.Debug|x86.Build.0 = Debug|Any CPU
		{3DD2166E-E640-4CFB-8FE2-D7B91B2B9B0B}.Release|Any CPU.ActiveCfg = Release|Any CPU
		{3DD2166E-E640-4CFB-8FE2-D7B91B2B9B0B}.Release|Any CPU.Build.0 = Release|Any CPU
		{3DD2166E-E640-4CFB-8FE2-D7B91B2B9B0B}.Release|x64.ActiveCfg = Release|Any CPU
		{3DD2166E-E640-4CFB-8FE2-D7B91B2B9B0B}.Release|x64.Build.0 = Release|Any CPU
		{3DD2166E-E640-4CFB-8FE2-D7B91B2B9B0B}.Release|x86.ActiveCfg = Release|Any CPU
		{3DD2166E-E640-4CFB-8FE2-D7B91B2B9B0B}.Release|x86.Build.0 = Release|Any CPU
		{AD5924A1-0C46-48AA-B578-F3EB237D92C0}.Debug|Any CPU.ActiveCfg = Debug|Any CPU
		{AD5924A1-0C46-48AA-B578-F3EB237D92C0}.Debug|Any CPU.Build.0 = Debug|Any CPU
		{AD5924A1-0C46-48AA-B578-F3EB237D92C0}.Debug|x64.ActiveCfg = Debug|Any CPU
		{AD5924A1-0C46-48AA-B578-F3EB237D92C0}.Debug|x64.Build.0 = Debug|Any CPU
		{AD5924A1-0C46-48AA-B578-F3EB237D92C0}.Debug|x86.ActiveCfg = Debug|Any CPU
		{AD5924A1-0C46-48AA-B578-F3EB237D92C0}.Debug|x86.Build.0 = Debug|Any CPU
		{AD5924A1-0C46-48AA-B578-F3EB237D92C0}.Release|Any CPU.ActiveCfg = Release|Any CPU
		{AD5924A1-0C46-48AA-B578-F3EB237D92C0}.Release|Any CPU.Build.0 = Release|Any CPU
		{AD5924A1-0C46-48AA-B578-F3EB237D92C0}.Release|x64.ActiveCfg = Release|Any CPU
		{AD5924A1-0C46-48AA-B578-F3EB237D92C0}.Release|x64.Build.0 = Release|Any CPU
		{AD5924A1-0C46-48AA-B578-F3EB237D92C0}.Release|x86.ActiveCfg = Release|Any CPU
		{AD5924A1-0C46-48AA-B578-F3EB237D92C0}.Release|x86.Build.0 = Release|Any CPU
	EndGlobalSection
EndGlobal
